
Microsoft Visual Studio Solution File, Format Version 12.00
# Visual Studio 14
VisualStudioVersion = 14.0.25420.1
MinimumVisualStudioVersion = 10.0.40219.1
Project("{FAE04EC0-301F-11D3-BF4B-00C04F79EFBC}") = "BlueMonkey", "BlueMonkey\BlueMonkey.csproj", "{3FD586F1-4A0F-448D-918B-5F83E1B2449C}"
EndProject
Project("{FAE04EC0-301F-11D3-BF4B-00C04F79EFBC}") = "BlueMonkey.Droid", "BlueMonkey.Droid\BlueMonkey.Droid.csproj", "{4A20AC8F-DFB8-43E5-9DF9-EDC8B22A1A22}"
EndProject
Project("{FAE04EC0-301F-11D3-BF4B-00C04F79EFBC}") = "BlueMonkey.iOS", "BlueMonkey.iOS\BlueMonkey.iOS.csproj", "{E5BE7934-7D40-461B-992C-87FCB617CC64}"
EndProject
Project("{FAE04EC0-301F-11D3-BF4B-00C04F79EFBC}") = "BlueMonkey.Business", "BlueMonkey.Business\BlueMonkey.Business.csproj", "{D96104F1-5356-4CDC-8655-26576AA8322B}"
EndProject
Project("{2150E333-8FDC-42A3-9474-1A3956D46DE8}") = "Xamarin.Forms", "Xamarin.Forms", "{AA777C4E-6848-48EF-91B6-0D7887D37A52}"
EndProject
Project("{FAE04EC0-301F-11D3-BF4B-00C04F79EFBC}") = "BlueMonkey.ExpenseServices", "BlueMonkey.ExpenseServices\BlueMonkey.ExpenseServices.csproj", "{4A7F6CFB-DD26-477A-B4F9-6BC8D2D5BE62}"
EndProject
Project("{FAE04EC0-301F-11D3-BF4B-00C04F79EFBC}") = "BlueMonkey.ExpenseServices.Local", "BlueMonkey.ExpenseServices.Local\BlueMonkey.ExpenseServices.Local.csproj", "{4BAEE00A-3F14-4CDB-A4F1-2E25EB85620B}"
EndProject
Project("{FAE04EC0-301F-11D3-BF4B-00C04F79EFBC}") = "BlueMonkey.Model", "BlueMonkey.Model\BlueMonkey.Model.csproj", "{BE7E48DE-526B-4BFA-A8BB-1699FDAD1CD1}"
EndProject
Project("{FAE04EC0-301F-11D3-BF4B-00C04F79EFBC}") = "BlueMonkey.Model.Tests", "BlueMonkey.Model.Tests\BlueMonkey.Model.Tests.csproj", "{7F6FC9C7-0D2D-488C-9FCA-18D868D8E01B}"
EndProject
Project("{FAE04EC0-301F-11D3-BF4B-00C04F79EFBC}") = "BlueMonkey.ViewModel.Tests", "BlueMonkey.ViewModel.Tests\BlueMonkey.ViewModel.Tests.csproj", "{4F6ACCEE-F00B-4677-97E8-B1BAC20A9896}"
EndProject
Project("{FAE04EC0-301F-11D3-BF4B-00C04F79EFBC}") = "BlueMonkey.TimeService", "BlueMonkey.TimeService\BlueMonkey.TimeService.csproj", "{0C6DFDB3-FEBE-4D22-A0CB-5E3B599A9342}"
EndProject
Project("{FAE04EC0-301F-11D3-BF4B-00C04F79EFBC}") = "BlueMonkey.TimeService.Tests", "BlueMonkey.TimeService.Tests\BlueMonkey.TimeService.Tests.csproj", "{2129C47A-3C95-4ABB-B3AF-A752E7D4DFEE}"
EndProject
Project("{FAE04EC0-301F-11D3-BF4B-00C04F79EFBC}") = "BlueMonkey.LoginService", "BlueMonkey.LoginService\BlueMonkey.LoginService.csproj", "{31D77FDC-1919-42A3-8035-78767C87E4A7}"
EndProject
Project("{FAE04EC0-301F-11D3-BF4B-00C04F79EFBC}") = "BlueMonkey.LoginService.Local", "BlueMonkey.LoginService.Local\BlueMonkey.LoginService.Local.csproj", "{FC6A6595-48D8-41A0-91C6-36E02FA667B1}"
EndProject
Project("{FAE04EC0-301F-11D3-BF4B-00C04F79EFBC}") = "BlueMonkey.LoginService.Azure.Droid", "BlueMonkey.LoginService.Azure.Droid\BlueMonkey.LoginService.Azure.Droid.csproj", "{8E113118-1E6E-4BD5-BD38-33DE1D6EE786}"
EndProject
Project("{FAE04EC0-301F-11D3-BF4B-00C04F79EFBC}") = "BlueMonkey.LoginService.Azure.iOS", "BlueMonkey.LoginService.Azure.iOS\BlueMonkey.LoginService.Azure.iOS.csproj", "{A2D44EFE-2D2D-4D64-B118-8C60A472886E}"
EndProject
Project("{FAE04EC0-301F-11D3-BF4B-00C04F79EFBC}") = "BlueMonkey.ExpenseServices.Azure", "BlueMonkey.ExpenseServices.Azure\BlueMonkey.ExpenseServices.Azure.csproj", "{67F9D3A8-F71E-4428-913F-C37AE82CDB24}"
EndProject
Project("{FAE04EC0-301F-11D3-BF4B-00C04F79EFBC}") = "BlueMonkey.MediaServices", "BlueMonkey.MediaServices\BlueMonkey.MediaServices.csproj", "{FB4E448D-E4D9-4839-928B-09AE414C5640}"
EndProject
Project("{D954291E-2A0B-460D-934E-DC6B0785DB48}") = "BlueMonkey.ExpenseServices.Azure.Shared", "BlueMonkey.ExpenseServices.Azure.Shared\BlueMonkey.ExpenseServices.Azure.Shared.shproj", "{DA9FA540-354C-4DEB-8896-02C11DBD6083}"
EndProject
Project("{FAE04EC0-301F-11D3-BF4B-00C04F79EFBC}") = "BlueMonkey.Tests", "BlueMonkey.Tests\BlueMonkey.Tests.csproj", "{8EF4B769-2298-4192-865C-8A665799A324}"
EndProject
Global
	GlobalSection(SharedMSBuildProjectFiles) = preSolution
		BlueMonkey.ExpenseServices.Azure.Shared\BlueMonkey.ExpenseServices.Azure.Shared.projitems*{4a20ac8f-dfb8-43e5-9df9-edc8b22a1a22}*SharedItemsImports = 4
		BlueMonkey.ExpenseServices.Azure.Shared\BlueMonkey.ExpenseServices.Azure.Shared.projitems*{da9fa540-354c-4deb-8896-02c11dbd6083}*SharedItemsImports = 13
		BlueMonkey.ExpenseServices.Azure.Shared\BlueMonkey.ExpenseServices.Azure.Shared.projitems*{e5be7934-7d40-461b-992c-87fcb617cc64}*SharedItemsImports = 4
	EndGlobalSection
	GlobalSection(SolutionConfigurationPlatforms) = preSolution
		Ad-Hoc|Any CPU = Ad-Hoc|Any CPU
		Ad-Hoc|iPhone = Ad-Hoc|iPhone
		Ad-Hoc|iPhoneSimulator = Ad-Hoc|iPhoneSimulator
		AppStore|Any CPU = AppStore|Any CPU
		AppStore|iPhone = AppStore|iPhone
		AppStore|iPhoneSimulator = AppStore|iPhoneSimulator
		Debug|Any CPU = Debug|Any CPU
		Debug|iPhone = Debug|iPhone
		Debug|iPhoneSimulator = Debug|iPhoneSimulator
		Release|Any CPU = Release|Any CPU
		Release|iPhone = Release|iPhone
		Release|iPhoneSimulator = Release|iPhoneSimulator
	EndGlobalSection
	GlobalSection(ProjectConfigurationPlatforms) = postSolution
		{3FD586F1-4A0F-448D-918B-5F83E1B2449C}.Ad-Hoc|Any CPU.ActiveCfg = Release|Any CPU
		{3FD586F1-4A0F-448D-918B-5F83E1B2449C}.Ad-Hoc|Any CPU.Build.0 = Release|Any CPU
		{3FD586F1-4A0F-448D-918B-5F83E1B2449C}.Ad-Hoc|iPhone.ActiveCfg = Release|Any CPU
		{3FD586F1-4A0F-448D-918B-5F83E1B2449C}.Ad-Hoc|iPhone.Build.0 = Release|Any CPU
		{3FD586F1-4A0F-448D-918B-5F83E1B2449C}.Ad-Hoc|iPhoneSimulator.ActiveCfg = Release|Any CPU
		{3FD586F1-4A0F-448D-918B-5F83E1B2449C}.Ad-Hoc|iPhoneSimulator.Build.0 = Release|Any CPU
		{3FD586F1-4A0F-448D-918B-5F83E1B2449C}.AppStore|Any CPU.ActiveCfg = Release|Any CPU
		{3FD586F1-4A0F-448D-918B-5F83E1B2449C}.AppStore|Any CPU.Build.0 = Release|Any CPU
		{3FD586F1-4A0F-448D-918B-5F83E1B2449C}.AppStore|iPhone.ActiveCfg = Release|Any CPU
		{3FD586F1-4A0F-448D-918B-5F83E1B2449C}.AppStore|iPhone.Build.0 = Release|Any CPU
		{3FD586F1-4A0F-448D-918B-5F83E1B2449C}.AppStore|iPhoneSimulator.ActiveCfg = Release|Any CPU
		{3FD586F1-4A0F-448D-918B-5F83E1B2449C}.AppStore|iPhoneSimulator.Build.0 = Release|Any CPU
		{3FD586F1-4A0F-448D-918B-5F83E1B2449C}.Debug|Any CPU.ActiveCfg = Debug|Any CPU
		{3FD586F1-4A0F-448D-918B-5F83E1B2449C}.Debug|Any CPU.Build.0 = Debug|Any CPU
		{3FD586F1-4A0F-448D-918B-5F83E1B2449C}.Debug|iPhone.ActiveCfg = Debug|Any CPU
		{3FD586F1-4A0F-448D-918B-5F83E1B2449C}.Debug|iPhone.Build.0 = Debug|Any CPU
		{3FD586F1-4A0F-448D-918B-5F83E1B2449C}.Debug|iPhoneSimulator.ActiveCfg = Debug|Any CPU
		{3FD586F1-4A0F-448D-918B-5F83E1B2449C}.Debug|iPhoneSimulator.Build.0 = Debug|Any CPU
		{3FD586F1-4A0F-448D-918B-5F83E1B2449C}.Release|Any CPU.ActiveCfg = Release|Any CPU
		{3FD586F1-4A0F-448D-918B-5F83E1B2449C}.Release|Any CPU.Build.0 = Release|Any CPU
		{3FD586F1-4A0F-448D-918B-5F83E1B2449C}.Release|iPhone.ActiveCfg = Release|Any CPU
		{3FD586F1-4A0F-448D-918B-5F83E1B2449C}.Release|iPhone.Build.0 = Release|Any CPU
		{3FD586F1-4A0F-448D-918B-5F83E1B2449C}.Release|iPhoneSimulator.ActiveCfg = Release|Any CPU
		{3FD586F1-4A0F-448D-918B-5F83E1B2449C}.Release|iPhoneSimulator.Build.0 = Release|Any CPU
		{4A20AC8F-DFB8-43E5-9DF9-EDC8B22A1A22}.Ad-Hoc|Any CPU.ActiveCfg = Release|Any CPU
		{4A20AC8F-DFB8-43E5-9DF9-EDC8B22A1A22}.Ad-Hoc|Any CPU.Build.0 = Release|Any CPU
		{4A20AC8F-DFB8-43E5-9DF9-EDC8B22A1A22}.Ad-Hoc|Any CPU.Deploy.0 = Release|Any CPU
		{4A20AC8F-DFB8-43E5-9DF9-EDC8B22A1A22}.Ad-Hoc|iPhone.ActiveCfg = Release|Any CPU
		{4A20AC8F-DFB8-43E5-9DF9-EDC8B22A1A22}.Ad-Hoc|iPhone.Build.0 = Release|Any CPU
		{4A20AC8F-DFB8-43E5-9DF9-EDC8B22A1A22}.Ad-Hoc|iPhone.Deploy.0 = Release|Any CPU
		{4A20AC8F-DFB8-43E5-9DF9-EDC8B22A1A22}.Ad-Hoc|iPhoneSimulator.ActiveCfg = Release|Any CPU
		{4A20AC8F-DFB8-43E5-9DF9-EDC8B22A1A22}.Ad-Hoc|iPhoneSimulator.Build.0 = Release|Any CPU
		{4A20AC8F-DFB8-43E5-9DF9-EDC8B22A1A22}.Ad-Hoc|iPhoneSimulator.Deploy.0 = Release|Any CPU
		{4A20AC8F-DFB8-43E5-9DF9-EDC8B22A1A22}.AppStore|Any CPU.ActiveCfg = Release|Any CPU
		{4A20AC8F-DFB8-43E5-9DF9-EDC8B22A1A22}.AppStore|Any CPU.Build.0 = Release|Any CPU
		{4A20AC8F-DFB8-43E5-9DF9-EDC8B22A1A22}.AppStore|Any CPU.Deploy.0 = Release|Any CPU
		{4A20AC8F-DFB8-43E5-9DF9-EDC8B22A1A22}.AppStore|iPhone.ActiveCfg = Release|Any CPU
		{4A20AC8F-DFB8-43E5-9DF9-EDC8B22A1A22}.AppStore|iPhone.Build.0 = Release|Any CPU
		{4A20AC8F-DFB8-43E5-9DF9-EDC8B22A1A22}.AppStore|iPhone.Deploy.0 = Release|Any CPU
		{4A20AC8F-DFB8-43E5-9DF9-EDC8B22A1A22}.AppStore|iPhoneSimulator.ActiveCfg = Release|Any CPU
		{4A20AC8F-DFB8-43E5-9DF9-EDC8B22A1A22}.AppStore|iPhoneSimulator.Build.0 = Release|Any CPU
		{4A20AC8F-DFB8-43E5-9DF9-EDC8B22A1A22}.AppStore|iPhoneSimulator.Deploy.0 = Release|Any CPU
		{4A20AC8F-DFB8-43E5-9DF9-EDC8B22A1A22}.Debug|Any CPU.ActiveCfg = Debug|Any CPU
		{4A20AC8F-DFB8-43E5-9DF9-EDC8B22A1A22}.Debug|Any CPU.Build.0 = Debug|Any CPU
		{4A20AC8F-DFB8-43E5-9DF9-EDC8B22A1A22}.Debug|Any CPU.Deploy.0 = Debug|Any CPU
		{4A20AC8F-DFB8-43E5-9DF9-EDC8B22A1A22}.Debug|iPhone.ActiveCfg = Debug|Any CPU
		{4A20AC8F-DFB8-43E5-9DF9-EDC8B22A1A22}.Debug|iPhone.Build.0 = Debug|Any CPU
		{4A20AC8F-DFB8-43E5-9DF9-EDC8B22A1A22}.Debug|iPhone.Deploy.0 = Debug|Any CPU
		{4A20AC8F-DFB8-43E5-9DF9-EDC8B22A1A22}.Debug|iPhoneSimulator.ActiveCfg = Debug|Any CPU
		{4A20AC8F-DFB8-43E5-9DF9-EDC8B22A1A22}.Debug|iPhoneSimulator.Build.0 = Debug|Any CPU
		{4A20AC8F-DFB8-43E5-9DF9-EDC8B22A1A22}.Debug|iPhoneSimulator.Deploy.0 = Debug|Any CPU
		{4A20AC8F-DFB8-43E5-9DF9-EDC8B22A1A22}.Release|Any CPU.ActiveCfg = Release|Any CPU
		{4A20AC8F-DFB8-43E5-9DF9-EDC8B22A1A22}.Release|Any CPU.Build.0 = Release|Any CPU
		{4A20AC8F-DFB8-43E5-9DF9-EDC8B22A1A22}.Release|Any CPU.Deploy.0 = Release|Any CPU
		{4A20AC8F-DFB8-43E5-9DF9-EDC8B22A1A22}.Release|iPhone.ActiveCfg = Release|Any CPU
		{4A20AC8F-DFB8-43E5-9DF9-EDC8B22A1A22}.Release|iPhone.Build.0 = Release|Any CPU
		{4A20AC8F-DFB8-43E5-9DF9-EDC8B22A1A22}.Release|iPhone.Deploy.0 = Release|Any CPU
		{4A20AC8F-DFB8-43E5-9DF9-EDC8B22A1A22}.Release|iPhoneSimulator.ActiveCfg = Release|Any CPU
		{4A20AC8F-DFB8-43E5-9DF9-EDC8B22A1A22}.Release|iPhoneSimulator.Build.0 = Release|Any CPU
		{4A20AC8F-DFB8-43E5-9DF9-EDC8B22A1A22}.Release|iPhoneSimulator.Deploy.0 = Release|Any CPU
		{E5BE7934-7D40-461B-992C-87FCB617CC64}.Ad-Hoc|Any CPU.ActiveCfg = Ad-Hoc|iPhone
		{E5BE7934-7D40-461B-992C-87FCB617CC64}.Ad-Hoc|iPhone.ActiveCfg = Ad-Hoc|iPhone
		{E5BE7934-7D40-461B-992C-87FCB617CC64}.Ad-Hoc|iPhone.Build.0 = Ad-Hoc|iPhone
		{E5BE7934-7D40-461B-992C-87FCB617CC64}.Ad-Hoc|iPhoneSimulator.ActiveCfg = Ad-Hoc|iPhoneSimulator
		{E5BE7934-7D40-461B-992C-87FCB617CC64}.Ad-Hoc|iPhoneSimulator.Build.0 = Ad-Hoc|iPhoneSimulator
		{E5BE7934-7D40-461B-992C-87FCB617CC64}.AppStore|Any CPU.ActiveCfg = AppStore|iPhone
		{E5BE7934-7D40-461B-992C-87FCB617CC64}.AppStore|iPhone.ActiveCfg = AppStore|iPhone
		{E5BE7934-7D40-461B-992C-87FCB617CC64}.AppStore|iPhone.Build.0 = AppStore|iPhone
		{E5BE7934-7D40-461B-992C-87FCB617CC64}.AppStore|iPhoneSimulator.ActiveCfg = AppStore|iPhoneSimulator
		{E5BE7934-7D40-461B-992C-87FCB617CC64}.AppStore|iPhoneSimulator.Build.0 = AppStore|iPhoneSimulator
		{E5BE7934-7D40-461B-992C-87FCB617CC64}.Debug|Any CPU.ActiveCfg = Debug|iPhone
		{E5BE7934-7D40-461B-992C-87FCB617CC64}.Debug|iPhone.ActiveCfg = Debug|iPhone
		{E5BE7934-7D40-461B-992C-87FCB617CC64}.Debug|iPhone.Build.0 = Debug|iPhone
		{E5BE7934-7D40-461B-992C-87FCB617CC64}.Debug|iPhoneSimulator.ActiveCfg = Debug|iPhoneSimulator
		{E5BE7934-7D40-461B-992C-87FCB617CC64}.Debug|iPhoneSimulator.Build.0 = Debug|iPhoneSimulator
		{E5BE7934-7D40-461B-992C-87FCB617CC64}.Release|Any CPU.ActiveCfg = Release|iPhone
		{E5BE7934-7D40-461B-992C-87FCB617CC64}.Release|iPhone.ActiveCfg = Release|iPhone
		{E5BE7934-7D40-461B-992C-87FCB617CC64}.Release|iPhone.Build.0 = Release|iPhone
		{E5BE7934-7D40-461B-992C-87FCB617CC64}.Release|iPhoneSimulator.ActiveCfg = Release|iPhoneSimulator
		{E5BE7934-7D40-461B-992C-87FCB617CC64}.Release|iPhoneSimulator.Build.0 = Release|iPhoneSimulator
		{D96104F1-5356-4CDC-8655-26576AA8322B}.Ad-Hoc|Any CPU.ActiveCfg = Release|Any CPU
		{D96104F1-5356-4CDC-8655-26576AA8322B}.Ad-Hoc|Any CPU.Build.0 = Release|Any CPU
		{D96104F1-5356-4CDC-8655-26576AA8322B}.Ad-Hoc|iPhone.ActiveCfg = Release|Any CPU
		{D96104F1-5356-4CDC-8655-26576AA8322B}.Ad-Hoc|iPhone.Build.0 = Release|Any CPU
		{D96104F1-5356-4CDC-8655-26576AA8322B}.Ad-Hoc|iPhoneSimulator.ActiveCfg = Release|Any CPU
		{D96104F1-5356-4CDC-8655-26576AA8322B}.Ad-Hoc|iPhoneSimulator.Build.0 = Release|Any CPU
		{D96104F1-5356-4CDC-8655-26576AA8322B}.AppStore|Any CPU.ActiveCfg = Release|Any CPU
		{D96104F1-5356-4CDC-8655-26576AA8322B}.AppStore|Any CPU.Build.0 = Release|Any CPU
		{D96104F1-5356-4CDC-8655-26576AA8322B}.AppStore|iPhone.ActiveCfg = Release|Any CPU
		{D96104F1-5356-4CDC-8655-26576AA8322B}.AppStore|iPhone.Build.0 = Release|Any CPU
		{D96104F1-5356-4CDC-8655-26576AA8322B}.AppStore|iPhoneSimulator.ActiveCfg = Release|Any CPU
		{D96104F1-5356-4CDC-8655-26576AA8322B}.AppStore|iPhoneSimulator.Build.0 = Release|Any CPU
		{D96104F1-5356-4CDC-8655-26576AA8322B}.Debug|Any CPU.ActiveCfg = Debug|Any CPU
		{D96104F1-5356-4CDC-8655-26576AA8322B}.Debug|Any CPU.Build.0 = Debug|Any CPU
		{D96104F1-5356-4CDC-8655-26576AA8322B}.Debug|iPhone.ActiveCfg = Debug|Any CPU
		{D96104F1-5356-4CDC-8655-26576AA8322B}.Debug|iPhone.Build.0 = Debug|Any CPU
		{D96104F1-5356-4CDC-8655-26576AA8322B}.Debug|iPhoneSimulator.ActiveCfg = Debug|Any CPU
		{D96104F1-5356-4CDC-8655-26576AA8322B}.Debug|iPhoneSimulator.Build.0 = Debug|Any CPU
		{D96104F1-5356-4CDC-8655-26576AA8322B}.Release|Any CPU.ActiveCfg = Release|Any CPU
		{D96104F1-5356-4CDC-8655-26576AA8322B}.Release|Any CPU.Build.0 = Release|Any CPU
		{D96104F1-5356-4CDC-8655-26576AA8322B}.Release|iPhone.ActiveCfg = Release|Any CPU
		{D96104F1-5356-4CDC-8655-26576AA8322B}.Release|iPhone.Build.0 = Release|Any CPU
		{D96104F1-5356-4CDC-8655-26576AA8322B}.Release|iPhoneSimulator.ActiveCfg = Release|Any CPU
		{D96104F1-5356-4CDC-8655-26576AA8322B}.Release|iPhoneSimulator.Build.0 = Release|Any CPU
		{4A7F6CFB-DD26-477A-B4F9-6BC8D2D5BE62}.Ad-Hoc|Any CPU.ActiveCfg = Release|Any CPU
		{4A7F6CFB-DD26-477A-B4F9-6BC8D2D5BE62}.Ad-Hoc|Any CPU.Build.0 = Release|Any CPU
		{4A7F6CFB-DD26-477A-B4F9-6BC8D2D5BE62}.Ad-Hoc|iPhone.ActiveCfg = Release|Any CPU
		{4A7F6CFB-DD26-477A-B4F9-6BC8D2D5BE62}.Ad-Hoc|iPhone.Build.0 = Release|Any CPU
		{4A7F6CFB-DD26-477A-B4F9-6BC8D2D5BE62}.Ad-Hoc|iPhoneSimulator.ActiveCfg = Release|Any CPU
		{4A7F6CFB-DD26-477A-B4F9-6BC8D2D5BE62}.Ad-Hoc|iPhoneSimulator.Build.0 = Release|Any CPU
		{4A7F6CFB-DD26-477A-B4F9-6BC8D2D5BE62}.AppStore|Any CPU.ActiveCfg = Release|Any CPU
		{4A7F6CFB-DD26-477A-B4F9-6BC8D2D5BE62}.AppStore|Any CPU.Build.0 = Release|Any CPU
		{4A7F6CFB-DD26-477A-B4F9-6BC8D2D5BE62}.AppStore|iPhone.ActiveCfg = Release|Any CPU
		{4A7F6CFB-DD26-477A-B4F9-6BC8D2D5BE62}.AppStore|iPhone.Build.0 = Release|Any CPU
		{4A7F6CFB-DD26-477A-B4F9-6BC8D2D5BE62}.AppStore|iPhoneSimulator.ActiveCfg = Release|Any CPU
		{4A7F6CFB-DD26-477A-B4F9-6BC8D2D5BE62}.AppStore|iPhoneSimulator.Build.0 = Release|Any CPU
		{4A7F6CFB-DD26-477A-B4F9-6BC8D2D5BE62}.Debug|Any CPU.ActiveCfg = Debug|Any CPU
		{4A7F6CFB-DD26-477A-B4F9-6BC8D2D5BE62}.Debug|Any CPU.Build.0 = Debug|Any CPU
		{4A7F6CFB-DD26-477A-B4F9-6BC8D2D5BE62}.Debug|iPhone.ActiveCfg = Debug|Any CPU
		{4A7F6CFB-DD26-477A-B4F9-6BC8D2D5BE62}.Debug|iPhone.Build.0 = Debug|Any CPU
		{4A7F6CFB-DD26-477A-B4F9-6BC8D2D5BE62}.Debug|iPhoneSimulator.ActiveCfg = Debug|Any CPU
		{4A7F6CFB-DD26-477A-B4F9-6BC8D2D5BE62}.Debug|iPhoneSimulator.Build.0 = Debug|Any CPU
		{4A7F6CFB-DD26-477A-B4F9-6BC8D2D5BE62}.Release|Any CPU.ActiveCfg = Release|Any CPU
		{4A7F6CFB-DD26-477A-B4F9-6BC8D2D5BE62}.Release|Any CPU.Build.0 = Release|Any CPU
		{4A7F6CFB-DD26-477A-B4F9-6BC8D2D5BE62}.Release|iPhone.ActiveCfg = Release|Any CPU
		{4A7F6CFB-DD26-477A-B4F9-6BC8D2D5BE62}.Release|iPhone.Build.0 = Release|Any CPU
		{4A7F6CFB-DD26-477A-B4F9-6BC8D2D5BE62}.Release|iPhoneSimulator.ActiveCfg = Release|Any CPU
		{4A7F6CFB-DD26-477A-B4F9-6BC8D2D5BE62}.Release|iPhoneSimulator.Build.0 = Release|Any CPU
		{4BAEE00A-3F14-4CDB-A4F1-2E25EB85620B}.Ad-Hoc|Any CPU.ActiveCfg = Release|Any CPU
		{4BAEE00A-3F14-4CDB-A4F1-2E25EB85620B}.Ad-Hoc|Any CPU.Build.0 = Release|Any CPU
		{4BAEE00A-3F14-4CDB-A4F1-2E25EB85620B}.Ad-Hoc|iPhone.ActiveCfg = Release|Any CPU
		{4BAEE00A-3F14-4CDB-A4F1-2E25EB85620B}.Ad-Hoc|iPhone.Build.0 = Release|Any CPU
		{4BAEE00A-3F14-4CDB-A4F1-2E25EB85620B}.Ad-Hoc|iPhoneSimulator.ActiveCfg = Release|Any CPU
		{4BAEE00A-3F14-4CDB-A4F1-2E25EB85620B}.Ad-Hoc|iPhoneSimulator.Build.0 = Release|Any CPU
		{4BAEE00A-3F14-4CDB-A4F1-2E25EB85620B}.AppStore|Any CPU.ActiveCfg = Release|Any CPU
		{4BAEE00A-3F14-4CDB-A4F1-2E25EB85620B}.AppStore|Any CPU.Build.0 = Release|Any CPU
		{4BAEE00A-3F14-4CDB-A4F1-2E25EB85620B}.AppStore|iPhone.ActiveCfg = Release|Any CPU
		{4BAEE00A-3F14-4CDB-A4F1-2E25EB85620B}.AppStore|iPhone.Build.0 = Release|Any CPU
		{4BAEE00A-3F14-4CDB-A4F1-2E25EB85620B}.AppStore|iPhoneSimulator.ActiveCfg = Release|Any CPU
		{4BAEE00A-3F14-4CDB-A4F1-2E25EB85620B}.AppStore|iPhoneSimulator.Build.0 = Release|Any CPU
		{4BAEE00A-3F14-4CDB-A4F1-2E25EB85620B}.Debug|Any CPU.ActiveCfg = Debug|Any CPU
		{4BAEE00A-3F14-4CDB-A4F1-2E25EB85620B}.Debug|Any CPU.Build.0 = Debug|Any CPU
		{4BAEE00A-3F14-4CDB-A4F1-2E25EB85620B}.Debug|iPhone.ActiveCfg = Debug|Any CPU
		{4BAEE00A-3F14-4CDB-A4F1-2E25EB85620B}.Debug|iPhone.Build.0 = Debug|Any CPU
		{4BAEE00A-3F14-4CDB-A4F1-2E25EB85620B}.Debug|iPhoneSimulator.ActiveCfg = Debug|Any CPU
		{4BAEE00A-3F14-4CDB-A4F1-2E25EB85620B}.Debug|iPhoneSimulator.Build.0 = Debug|Any CPU
		{4BAEE00A-3F14-4CDB-A4F1-2E25EB85620B}.Release|Any CPU.ActiveCfg = Release|Any CPU
		{4BAEE00A-3F14-4CDB-A4F1-2E25EB85620B}.Release|Any CPU.Build.0 = Release|Any CPU
		{4BAEE00A-3F14-4CDB-A4F1-2E25EB85620B}.Release|iPhone.ActiveCfg = Release|Any CPU
		{4BAEE00A-3F14-4CDB-A4F1-2E25EB85620B}.Release|iPhone.Build.0 = Release|Any CPU
		{4BAEE00A-3F14-4CDB-A4F1-2E25EB85620B}.Release|iPhoneSimulator.ActiveCfg = Release|Any CPU
		{4BAEE00A-3F14-4CDB-A4F1-2E25EB85620B}.Release|iPhoneSimulator.Build.0 = Release|Any CPU
		{BE7E48DE-526B-4BFA-A8BB-1699FDAD1CD1}.Ad-Hoc|Any CPU.ActiveCfg = Release|Any CPU
		{BE7E48DE-526B-4BFA-A8BB-1699FDAD1CD1}.Ad-Hoc|Any CPU.Build.0 = Release|Any CPU
		{BE7E48DE-526B-4BFA-A8BB-1699FDAD1CD1}.Ad-Hoc|iPhone.ActiveCfg = Release|Any CPU
		{BE7E48DE-526B-4BFA-A8BB-1699FDAD1CD1}.Ad-Hoc|iPhone.Build.0 = Release|Any CPU
		{BE7E48DE-526B-4BFA-A8BB-1699FDAD1CD1}.Ad-Hoc|iPhoneSimulator.ActiveCfg = Release|Any CPU
		{BE7E48DE-526B-4BFA-A8BB-1699FDAD1CD1}.Ad-Hoc|iPhoneSimulator.Build.0 = Release|Any CPU
		{BE7E48DE-526B-4BFA-A8BB-1699FDAD1CD1}.AppStore|Any CPU.ActiveCfg = Release|Any CPU
		{BE7E48DE-526B-4BFA-A8BB-1699FDAD1CD1}.AppStore|Any CPU.Build.0 = Release|Any CPU
		{BE7E48DE-526B-4BFA-A8BB-1699FDAD1CD1}.AppStore|iPhone.ActiveCfg = Release|Any CPU
		{BE7E48DE-526B-4BFA-A8BB-1699FDAD1CD1}.AppStore|iPhone.Build.0 = Release|Any CPU
		{BE7E48DE-526B-4BFA-A8BB-1699FDAD1CD1}.AppStore|iPhoneSimulator.ActiveCfg = Release|Any CPU
		{BE7E48DE-526B-4BFA-A8BB-1699FDAD1CD1}.AppStore|iPhoneSimulator.Build.0 = Release|Any CPU
		{BE7E48DE-526B-4BFA-A8BB-1699FDAD1CD1}.Debug|Any CPU.ActiveCfg = Debug|Any CPU
		{BE7E48DE-526B-4BFA-A8BB-1699FDAD1CD1}.Debug|Any CPU.Build.0 = Debug|Any CPU
		{BE7E48DE-526B-4BFA-A8BB-1699FDAD1CD1}.Debug|iPhone.ActiveCfg = Debug|Any CPU
		{BE7E48DE-526B-4BFA-A8BB-1699FDAD1CD1}.Debug|iPhone.Build.0 = Debug|Any CPU
		{BE7E48DE-526B-4BFA-A8BB-1699FDAD1CD1}.Debug|iPhoneSimulator.ActiveCfg = Debug|Any CPU
		{BE7E48DE-526B-4BFA-A8BB-1699FDAD1CD1}.Debug|iPhoneSimulator.Build.0 = Debug|Any CPU
		{BE7E48DE-526B-4BFA-A8BB-1699FDAD1CD1}.Release|Any CPU.ActiveCfg = Release|Any CPU
		{BE7E48DE-526B-4BFA-A8BB-1699FDAD1CD1}.Release|Any CPU.Build.0 = Release|Any CPU
		{BE7E48DE-526B-4BFA-A8BB-1699FDAD1CD1}.Release|iPhone.ActiveCfg = Release|Any CPU
		{BE7E48DE-526B-4BFA-A8BB-1699FDAD1CD1}.Release|iPhone.Build.0 = Release|Any CPU
		{BE7E48DE-526B-4BFA-A8BB-1699FDAD1CD1}.Release|iPhoneSimulator.ActiveCfg = Release|Any CPU
		{BE7E48DE-526B-4BFA-A8BB-1699FDAD1CD1}.Release|iPhoneSimulator.Build.0 = Release|Any CPU
		{7F6FC9C7-0D2D-488C-9FCA-18D868D8E01B}.Ad-Hoc|Any CPU.ActiveCfg = Release|Any CPU
		{7F6FC9C7-0D2D-488C-9FCA-18D868D8E01B}.Ad-Hoc|Any CPU.Build.0 = Release|Any CPU
		{7F6FC9C7-0D2D-488C-9FCA-18D868D8E01B}.Ad-Hoc|iPhone.ActiveCfg = Release|Any CPU
		{7F6FC9C7-0D2D-488C-9FCA-18D868D8E01B}.Ad-Hoc|iPhone.Build.0 = Release|Any CPU
		{7F6FC9C7-0D2D-488C-9FCA-18D868D8E01B}.Ad-Hoc|iPhoneSimulator.ActiveCfg = Release|Any CPU
		{7F6FC9C7-0D2D-488C-9FCA-18D868D8E01B}.Ad-Hoc|iPhoneSimulator.Build.0 = Release|Any CPU
		{7F6FC9C7-0D2D-488C-9FCA-18D868D8E01B}.AppStore|Any CPU.ActiveCfg = Release|Any CPU
		{7F6FC9C7-0D2D-488C-9FCA-18D868D8E01B}.AppStore|Any CPU.Build.0 = Release|Any CPU
		{7F6FC9C7-0D2D-488C-9FCA-18D868D8E01B}.AppStore|iPhone.ActiveCfg = Release|Any CPU
		{7F6FC9C7-0D2D-488C-9FCA-18D868D8E01B}.AppStore|iPhone.Build.0 = Release|Any CPU
		{7F6FC9C7-0D2D-488C-9FCA-18D868D8E01B}.AppStore|iPhoneSimulator.ActiveCfg = Release|Any CPU
		{7F6FC9C7-0D2D-488C-9FCA-18D868D8E01B}.AppStore|iPhoneSimulator.Build.0 = Release|Any CPU
		{7F6FC9C7-0D2D-488C-9FCA-18D868D8E01B}.Debug|Any CPU.ActiveCfg = Debug|Any CPU
		{7F6FC9C7-0D2D-488C-9FCA-18D868D8E01B}.Debug|Any CPU.Build.0 = Debug|Any CPU
		{7F6FC9C7-0D2D-488C-9FCA-18D868D8E01B}.Debug|iPhone.ActiveCfg = Debug|Any CPU
		{7F6FC9C7-0D2D-488C-9FCA-18D868D8E01B}.Debug|iPhone.Build.0 = Debug|Any CPU
		{7F6FC9C7-0D2D-488C-9FCA-18D868D8E01B}.Debug|iPhoneSimulator.ActiveCfg = Debug|Any CPU
		{7F6FC9C7-0D2D-488C-9FCA-18D868D8E01B}.Debug|iPhoneSimulator.Build.0 = Debug|Any CPU
		{7F6FC9C7-0D2D-488C-9FCA-18D868D8E01B}.Release|Any CPU.ActiveCfg = Release|Any CPU
		{7F6FC9C7-0D2D-488C-9FCA-18D868D8E01B}.Release|Any CPU.Build.0 = Release|Any CPU
		{7F6FC9C7-0D2D-488C-9FCA-18D868D8E01B}.Release|iPhone.ActiveCfg = Release|Any CPU
		{7F6FC9C7-0D2D-488C-9FCA-18D868D8E01B}.Release|iPhone.Build.0 = Release|Any CPU
		{7F6FC9C7-0D2D-488C-9FCA-18D868D8E01B}.Release|iPhoneSimulator.ActiveCfg = Release|Any CPU
		{7F6FC9C7-0D2D-488C-9FCA-18D868D8E01B}.Release|iPhoneSimulator.Build.0 = Release|Any CPU
		{4F6ACCEE-F00B-4677-97E8-B1BAC20A9896}.Ad-Hoc|Any CPU.ActiveCfg = Release|Any CPU
		{4F6ACCEE-F00B-4677-97E8-B1BAC20A9896}.Ad-Hoc|Any CPU.Build.0 = Release|Any CPU
		{4F6ACCEE-F00B-4677-97E8-B1BAC20A9896}.Ad-Hoc|iPhone.ActiveCfg = Release|Any CPU
		{4F6ACCEE-F00B-4677-97E8-B1BAC20A9896}.Ad-Hoc|iPhone.Build.0 = Release|Any CPU
		{4F6ACCEE-F00B-4677-97E8-B1BAC20A9896}.Ad-Hoc|iPhoneSimulator.ActiveCfg = Release|Any CPU
		{4F6ACCEE-F00B-4677-97E8-B1BAC20A9896}.Ad-Hoc|iPhoneSimulator.Build.0 = Release|Any CPU
		{4F6ACCEE-F00B-4677-97E8-B1BAC20A9896}.AppStore|Any CPU.ActiveCfg = Release|Any CPU
		{4F6ACCEE-F00B-4677-97E8-B1BAC20A9896}.AppStore|Any CPU.Build.0 = Release|Any CPU
		{4F6ACCEE-F00B-4677-97E8-B1BAC20A9896}.AppStore|iPhone.ActiveCfg = Release|Any CPU
		{4F6ACCEE-F00B-4677-97E8-B1BAC20A9896}.AppStore|iPhone.Build.0 = Release|Any CPU
		{4F6ACCEE-F00B-4677-97E8-B1BAC20A9896}.AppStore|iPhoneSimulator.ActiveCfg = Release|Any CPU
		{4F6ACCEE-F00B-4677-97E8-B1BAC20A9896}.AppStore|iPhoneSimulator.Build.0 = Release|Any CPU
		{4F6ACCEE-F00B-4677-97E8-B1BAC20A9896}.Debug|Any CPU.ActiveCfg = Debug|Any CPU
		{4F6ACCEE-F00B-4677-97E8-B1BAC20A9896}.Debug|Any CPU.Build.0 = Debug|Any CPU
		{4F6ACCEE-F00B-4677-97E8-B1BAC20A9896}.Debug|iPhone.ActiveCfg = Debug|Any CPU
		{4F6ACCEE-F00B-4677-97E8-B1BAC20A9896}.Debug|iPhone.Build.0 = Debug|Any CPU
		{4F6ACCEE-F00B-4677-97E8-B1BAC20A9896}.Debug|iPhoneSimulator.ActiveCfg = Debug|Any CPU
		{4F6ACCEE-F00B-4677-97E8-B1BAC20A9896}.Debug|iPhoneSimulator.Build.0 = Debug|Any CPU
		{4F6ACCEE-F00B-4677-97E8-B1BAC20A9896}.Release|Any CPU.ActiveCfg = Release|Any CPU
		{4F6ACCEE-F00B-4677-97E8-B1BAC20A9896}.Release|Any CPU.Build.0 = Release|Any CPU
		{4F6ACCEE-F00B-4677-97E8-B1BAC20A9896}.Release|iPhone.ActiveCfg = Release|Any CPU
		{4F6ACCEE-F00B-4677-97E8-B1BAC20A9896}.Release|iPhone.Build.0 = Release|Any CPU
		{4F6ACCEE-F00B-4677-97E8-B1BAC20A9896}.Release|iPhoneSimulator.ActiveCfg = Release|Any CPU
		{4F6ACCEE-F00B-4677-97E8-B1BAC20A9896}.Release|iPhoneSimulator.Build.0 = Release|Any CPU
		{0C6DFDB3-FEBE-4D22-A0CB-5E3B599A9342}.Ad-Hoc|Any CPU.ActiveCfg = Release|Any CPU
		{0C6DFDB3-FEBE-4D22-A0CB-5E3B599A9342}.Ad-Hoc|Any CPU.Build.0 = Release|Any CPU
		{0C6DFDB3-FEBE-4D22-A0CB-5E3B599A9342}.Ad-Hoc|iPhone.ActiveCfg = Release|Any CPU
		{0C6DFDB3-FEBE-4D22-A0CB-5E3B599A9342}.Ad-Hoc|iPhone.Build.0 = Release|Any CPU
		{0C6DFDB3-FEBE-4D22-A0CB-5E3B599A9342}.Ad-Hoc|iPhoneSimulator.ActiveCfg = Release|Any CPU
		{0C6DFDB3-FEBE-4D22-A0CB-5E3B599A9342}.Ad-Hoc|iPhoneSimulator.Build.0 = Release|Any CPU
		{0C6DFDB3-FEBE-4D22-A0CB-5E3B599A9342}.AppStore|Any CPU.ActiveCfg = Release|Any CPU
		{0C6DFDB3-FEBE-4D22-A0CB-5E3B599A9342}.AppStore|Any CPU.Build.0 = Release|Any CPU
		{0C6DFDB3-FEBE-4D22-A0CB-5E3B599A9342}.AppStore|iPhone.ActiveCfg = Release|Any CPU
		{0C6DFDB3-FEBE-4D22-A0CB-5E3B599A9342}.AppStore|iPhone.Build.0 = Release|Any CPU
		{0C6DFDB3-FEBE-4D22-A0CB-5E3B599A9342}.AppStore|iPhoneSimulator.ActiveCfg = Release|Any CPU
		{0C6DFDB3-FEBE-4D22-A0CB-5E3B599A9342}.AppStore|iPhoneSimulator.Build.0 = Release|Any CPU
		{0C6DFDB3-FEBE-4D22-A0CB-5E3B599A9342}.Debug|Any CPU.ActiveCfg = Debug|Any CPU
		{0C6DFDB3-FEBE-4D22-A0CB-5E3B599A9342}.Debug|Any CPU.Build.0 = Debug|Any CPU
		{0C6DFDB3-FEBE-4D22-A0CB-5E3B599A9342}.Debug|iPhone.ActiveCfg = Debug|Any CPU
		{0C6DFDB3-FEBE-4D22-A0CB-5E3B599A9342}.Debug|iPhone.Build.0 = Debug|Any CPU
		{0C6DFDB3-FEBE-4D22-A0CB-5E3B599A9342}.Debug|iPhoneSimulator.ActiveCfg = Debug|Any CPU
		{0C6DFDB3-FEBE-4D22-A0CB-5E3B599A9342}.Debug|iPhoneSimulator.Build.0 = Debug|Any CPU
		{0C6DFDB3-FEBE-4D22-A0CB-5E3B599A9342}.Release|Any CPU.ActiveCfg = Release|Any CPU
		{0C6DFDB3-FEBE-4D22-A0CB-5E3B599A9342}.Release|Any CPU.Build.0 = Release|Any CPU
		{0C6DFDB3-FEBE-4D22-A0CB-5E3B599A9342}.Release|iPhone.ActiveCfg = Release|Any CPU
		{0C6DFDB3-FEBE-4D22-A0CB-5E3B599A9342}.Release|iPhone.Build.0 = Release|Any CPU
		{0C6DFDB3-FEBE-4D22-A0CB-5E3B599A9342}.Release|iPhoneSimulator.ActiveCfg = Release|Any CPU
		{0C6DFDB3-FEBE-4D22-A0CB-5E3B599A9342}.Release|iPhoneSimulator.Build.0 = Release|Any CPU
		{2129C47A-3C95-4ABB-B3AF-A752E7D4DFEE}.Ad-Hoc|Any CPU.ActiveCfg = Release|Any CPU
		{2129C47A-3C95-4ABB-B3AF-A752E7D4DFEE}.Ad-Hoc|Any CPU.Build.0 = Release|Any CPU
		{2129C47A-3C95-4ABB-B3AF-A752E7D4DFEE}.Ad-Hoc|iPhone.ActiveCfg = Release|Any CPU
		{2129C47A-3C95-4ABB-B3AF-A752E7D4DFEE}.Ad-Hoc|iPhone.Build.0 = Release|Any CPU
		{2129C47A-3C95-4ABB-B3AF-A752E7D4DFEE}.Ad-Hoc|iPhoneSimulator.ActiveCfg = Release|Any CPU
		{2129C47A-3C95-4ABB-B3AF-A752E7D4DFEE}.Ad-Hoc|iPhoneSimulator.Build.0 = Release|Any CPU
		{2129C47A-3C95-4ABB-B3AF-A752E7D4DFEE}.AppStore|Any CPU.ActiveCfg = Release|Any CPU
		{2129C47A-3C95-4ABB-B3AF-A752E7D4DFEE}.AppStore|Any CPU.Build.0 = Release|Any CPU
		{2129C47A-3C95-4ABB-B3AF-A752E7D4DFEE}.AppStore|iPhone.ActiveCfg = Release|Any CPU
		{2129C47A-3C95-4ABB-B3AF-A752E7D4DFEE}.AppStore|iPhone.Build.0 = Release|Any CPU
		{2129C47A-3C95-4ABB-B3AF-A752E7D4DFEE}.AppStore|iPhoneSimulator.ActiveCfg = Release|Any CPU
		{2129C47A-3C95-4ABB-B3AF-A752E7D4DFEE}.AppStore|iPhoneSimulator.Build.0 = Release|Any CPU
		{2129C47A-3C95-4ABB-B3AF-A752E7D4DFEE}.Debug|Any CPU.ActiveCfg = Debug|Any CPU
		{2129C47A-3C95-4ABB-B3AF-A752E7D4DFEE}.Debug|Any CPU.Build.0 = Debug|Any CPU
		{2129C47A-3C95-4ABB-B3AF-A752E7D4DFEE}.Debug|iPhone.ActiveCfg = Debug|Any CPU
		{2129C47A-3C95-4ABB-B3AF-A752E7D4DFEE}.Debug|iPhone.Build.0 = Debug|Any CPU
		{2129C47A-3C95-4ABB-B3AF-A752E7D4DFEE}.Debug|iPhoneSimulator.ActiveCfg = Debug|Any CPU
		{2129C47A-3C95-4ABB-B3AF-A752E7D4DFEE}.Debug|iPhoneSimulator.Build.0 = Debug|Any CPU
		{2129C47A-3C95-4ABB-B3AF-A752E7D4DFEE}.Release|Any CPU.ActiveCfg = Release|Any CPU
		{2129C47A-3C95-4ABB-B3AF-A752E7D4DFEE}.Release|Any CPU.Build.0 = Release|Any CPU
		{2129C47A-3C95-4ABB-B3AF-A752E7D4DFEE}.Release|iPhone.ActiveCfg = Release|Any CPU
		{2129C47A-3C95-4ABB-B3AF-A752E7D4DFEE}.Release|iPhone.Build.0 = Release|Any CPU
		{2129C47A-3C95-4ABB-B3AF-A752E7D4DFEE}.Release|iPhoneSimulator.ActiveCfg = Release|Any CPU
		{2129C47A-3C95-4ABB-B3AF-A752E7D4DFEE}.Release|iPhoneSimulator.Build.0 = Release|Any CPU
		{31D77FDC-1919-42A3-8035-78767C87E4A7}.Ad-Hoc|Any CPU.ActiveCfg = Release|Any CPU
		{31D77FDC-1919-42A3-8035-78767C87E4A7}.Ad-Hoc|Any CPU.Build.0 = Release|Any CPU
		{31D77FDC-1919-42A3-8035-78767C87E4A7}.Ad-Hoc|iPhone.ActiveCfg = Release|Any CPU
		{31D77FDC-1919-42A3-8035-78767C87E4A7}.Ad-Hoc|iPhone.Build.0 = Release|Any CPU
		{31D77FDC-1919-42A3-8035-78767C87E4A7}.Ad-Hoc|iPhoneSimulator.ActiveCfg = Release|Any CPU
		{31D77FDC-1919-42A3-8035-78767C87E4A7}.Ad-Hoc|iPhoneSimulator.Build.0 = Release|Any CPU
		{31D77FDC-1919-42A3-8035-78767C87E4A7}.AppStore|Any CPU.ActiveCfg = Release|Any CPU
		{31D77FDC-1919-42A3-8035-78767C87E4A7}.AppStore|Any CPU.Build.0 = Release|Any CPU
		{31D77FDC-1919-42A3-8035-78767C87E4A7}.AppStore|iPhone.ActiveCfg = Release|Any CPU
		{31D77FDC-1919-42A3-8035-78767C87E4A7}.AppStore|iPhone.Build.0 = Release|Any CPU
		{31D77FDC-1919-42A3-8035-78767C87E4A7}.AppStore|iPhoneSimulator.ActiveCfg = Release|Any CPU
		{31D77FDC-1919-42A3-8035-78767C87E4A7}.AppStore|iPhoneSimulator.Build.0 = Release|Any CPU
		{31D77FDC-1919-42A3-8035-78767C87E4A7}.Debug|Any CPU.ActiveCfg = Debug|Any CPU
		{31D77FDC-1919-42A3-8035-78767C87E4A7}.Debug|Any CPU.Build.0 = Debug|Any CPU
		{31D77FDC-1919-42A3-8035-78767C87E4A7}.Debug|iPhone.ActiveCfg = Debug|Any CPU
		{31D77FDC-1919-42A3-8035-78767C87E4A7}.Debug|iPhone.Build.0 = Debug|Any CPU
		{31D77FDC-1919-42A3-8035-78767C87E4A7}.Debug|iPhoneSimulator.ActiveCfg = Debug|Any CPU
		{31D77FDC-1919-42A3-8035-78767C87E4A7}.Debug|iPhoneSimulator.Build.0 = Debug|Any CPU
		{31D77FDC-1919-42A3-8035-78767C87E4A7}.Release|Any CPU.ActiveCfg = Release|Any CPU
		{31D77FDC-1919-42A3-8035-78767C87E4A7}.Release|Any CPU.Build.0 = Release|Any CPU
		{31D77FDC-1919-42A3-8035-78767C87E4A7}.Release|iPhone.ActiveCfg = Release|Any CPU
		{31D77FDC-1919-42A3-8035-78767C87E4A7}.Release|iPhone.Build.0 = Release|Any CPU
		{31D77FDC-1919-42A3-8035-78767C87E4A7}.Release|iPhoneSimulator.ActiveCfg = Release|Any CPU
		{31D77FDC-1919-42A3-8035-78767C87E4A7}.Release|iPhoneSimulator.Build.0 = Release|Any CPU
		{FC6A6595-48D8-41A0-91C6-36E02FA667B1}.Ad-Hoc|Any CPU.ActiveCfg = Release|Any CPU
		{FC6A6595-48D8-41A0-91C6-36E02FA667B1}.Ad-Hoc|Any CPU.Build.0 = Release|Any CPU
		{FC6A6595-48D8-41A0-91C6-36E02FA667B1}.Ad-Hoc|iPhone.ActiveCfg = Release|Any CPU
		{FC6A6595-48D8-41A0-91C6-36E02FA667B1}.Ad-Hoc|iPhone.Build.0 = Release|Any CPU
		{FC6A6595-48D8-41A0-91C6-36E02FA667B1}.Ad-Hoc|iPhoneSimulator.ActiveCfg = Release|Any CPU
		{FC6A6595-48D8-41A0-91C6-36E02FA667B1}.Ad-Hoc|iPhoneSimulator.Build.0 = Release|Any CPU
		{FC6A6595-48D8-41A0-91C6-36E02FA667B1}.AppStore|Any CPU.ActiveCfg = Release|Any CPU
		{FC6A6595-48D8-41A0-91C6-36E02FA667B1}.AppStore|Any CPU.Build.0 = Release|Any CPU
		{FC6A6595-48D8-41A0-91C6-36E02FA667B1}.AppStore|iPhone.ActiveCfg = Release|Any CPU
		{FC6A6595-48D8-41A0-91C6-36E02FA667B1}.AppStore|iPhone.Build.0 = Release|Any CPU
		{FC6A6595-48D8-41A0-91C6-36E02FA667B1}.AppStore|iPhoneSimulator.ActiveCfg = Release|Any CPU
		{FC6A6595-48D8-41A0-91C6-36E02FA667B1}.AppStore|iPhoneSimulator.Build.0 = Release|Any CPU
		{FC6A6595-48D8-41A0-91C6-36E02FA667B1}.Debug|Any CPU.ActiveCfg = Debug|Any CPU
		{FC6A6595-48D8-41A0-91C6-36E02FA667B1}.Debug|Any CPU.Build.0 = Debug|Any CPU
		{FC6A6595-48D8-41A0-91C6-36E02FA667B1}.Debug|iPhone.ActiveCfg = Debug|Any CPU
		{FC6A6595-48D8-41A0-91C6-36E02FA667B1}.Debug|iPhone.Build.0 = Debug|Any CPU
		{FC6A6595-48D8-41A0-91C6-36E02FA667B1}.Debug|iPhoneSimulator.ActiveCfg = Debug|Any CPU
		{FC6A6595-48D8-41A0-91C6-36E02FA667B1}.Debug|iPhoneSimulator.Build.0 = Debug|Any CPU
		{FC6A6595-48D8-41A0-91C6-36E02FA667B1}.Release|Any CPU.ActiveCfg = Release|Any CPU
		{FC6A6595-48D8-41A0-91C6-36E02FA667B1}.Release|Any CPU.Build.0 = Release|Any CPU
		{FC6A6595-48D8-41A0-91C6-36E02FA667B1}.Release|iPhone.ActiveCfg = Release|Any CPU
		{FC6A6595-48D8-41A0-91C6-36E02FA667B1}.Release|iPhone.Build.0 = Release|Any CPU
		{FC6A6595-48D8-41A0-91C6-36E02FA667B1}.Release|iPhoneSimulator.ActiveCfg = Release|Any CPU
		{FC6A6595-48D8-41A0-91C6-36E02FA667B1}.Release|iPhoneSimulator.Build.0 = Release|Any CPU
		{8E113118-1E6E-4BD5-BD38-33DE1D6EE786}.Ad-Hoc|Any CPU.ActiveCfg = Release|Any CPU
		{8E113118-1E6E-4BD5-BD38-33DE1D6EE786}.Ad-Hoc|Any CPU.Build.0 = Release|Any CPU
		{8E113118-1E6E-4BD5-BD38-33DE1D6EE786}.Ad-Hoc|iPhone.ActiveCfg = Release|Any CPU
		{8E113118-1E6E-4BD5-BD38-33DE1D6EE786}.Ad-Hoc|iPhone.Build.0 = Release|Any CPU
		{8E113118-1E6E-4BD5-BD38-33DE1D6EE786}.Ad-Hoc|iPhoneSimulator.ActiveCfg = Release|Any CPU
		{8E113118-1E6E-4BD5-BD38-33DE1D6EE786}.Ad-Hoc|iPhoneSimulator.Build.0 = Release|Any CPU
		{8E113118-1E6E-4BD5-BD38-33DE1D6EE786}.AppStore|Any CPU.ActiveCfg = Release|Any CPU
		{8E113118-1E6E-4BD5-BD38-33DE1D6EE786}.AppStore|Any CPU.Build.0 = Release|Any CPU
		{8E113118-1E6E-4BD5-BD38-33DE1D6EE786}.AppStore|iPhone.ActiveCfg = Release|Any CPU
		{8E113118-1E6E-4BD5-BD38-33DE1D6EE786}.AppStore|iPhone.Build.0 = Release|Any CPU
		{8E113118-1E6E-4BD5-BD38-33DE1D6EE786}.AppStore|iPhoneSimulator.ActiveCfg = Release|Any CPU
		{8E113118-1E6E-4BD5-BD38-33DE1D6EE786}.AppStore|iPhoneSimulator.Build.0 = Release|Any CPU
		{8E113118-1E6E-4BD5-BD38-33DE1D6EE786}.Debug|Any CPU.ActiveCfg = Debug|Any CPU
		{8E113118-1E6E-4BD5-BD38-33DE1D6EE786}.Debug|Any CPU.Build.0 = Debug|Any CPU
		{8E113118-1E6E-4BD5-BD38-33DE1D6EE786}.Debug|iPhone.ActiveCfg = Debug|Any CPU
		{8E113118-1E6E-4BD5-BD38-33DE1D6EE786}.Debug|iPhone.Build.0 = Debug|Any CPU
		{8E113118-1E6E-4BD5-BD38-33DE1D6EE786}.Debug|iPhoneSimulator.ActiveCfg = Debug|Any CPU
		{8E113118-1E6E-4BD5-BD38-33DE1D6EE786}.Debug|iPhoneSimulator.Build.0 = Debug|Any CPU
		{8E113118-1E6E-4BD5-BD38-33DE1D6EE786}.Release|Any CPU.ActiveCfg = Release|Any CPU
		{8E113118-1E6E-4BD5-BD38-33DE1D6EE786}.Release|Any CPU.Build.0 = Release|Any CPU
		{8E113118-1E6E-4BD5-BD38-33DE1D6EE786}.Release|iPhone.ActiveCfg = Release|Any CPU
		{8E113118-1E6E-4BD5-BD38-33DE1D6EE786}.Release|iPhone.Build.0 = Release|Any CPU
		{8E113118-1E6E-4BD5-BD38-33DE1D6EE786}.Release|iPhoneSimulator.ActiveCfg = Release|Any CPU
		{8E113118-1E6E-4BD5-BD38-33DE1D6EE786}.Release|iPhoneSimulator.Build.0 = Release|Any CPU
		{A2D44EFE-2D2D-4D64-B118-8C60A472886E}.Ad-Hoc|Any CPU.ActiveCfg = Release|Any CPU
		{A2D44EFE-2D2D-4D64-B118-8C60A472886E}.Ad-Hoc|Any CPU.Build.0 = Release|Any CPU
		{A2D44EFE-2D2D-4D64-B118-8C60A472886E}.Ad-Hoc|iPhone.ActiveCfg = Release|Any CPU
		{A2D44EFE-2D2D-4D64-B118-8C60A472886E}.Ad-Hoc|iPhone.Build.0 = Release|Any CPU
		{A2D44EFE-2D2D-4D64-B118-8C60A472886E}.Ad-Hoc|iPhoneSimulator.ActiveCfg = Release|Any CPU
		{A2D44EFE-2D2D-4D64-B118-8C60A472886E}.Ad-Hoc|iPhoneSimulator.Build.0 = Release|Any CPU
		{A2D44EFE-2D2D-4D64-B118-8C60A472886E}.AppStore|Any CPU.ActiveCfg = Release|Any CPU
		{A2D44EFE-2D2D-4D64-B118-8C60A472886E}.AppStore|Any CPU.Build.0 = Release|Any CPU
		{A2D44EFE-2D2D-4D64-B118-8C60A472886E}.AppStore|iPhone.ActiveCfg = Release|Any CPU
		{A2D44EFE-2D2D-4D64-B118-8C60A472886E}.AppStore|iPhone.Build.0 = Release|Any CPU
		{A2D44EFE-2D2D-4D64-B118-8C60A472886E}.AppStore|iPhoneSimulator.ActiveCfg = Release|Any CPU
		{A2D44EFE-2D2D-4D64-B118-8C60A472886E}.AppStore|iPhoneSimulator.Build.0 = Release|Any CPU
		{A2D44EFE-2D2D-4D64-B118-8C60A472886E}.Debug|Any CPU.ActiveCfg = Debug|Any CPU
		{A2D44EFE-2D2D-4D64-B118-8C60A472886E}.Debug|Any CPU.Build.0 = Debug|Any CPU
		{A2D44EFE-2D2D-4D64-B118-8C60A472886E}.Debug|iPhone.ActiveCfg = Debug|Any CPU
		{A2D44EFE-2D2D-4D64-B118-8C60A472886E}.Debug|iPhone.Build.0 = Debug|Any CPU
		{A2D44EFE-2D2D-4D64-B118-8C60A472886E}.Debug|iPhoneSimulator.ActiveCfg = Debug|Any CPU
		{A2D44EFE-2D2D-4D64-B118-8C60A472886E}.Debug|iPhoneSimulator.Build.0 = Debug|Any CPU
		{A2D44EFE-2D2D-4D64-B118-8C60A472886E}.Release|Any CPU.ActiveCfg = Release|Any CPU
		{A2D44EFE-2D2D-4D64-B118-8C60A472886E}.Release|Any CPU.Build.0 = Release|Any CPU
		{A2D44EFE-2D2D-4D64-B118-8C60A472886E}.Release|iPhone.ActiveCfg = Release|Any CPU
		{A2D44EFE-2D2D-4D64-B118-8C60A472886E}.Release|iPhone.Build.0 = Release|Any CPU
		{A2D44EFE-2D2D-4D64-B118-8C60A472886E}.Release|iPhoneSimulator.ActiveCfg = Release|Any CPU
		{A2D44EFE-2D2D-4D64-B118-8C60A472886E}.Release|iPhoneSimulator.Build.0 = Release|Any CPU
		{67F9D3A8-F71E-4428-913F-C37AE82CDB24}.Ad-Hoc|Any CPU.ActiveCfg = Release|Any CPU
		{67F9D3A8-F71E-4428-913F-C37AE82CDB24}.Ad-Hoc|Any CPU.Build.0 = Release|Any CPU
		{67F9D3A8-F71E-4428-913F-C37AE82CDB24}.Ad-Hoc|iPhone.ActiveCfg = Release|Any CPU
		{67F9D3A8-F71E-4428-913F-C37AE82CDB24}.Ad-Hoc|iPhone.Build.0 = Release|Any CPU
		{67F9D3A8-F71E-4428-913F-C37AE82CDB24}.Ad-Hoc|iPhoneSimulator.ActiveCfg = Release|Any CPU
		{67F9D3A8-F71E-4428-913F-C37AE82CDB24}.Ad-Hoc|iPhoneSimulator.Build.0 = Release|Any CPU
		{67F9D3A8-F71E-4428-913F-C37AE82CDB24}.AppStore|Any CPU.ActiveCfg = Release|Any CPU
		{67F9D3A8-F71E-4428-913F-C37AE82CDB24}.AppStore|Any CPU.Build.0 = Release|Any CPU
		{67F9D3A8-F71E-4428-913F-C37AE82CDB24}.AppStore|iPhone.ActiveCfg = Release|Any CPU
		{67F9D3A8-F71E-4428-913F-C37AE82CDB24}.AppStore|iPhone.Build.0 = Release|Any CPU
		{67F9D3A8-F71E-4428-913F-C37AE82CDB24}.AppStore|iPhoneSimulator.ActiveCfg = Release|Any CPU
		{67F9D3A8-F71E-4428-913F-C37AE82CDB24}.AppStore|iPhoneSimulator.Build.0 = Release|Any CPU
		{67F9D3A8-F71E-4428-913F-C37AE82CDB24}.Debug|Any CPU.ActiveCfg = Debug|Any CPU
		{67F9D3A8-F71E-4428-913F-C37AE82CDB24}.Debug|Any CPU.Build.0 = Debug|Any CPU
		{67F9D3A8-F71E-4428-913F-C37AE82CDB24}.Debug|iPhone.ActiveCfg = Debug|Any CPU
		{67F9D3A8-F71E-4428-913F-C37AE82CDB24}.Debug|iPhone.Build.0 = Debug|Any CPU
		{67F9D3A8-F71E-4428-913F-C37AE82CDB24}.Debug|iPhoneSimulator.ActiveCfg = Debug|Any CPU
		{67F9D3A8-F71E-4428-913F-C37AE82CDB24}.Debug|iPhoneSimulator.Build.0 = Debug|Any CPU
		{67F9D3A8-F71E-4428-913F-C37AE82CDB24}.Release|Any CPU.ActiveCfg = Release|Any CPU
		{67F9D3A8-F71E-4428-913F-C37AE82CDB24}.Release|Any CPU.Build.0 = Release|Any CPU
		{67F9D3A8-F71E-4428-913F-C37AE82CDB24}.Release|iPhone.ActiveCfg = Release|Any CPU
		{67F9D3A8-F71E-4428-913F-C37AE82CDB24}.Release|iPhone.Build.0 = Release|Any CPU
		{67F9D3A8-F71E-4428-913F-C37AE82CDB24}.Release|iPhoneSimulator.ActiveCfg = Release|Any CPU
		{67F9D3A8-F71E-4428-913F-C37AE82CDB24}.Release|iPhoneSimulator.Build.0 = Release|Any CPU
		{FB4E448D-E4D9-4839-928B-09AE414C5640}.Ad-Hoc|Any CPU.ActiveCfg = Release|Any CPU
		{FB4E448D-E4D9-4839-928B-09AE414C5640}.Ad-Hoc|Any CPU.Build.0 = Release|Any CPU
		{FB4E448D-E4D9-4839-928B-09AE414C5640}.Ad-Hoc|iPhone.ActiveCfg = Release|Any CPU
		{FB4E448D-E4D9-4839-928B-09AE414C5640}.Ad-Hoc|iPhone.Build.0 = Release|Any CPU
		{FB4E448D-E4D9-4839-928B-09AE414C5640}.Ad-Hoc|iPhoneSimulator.ActiveCfg = Release|Any CPU
		{FB4E448D-E4D9-4839-928B-09AE414C5640}.Ad-Hoc|iPhoneSimulator.Build.0 = Release|Any CPU
		{FB4E448D-E4D9-4839-928B-09AE414C5640}.AppStore|Any CPU.ActiveCfg = Release|Any CPU
		{FB4E448D-E4D9-4839-928B-09AE414C5640}.AppStore|Any CPU.Build.0 = Release|Any CPU
		{FB4E448D-E4D9-4839-928B-09AE414C5640}.AppStore|iPhone.ActiveCfg = Release|Any CPU
		{FB4E448D-E4D9-4839-928B-09AE414C5640}.AppStore|iPhone.Build.0 = Release|Any CPU
		{FB4E448D-E4D9-4839-928B-09AE414C5640}.AppStore|iPhoneSimulator.ActiveCfg = Release|Any CPU
		{FB4E448D-E4D9-4839-928B-09AE414C5640}.AppStore|iPhoneSimulator.Build.0 = Release|Any CPU
		{FB4E448D-E4D9-4839-928B-09AE414C5640}.Debug|Any CPU.ActiveCfg = Debug|Any CPU
		{FB4E448D-E4D9-4839-928B-09AE414C5640}.Debug|Any CPU.Build.0 = Debug|Any CPU
		{FB4E448D-E4D9-4839-928B-09AE414C5640}.Debug|iPhone.ActiveCfg = Debug|Any CPU
		{FB4E448D-E4D9-4839-928B-09AE414C5640}.Debug|iPhone.Build.0 = Debug|Any CPU
		{FB4E448D-E4D9-4839-928B-09AE414C5640}.Debug|iPhoneSimulator.ActiveCfg = Debug|Any CPU
		{FB4E448D-E4D9-4839-928B-09AE414C5640}.Debug|iPhoneSimulator.Build.0 = Debug|Any CPU
		{FB4E448D-E4D9-4839-928B-09AE414C5640}.Release|Any CPU.ActiveCfg = Release|Any CPU
		{FB4E448D-E4D9-4839-928B-09AE414C5640}.Release|Any CPU.Build.0 = Release|Any CPU
		{FB4E448D-E4D9-4839-928B-09AE414C5640}.Release|iPhone.ActiveCfg = Release|Any CPU
		{FB4E448D-E4D9-4839-928B-09AE414C5640}.Release|iPhone.Build.0 = Release|Any CPU
		{FB4E448D-E4D9-4839-928B-09AE414C5640}.Release|iPhoneSimulator.ActiveCfg = Release|Any CPU
		{FB4E448D-E4D9-4839-928B-09AE414C5640}.Release|iPhoneSimulator.Build.0 = Release|Any CPU
		{8EF4B769-2298-4192-865C-8A665799A324}.Ad-Hoc|Any CPU.ActiveCfg = Release|Any CPU
		{8EF4B769-2298-4192-865C-8A665799A324}.Ad-Hoc|Any CPU.Build.0 = Release|Any CPU
		{8EF4B769-2298-4192-865C-8A665799A324}.Ad-Hoc|iPhone.ActiveCfg = Release|Any CPU
		{8EF4B769-2298-4192-865C-8A665799A324}.Ad-Hoc|iPhone.Build.0 = Release|Any CPU
		{8EF4B769-2298-4192-865C-8A665799A324}.Ad-Hoc|iPhoneSimulator.ActiveCfg = Release|Any CPU
		{8EF4B769-2298-4192-865C-8A665799A324}.Ad-Hoc|iPhoneSimulator.Build.0 = Release|Any CPU
		{8EF4B769-2298-4192-865C-8A665799A324}.AppStore|Any CPU.ActiveCfg = Release|Any CPU
		{8EF4B769-2298-4192-865C-8A665799A324}.AppStore|Any CPU.Build.0 = Release|Any CPU
		{8EF4B769-2298-4192-865C-8A665799A324}.AppStore|iPhone.ActiveCfg = Release|Any CPU
		{8EF4B769-2298-4192-865C-8A665799A324}.AppStore|iPhone.Build.0 = Release|Any CPU
		{8EF4B769-2298-4192-865C-8A665799A324}.AppStore|iPhoneSimulator.ActiveCfg = Release|Any CPU
		{8EF4B769-2298-4192-865C-8A665799A324}.AppStore|iPhoneSimulator.Build.0 = Release|Any CPU
		{8EF4B769-2298-4192-865C-8A665799A324}.Debug|Any CPU.ActiveCfg = Debug|Any CPU
		{8EF4B769-2298-4192-865C-8A665799A324}.Debug|Any CPU.Build.0 = Debug|Any CPU
		{8EF4B769-2298-4192-865C-8A665799A324}.Debug|iPhone.ActiveCfg = Debug|Any CPU
		{8EF4B769-2298-4192-865C-8A665799A324}.Debug|iPhone.Build.0 = Debug|Any CPU
		{8EF4B769-2298-4192-865C-8A665799A324}.Debug|iPhoneSimulator.ActiveCfg = Debug|Any CPU
		{8EF4B769-2298-4192-865C-8A665799A324}.Debug|iPhoneSimulator.Build.0 = Debug|Any CPU
		{8EF4B769-2298-4192-865C-8A665799A324}.Release|Any CPU.ActiveCfg = Release|Any CPU
		{8EF4B769-2298-4192-865C-8A665799A324}.Release|Any CPU.Build.0 = Release|Any CPU
		{8EF4B769-2298-4192-865C-8A665799A324}.Release|iPhone.ActiveCfg = Release|Any CPU
		{8EF4B769-2298-4192-865C-8A665799A324}.Release|iPhone.Build.0 = Release|Any CPU
		{8EF4B769-2298-4192-865C-8A665799A324}.Release|iPhoneSimulator.ActiveCfg = Release|Any CPU
		{8EF4B769-2298-4192-865C-8A665799A324}.Release|iPhoneSimulator.Build.0 = Release|Any CPU
	EndGlobalSection
	GlobalSection(SolutionProperties) = preSolution
		HideSolutionNode = FALSE
	EndGlobalSection
	GlobalSection(NestedProjects) = preSolution
		{3FD586F1-4A0F-448D-918B-5F83E1B2449C} = {AA777C4E-6848-48EF-91B6-0D7887D37A52}
		{4A20AC8F-DFB8-43E5-9DF9-EDC8B22A1A22} = {AA777C4E-6848-48EF-91B6-0D7887D37A52}
		{E5BE7934-7D40-461B-992C-87FCB617CC64} = {AA777C4E-6848-48EF-91B6-0D7887D37A52}
		{4F6ACCEE-F00B-4677-97E8-B1BAC20A9896} = {AA777C4E-6848-48EF-91B6-0D7887D37A52}
		{8EF4B769-2298-4192-865C-8A665799A324} = {AA777C4E-6848-48EF-91B6-0D7887D37A52}
	EndGlobalSection
EndGlobal
