
Microsoft Visual Studio Solution File, Format Version 12.00
# Visual Studio 14
VisualStudioVersion = 14.0.25420.1
MinimumVisualStudioVersion = 10.0.40219.1
Project("{FAE04EC0-301F-11D3-BF4B-00C04F79EFBC}") = "BlueMonkey", "BlueMonkey\BlueMonkey.csproj", "{3FD586F1-4A0F-448D-918B-5F83E1B2449C}"
EndProject
Project("{FAE04EC0-301F-11D3-BF4B-00C04F79EFBC}") = "BlueMonkey.Droid", "BlueMonkey.Droid\BlueMonkey.Droid.csproj", "{4A20AC8F-DFB8-43E5-9DF9-EDC8B22A1A22}"
EndProject
Project("{FAE04EC0-301F-11D3-BF4B-00C04F79EFBC}") = "BlueMonkey.iOS", "BlueMonkey.iOS\BlueMonkey.iOS.csproj", "{E5BE7934-7D40-461B-992C-87FCB617CC64}"
EndProject
Project("{FAE04EC0-301F-11D3-BF4B-00C04F79EFBC}") = "BlueMonkey.Business", "BlueMonkey.Business\BlueMonkey.Business.csproj", "{D96104F1-5356-4CDC-8655-26576AA8322B}"
EndProject
Project("{2150E333-8FDC-42A3-9474-1A3956D46DE8}") = "Xamarin.Forms", "Xamarin.Forms", "{AA777C4E-6848-48EF-91B6-0D7887D37A52}"
EndProject
Project("{FAE04EC0-301F-11D3-BF4B-00C04F79EFBC}") = "BlueMonkey.ExpenceServices", "BlueMonkey.ExpenceServices\BlueMonkey.ExpenceServices.csproj", "{4A7F6CFB-DD26-477A-B4F9-6BC8D2D5BE62}"
EndProject
Project("{FAE04EC0-301F-11D3-BF4B-00C04F79EFBC}") = "BlueMonkey.ExpenceServices.Local", "BlueMonkey.ExpenceServices.Local\BlueMonkey.ExpenceServices.Local.csproj", "{4BAEE00A-3F14-4CDB-A4F1-2E25EB85620B}"
EndProject
Global
	GlobalSection(SolutionConfigurationPlatforms) = preSolution
		Ad-Hoc|Any CPU = Ad-Hoc|Any CPU
		Ad-Hoc|iPhone = Ad-Hoc|iPhone
		Ad-Hoc|iPhoneSimulator = Ad-Hoc|iPhoneSimulator
		AppStore|Any CPU = AppStore|Any CPU
		AppStore|iPhone = AppStore|iPhone
		AppStore|iPhoneSimulator = AppStore|iPhoneSimulator
		Debug|Any CPU = Debug|Any CPU
		Debug|iPhone = Debug|iPhone
		Debug|iPhoneSimulator = Debug|iPhoneSimulator
		Release|Any CPU = Release|Any CPU
		Release|iPhone = Release|iPhone
		Release|iPhoneSimulator = Release|iPhoneSimulator
	EndGlobalSection
	GlobalSection(ProjectConfigurationPlatforms) = postSolution
		{3FD586F1-4A0F-448D-918B-5F83E1B2449C}.Ad-Hoc|Any CPU.ActiveCfg = Release|Any CPU
		{3FD586F1-4A0F-448D-918B-5F83E1B2449C}.Ad-Hoc|Any CPU.Build.0 = Release|Any CPU
		{3FD586F1-4A0F-448D-918B-5F83E1B2449C}.Ad-Hoc|iPhone.ActiveCfg = Release|Any CPU
		{3FD586F1-4A0F-448D-918B-5F83E1B2449C}.Ad-Hoc|iPhone.Build.0 = Release|Any CPU
		{3FD586F1-4A0F-448D-918B-5F83E1B2449C}.Ad-Hoc|iPhoneSimulator.ActiveCfg = Release|Any CPU
		{3FD586F1-4A0F-448D-918B-5F83E1B2449C}.Ad-Hoc|iPhoneSimulator.Build.0 = Release|Any CPU
		{3FD586F1-4A0F-448D-918B-5F83E1B2449C}.AppStore|Any CPU.ActiveCfg = Release|Any CPU
		{3FD586F1-4A0F-448D-918B-5F83E1B2449C}.AppStore|Any CPU.Build.0 = Release|Any CPU
		{3FD586F1-4A0F-448D-918B-5F83E1B2449C}.AppStore|iPhone.ActiveCfg = Release|Any CPU
		{3FD586F1-4A0F-448D-918B-5F83E1B2449C}.AppStore|iPhone.Build.0 = Release|Any CPU
		{3FD586F1-4A0F-448D-918B-5F83E1B2449C}.AppStore|iPhoneSimulator.ActiveCfg = Release|Any CPU
		{3FD586F1-4A0F-448D-918B-5F83E1B2449C}.AppStore|iPhoneSimulator.Build.0 = Release|Any CPU
		{3FD586F1-4A0F-448D-918B-5F83E1B2449C}.Debug|Any CPU.ActiveCfg = Debug|Any CPU
		{3FD586F1-4A0F-448D-918B-5F83E1B2449C}.Debug|Any CPU.Build.0 = Debug|Any CPU
		{3FD586F1-4A0F-448D-918B-5F83E1B2449C}.Debug|iPhone.ActiveCfg = Debug|Any CPU
		{3FD586F1-4A0F-448D-918B-5F83E1B2449C}.Debug|iPhone.Build.0 = Debug|Any CPU
		{3FD586F1-4A0F-448D-918B-5F83E1B2449C}.Debug|iPhoneSimulator.ActiveCfg = Debug|Any CPU
		{3FD586F1-4A0F-448D-918B-5F83E1B2449C}.Debug|iPhoneSimulator.Build.0 = Debug|Any CPU
		{3FD586F1-4A0F-448D-918B-5F83E1B2449C}.Release|Any CPU.ActiveCfg = Release|Any CPU
		{3FD586F1-4A0F-448D-918B-5F83E1B2449C}.Release|Any CPU.Build.0 = Release|Any CPU
		{3FD586F1-4A0F-448D-918B-5F83E1B2449C}.Release|iPhone.ActiveCfg = Release|Any CPU
		{3FD586F1-4A0F-448D-918B-5F83E1B2449C}.Release|iPhone.Build.0 = Release|Any CPU
		{3FD586F1-4A0F-448D-918B-5F83E1B2449C}.Release|iPhoneSimulator.ActiveCfg = Release|Any CPU
		{3FD586F1-4A0F-448D-918B-5F83E1B2449C}.Release|iPhoneSimulator.Build.0 = Release|Any CPU
		{4A20AC8F-DFB8-43E5-9DF9-EDC8B22A1A22}.Ad-Hoc|Any CPU.ActiveCfg = Release|Any CPU
		{4A20AC8F-DFB8-43E5-9DF9-EDC8B22A1A22}.Ad-Hoc|Any CPU.Build.0 = Release|Any CPU
		{4A20AC8F-DFB8-43E5-9DF9-EDC8B22A1A22}.Ad-Hoc|Any CPU.Deploy.0 = Release|Any CPU
		{4A20AC8F-DFB8-43E5-9DF9-EDC8B22A1A22}.Ad-Hoc|iPhone.ActiveCfg = Release|Any CPU
		{4A20AC8F-DFB8-43E5-9DF9-EDC8B22A1A22}.Ad-Hoc|iPhone.Build.0 = Release|Any CPU
		{4A20AC8F-DFB8-43E5-9DF9-EDC8B22A1A22}.Ad-Hoc|iPhone.Deploy.0 = Release|Any CPU
		{4A20AC8F-DFB8-43E5-9DF9-EDC8B22A1A22}.Ad-Hoc|iPhoneSimulator.ActiveCfg = Release|Any CPU
		{4A20AC8F-DFB8-43E5-9DF9-EDC8B22A1A22}.Ad-Hoc|iPhoneSimulator.Build.0 = Release|Any CPU
		{4A20AC8F-DFB8-43E5-9DF9-EDC8B22A1A22}.Ad-Hoc|iPhoneSimulator.Deploy.0 = Release|Any CPU
		{4A20AC8F-DFB8-43E5-9DF9-EDC8B22A1A22}.AppStore|Any CPU.ActiveCfg = Release|Any CPU
		{4A20AC8F-DFB8-43E5-9DF9-EDC8B22A1A22}.AppStore|Any CPU.Build.0 = Release|Any CPU
		{4A20AC8F-DFB8-43E5-9DF9-EDC8B22A1A22}.AppStore|Any CPU.Deploy.0 = Release|Any CPU
		{4A20AC8F-DFB8-43E5-9DF9-EDC8B22A1A22}.AppStore|iPhone.ActiveCfg = Release|Any CPU
		{4A20AC8F-DFB8-43E5-9DF9-EDC8B22A1A22}.AppStore|iPhone.Build.0 = Release|Any CPU
		{4A20AC8F-DFB8-43E5-9DF9-EDC8B22A1A22}.AppStore|iPhone.Deploy.0 = Release|Any CPU
		{4A20AC8F-DFB8-43E5-9DF9-EDC8B22A1A22}.AppStore|iPhoneSimulator.ActiveCfg = Release|Any CPU
		{4A20AC8F-DFB8-43E5-9DF9-EDC8B22A1A22}.AppStore|iPhoneSimulator.Build.0 = Release|Any CPU
		{4A20AC8F-DFB8-43E5-9DF9-EDC8B22A1A22}.AppStore|iPhoneSimulator.Deploy.0 = Release|Any CPU
		{4A20AC8F-DFB8-43E5-9DF9-EDC8B22A1A22}.Debug|Any CPU.ActiveCfg = Debug|Any CPU
		{4A20AC8F-DFB8-43E5-9DF9-EDC8B22A1A22}.Debug|Any CPU.Build.0 = Debug|Any CPU
		{4A20AC8F-DFB8-43E5-9DF9-EDC8B22A1A22}.Debug|Any CPU.Deploy.0 = Debug|Any CPU
		{4A20AC8F-DFB8-43E5-9DF9-EDC8B22A1A22}.Debug|iPhone.ActiveCfg = Debug|Any CPU
		{4A20AC8F-DFB8-43E5-9DF9-EDC8B22A1A22}.Debug|iPhone.Build.0 = Debug|Any CPU
		{4A20AC8F-DFB8-43E5-9DF9-EDC8B22A1A22}.Debug|iPhone.Deploy.0 = Debug|Any CPU
		{4A20AC8F-DFB8-43E5-9DF9-EDC8B22A1A22}.Debug|iPhoneSimulator.ActiveCfg = Debug|Any CPU
		{4A20AC8F-DFB8-43E5-9DF9-EDC8B22A1A22}.Debug|iPhoneSimulator.Build.0 = Debug|Any CPU
		{4A20AC8F-DFB8-43E5-9DF9-EDC8B22A1A22}.Debug|iPhoneSimulator.Deploy.0 = Debug|Any CPU
		{4A20AC8F-DFB8-43E5-9DF9-EDC8B22A1A22}.Release|Any CPU.ActiveCfg = Release|Any CPU
		{4A20AC8F-DFB8-43E5-9DF9-EDC8B22A1A22}.Release|Any CPU.Build.0 = Release|Any CPU
		{4A20AC8F-DFB8-43E5-9DF9-EDC8B22A1A22}.Release|Any CPU.Deploy.0 = Release|Any CPU
		{4A20AC8F-DFB8-43E5-9DF9-EDC8B22A1A22}.Release|iPhone.ActiveCfg = Release|Any CPU
		{4A20AC8F-DFB8-43E5-9DF9-EDC8B22A1A22}.Release|iPhone.Build.0 = Release|Any CPU
		{4A20AC8F-DFB8-43E5-9DF9-EDC8B22A1A22}.Release|iPhone.Deploy.0 = Release|Any CPU
		{4A20AC8F-DFB8-43E5-9DF9-EDC8B22A1A22}.Release|iPhoneSimulator.ActiveCfg = Release|Any CPU
		{4A20AC8F-DFB8-43E5-9DF9-EDC8B22A1A22}.Release|iPhoneSimulator.Build.0 = Release|Any CPU
		{4A20AC8F-DFB8-43E5-9DF9-EDC8B22A1A22}.Release|iPhoneSimulator.Deploy.0 = Release|Any CPU
		{E5BE7934-7D40-461B-992C-87FCB617CC64}.Ad-Hoc|Any CPU.ActiveCfg = Ad-Hoc|iPhone
		{E5BE7934-7D40-461B-992C-87FCB617CC64}.Ad-Hoc|iPhone.ActiveCfg = Ad-Hoc|iPhone
		{E5BE7934-7D40-461B-992C-87FCB617CC64}.Ad-Hoc|iPhone.Build.0 = Ad-Hoc|iPhone
		{E5BE7934-7D40-461B-992C-87FCB617CC64}.Ad-Hoc|iPhoneSimulator.ActiveCfg = Ad-Hoc|iPhoneSimulator
		{E5BE7934-7D40-461B-992C-87FCB617CC64}.Ad-Hoc|iPhoneSimulator.Build.0 = Ad-Hoc|iPhoneSimulator
		{E5BE7934-7D40-461B-992C-87FCB617CC64}.AppStore|Any CPU.ActiveCfg = AppStore|iPhone
		{E5BE7934-7D40-461B-992C-87FCB617CC64}.AppStore|iPhone.ActiveCfg = AppStore|iPhone
		{E5BE7934-7D40-461B-992C-87FCB617CC64}.AppStore|iPhone.Build.0 = AppStore|iPhone
		{E5BE7934-7D40-461B-992C-87FCB617CC64}.AppStore|iPhoneSimulator.ActiveCfg = AppStore|iPhoneSimulator
		{E5BE7934-7D40-461B-992C-87FCB617CC64}.AppStore|iPhoneSimulator.Build.0 = AppStore|iPhoneSimulator
		{E5BE7934-7D40-461B-992C-87FCB617CC64}.Debug|Any CPU.ActiveCfg = Debug|iPhone
		{E5BE7934-7D40-461B-992C-87FCB617CC64}.Debug|iPhone.ActiveCfg = Debug|iPhone
		{E5BE7934-7D40-461B-992C-87FCB617CC64}.Debug|iPhone.Build.0 = Debug|iPhone
		{E5BE7934-7D40-461B-992C-87FCB617CC64}.Debug|iPhoneSimulator.ActiveCfg = Debug|iPhoneSimulator
		{E5BE7934-7D40-461B-992C-87FCB617CC64}.Debug|iPhoneSimulator.Build.0 = Debug|iPhoneSimulator
		{E5BE7934-7D40-461B-992C-87FCB617CC64}.Release|Any CPU.ActiveCfg = Release|iPhone
		{E5BE7934-7D40-461B-992C-87FCB617CC64}.Release|iPhone.ActiveCfg = Release|iPhone
		{E5BE7934-7D40-461B-992C-87FCB617CC64}.Release|iPhone.Build.0 = Release|iPhone
		{E5BE7934-7D40-461B-992C-87FCB617CC64}.Release|iPhoneSimulator.ActiveCfg = Release|iPhoneSimulator
		{E5BE7934-7D40-461B-992C-87FCB617CC64}.Release|iPhoneSimulator.Build.0 = Release|iPhoneSimulator
		{D96104F1-5356-4CDC-8655-26576AA8322B}.Ad-Hoc|Any CPU.ActiveCfg = Release|Any CPU
		{D96104F1-5356-4CDC-8655-26576AA8322B}.Ad-Hoc|Any CPU.Build.0 = Release|Any CPU
		{D96104F1-5356-4CDC-8655-26576AA8322B}.Ad-Hoc|iPhone.ActiveCfg = Release|Any CPU
		{D96104F1-5356-4CDC-8655-26576AA8322B}.Ad-Hoc|iPhone.Build.0 = Release|Any CPU
		{D96104F1-5356-4CDC-8655-26576AA8322B}.Ad-Hoc|iPhoneSimulator.ActiveCfg = Release|Any CPU
		{D96104F1-5356-4CDC-8655-26576AA8322B}.Ad-Hoc|iPhoneSimulator.Build.0 = Release|Any CPU
		{D96104F1-5356-4CDC-8655-26576AA8322B}.AppStore|Any CPU.ActiveCfg = Release|Any CPU
		{D96104F1-5356-4CDC-8655-26576AA8322B}.AppStore|Any CPU.Build.0 = Release|Any CPU
		{D96104F1-5356-4CDC-8655-26576AA8322B}.AppStore|iPhone.ActiveCfg = Release|Any CPU
		{D96104F1-5356-4CDC-8655-26576AA8322B}.AppStore|iPhone.Build.0 = Release|Any CPU
		{D96104F1-5356-4CDC-8655-26576AA8322B}.AppStore|iPhoneSimulator.ActiveCfg = Release|Any CPU
		{D96104F1-5356-4CDC-8655-26576AA8322B}.AppStore|iPhoneSimulator.Build.0 = Release|Any CPU
		{D96104F1-5356-4CDC-8655-26576AA8322B}.Debug|Any CPU.ActiveCfg = Debug|Any CPU
		{D96104F1-5356-4CDC-8655-26576AA8322B}.Debug|Any CPU.Build.0 = Debug|Any CPU
		{D96104F1-5356-4CDC-8655-26576AA8322B}.Debug|iPhone.ActiveCfg = Debug|Any CPU
		{D96104F1-5356-4CDC-8655-26576AA8322B}.Debug|iPhone.Build.0 = Debug|Any CPU
		{D96104F1-5356-4CDC-8655-26576AA8322B}.Debug|iPhoneSimulator.ActiveCfg = Debug|Any CPU
		{D96104F1-5356-4CDC-8655-26576AA8322B}.Debug|iPhoneSimulator.Build.0 = Debug|Any CPU
		{D96104F1-5356-4CDC-8655-26576AA8322B}.Release|Any CPU.ActiveCfg = Release|Any CPU
		{D96104F1-5356-4CDC-8655-26576AA8322B}.Release|Any CPU.Build.0 = Release|Any CPU
		{D96104F1-5356-4CDC-8655-26576AA8322B}.Release|iPhone.ActiveCfg = Release|Any CPU
		{D96104F1-5356-4CDC-8655-26576AA8322B}.Release|iPhone.Build.0 = Release|Any CPU
		{D96104F1-5356-4CDC-8655-26576AA8322B}.Release|iPhoneSimulator.ActiveCfg = Release|Any CPU
		{D96104F1-5356-4CDC-8655-26576AA8322B}.Release|iPhoneSimulator.Build.0 = Release|Any CPU
		{4A7F6CFB-DD26-477A-B4F9-6BC8D2D5BE62}.Ad-Hoc|Any CPU.ActiveCfg = Release|Any CPU
		{4A7F6CFB-DD26-477A-B4F9-6BC8D2D5BE62}.Ad-Hoc|Any CPU.Build.0 = Release|Any CPU
		{4A7F6CFB-DD26-477A-B4F9-6BC8D2D5BE62}.Ad-Hoc|iPhone.ActiveCfg = Release|Any CPU
		{4A7F6CFB-DD26-477A-B4F9-6BC8D2D5BE62}.Ad-Hoc|iPhone.Build.0 = Release|Any CPU
		{4A7F6CFB-DD26-477A-B4F9-6BC8D2D5BE62}.Ad-Hoc|iPhoneSimulator.ActiveCfg = Release|Any CPU
		{4A7F6CFB-DD26-477A-B4F9-6BC8D2D5BE62}.Ad-Hoc|iPhoneSimulator.Build.0 = Release|Any CPU
		{4A7F6CFB-DD26-477A-B4F9-6BC8D2D5BE62}.AppStore|Any CPU.ActiveCfg = Release|Any CPU
		{4A7F6CFB-DD26-477A-B4F9-6BC8D2D5BE62}.AppStore|Any CPU.Build.0 = Release|Any CPU
		{4A7F6CFB-DD26-477A-B4F9-6BC8D2D5BE62}.AppStore|iPhone.ActiveCfg = Release|Any CPU
		{4A7F6CFB-DD26-477A-B4F9-6BC8D2D5BE62}.AppStore|iPhone.Build.0 = Release|Any CPU
		{4A7F6CFB-DD26-477A-B4F9-6BC8D2D5BE62}.AppStore|iPhoneSimulator.ActiveCfg = Release|Any CPU
		{4A7F6CFB-DD26-477A-B4F9-6BC8D2D5BE62}.AppStore|iPhoneSimulator.Build.0 = Release|Any CPU
		{4A7F6CFB-DD26-477A-B4F9-6BC8D2D5BE62}.Debug|Any CPU.ActiveCfg = Debug|Any CPU
		{4A7F6CFB-DD26-477A-B4F9-6BC8D2D5BE62}.Debug|Any CPU.Build.0 = Debug|Any CPU
		{4A7F6CFB-DD26-477A-B4F9-6BC8D2D5BE62}.Debug|iPhone.ActiveCfg = Debug|Any CPU
		{4A7F6CFB-DD26-477A-B4F9-6BC8D2D5BE62}.Debug|iPhone.Build.0 = Debug|Any CPU
		{4A7F6CFB-DD26-477A-B4F9-6BC8D2D5BE62}.Debug|iPhoneSimulator.ActiveCfg = Debug|Any CPU
		{4A7F6CFB-DD26-477A-B4F9-6BC8D2D5BE62}.Debug|iPhoneSimulator.Build.0 = Debug|Any CPU
		{4A7F6CFB-DD26-477A-B4F9-6BC8D2D5BE62}.Release|Any CPU.ActiveCfg = Release|Any CPU
		{4A7F6CFB-DD26-477A-B4F9-6BC8D2D5BE62}.Release|Any CPU.Build.0 = Release|Any CPU
		{4A7F6CFB-DD26-477A-B4F9-6BC8D2D5BE62}.Release|iPhone.ActiveCfg = Release|Any CPU
		{4A7F6CFB-DD26-477A-B4F9-6BC8D2D5BE62}.Release|iPhone.Build.0 = Release|Any CPU
		{4A7F6CFB-DD26-477A-B4F9-6BC8D2D5BE62}.Release|iPhoneSimulator.ActiveCfg = Release|Any CPU
		{4A7F6CFB-DD26-477A-B4F9-6BC8D2D5BE62}.Release|iPhoneSimulator.Build.0 = Release|Any CPU
		{4BAEE00A-3F14-4CDB-A4F1-2E25EB85620B}.Ad-Hoc|Any CPU.ActiveCfg = Release|Any CPU
		{4BAEE00A-3F14-4CDB-A4F1-2E25EB85620B}.Ad-Hoc|Any CPU.Build.0 = Release|Any CPU
		{4BAEE00A-3F14-4CDB-A4F1-2E25EB85620B}.Ad-Hoc|iPhone.ActiveCfg = Release|Any CPU
		{4BAEE00A-3F14-4CDB-A4F1-2E25EB85620B}.Ad-Hoc|iPhone.Build.0 = Release|Any CPU
		{4BAEE00A-3F14-4CDB-A4F1-2E25EB85620B}.Ad-Hoc|iPhoneSimulator.ActiveCfg = Release|Any CPU
		{4BAEE00A-3F14-4CDB-A4F1-2E25EB85620B}.Ad-Hoc|iPhoneSimulator.Build.0 = Release|Any CPU
		{4BAEE00A-3F14-4CDB-A4F1-2E25EB85620B}.AppStore|Any CPU.ActiveCfg = Release|Any CPU
		{4BAEE00A-3F14-4CDB-A4F1-2E25EB85620B}.AppStore|Any CPU.Build.0 = Release|Any CPU
		{4BAEE00A-3F14-4CDB-A4F1-2E25EB85620B}.AppStore|iPhone.ActiveCfg = Release|Any CPU
		{4BAEE00A-3F14-4CDB-A4F1-2E25EB85620B}.AppStore|iPhone.Build.0 = Release|Any CPU
		{4BAEE00A-3F14-4CDB-A4F1-2E25EB85620B}.AppStore|iPhoneSimulator.ActiveCfg = Release|Any CPU
		{4BAEE00A-3F14-4CDB-A4F1-2E25EB85620B}.AppStore|iPhoneSimulator.Build.0 = Release|Any CPU
		{4BAEE00A-3F14-4CDB-A4F1-2E25EB85620B}.Debug|Any CPU.ActiveCfg = Debug|Any CPU
		{4BAEE00A-3F14-4CDB-A4F1-2E25EB85620B}.Debug|Any CPU.Build.0 = Debug|Any CPU
		{4BAEE00A-3F14-4CDB-A4F1-2E25EB85620B}.Debug|iPhone.ActiveCfg = Debug|Any CPU
		{4BAEE00A-3F14-4CDB-A4F1-2E25EB85620B}.Debug|iPhone.Build.0 = Debug|Any CPU
		{4BAEE00A-3F14-4CDB-A4F1-2E25EB85620B}.Debug|iPhoneSimulator.ActiveCfg = Debug|Any CPU
		{4BAEE00A-3F14-4CDB-A4F1-2E25EB85620B}.Debug|iPhoneSimulator.Build.0 = Debug|Any CPU
		{4BAEE00A-3F14-4CDB-A4F1-2E25EB85620B}.Release|Any CPU.ActiveCfg = Release|Any CPU
		{4BAEE00A-3F14-4CDB-A4F1-2E25EB85620B}.Release|Any CPU.Build.0 = Release|Any CPU
		{4BAEE00A-3F14-4CDB-A4F1-2E25EB85620B}.Release|iPhone.ActiveCfg = Release|Any CPU
		{4BAEE00A-3F14-4CDB-A4F1-2E25EB85620B}.Release|iPhone.Build.0 = Release|Any CPU
		{4BAEE00A-3F14-4CDB-A4F1-2E25EB85620B}.Release|iPhoneSimulator.ActiveCfg = Release|Any CPU
		{4BAEE00A-3F14-4CDB-A4F1-2E25EB85620B}.Release|iPhoneSimulator.Build.0 = Release|Any CPU
	EndGlobalSection
	GlobalSection(SolutionProperties) = preSolution
		HideSolutionNode = FALSE
	EndGlobalSection
	GlobalSection(NestedProjects) = preSolution
		{3FD586F1-4A0F-448D-918B-5F83E1B2449C} = {AA777C4E-6848-48EF-91B6-0D7887D37A52}
		{4A20AC8F-DFB8-43E5-9DF9-EDC8B22A1A22} = {AA777C4E-6848-48EF-91B6-0D7887D37A52}
		{E5BE7934-7D40-461B-992C-87FCB617CC64} = {AA777C4E-6848-48EF-91B6-0D7887D37A52}
	EndGlobalSection
EndGlobal
