
Microsoft Visual Studio Solution File, Format Version 12.00
# Visual Studio 15
VisualStudioVersion = 15.0.27004.2006
MinimumVisualStudioVersion = 10.0.40219.1
Project("{FAE04EC0-301F-11D3-BF4B-00C04F79EFBC}") = "BlueMonkey.iOS", "BlueMonkey.iOS\BlueMonkey.iOS.csproj", "{C0477BA2-9B12-4D23-9FF4-E9B06FFD706D}"
EndProject
Project("{FAE04EC0-301F-11D3-BF4B-00C04F79EFBC}") = "BlueMonkey.UWP", "BlueMonkey.UWP\BlueMonkey.UWP.csproj", "{6446AC5E-FE0D-44CE-AFD2-AD745431E40C}"
EndProject
Project("{9A19103F-16F7-4668-BE54-9A1E7A4F7556}") = "BlueMonkey.ViewModels", "BlueMonkey.ViewModels\BlueMonkey.ViewModels.csproj", "{68FF6952-3334-470C-9F8A-52A7280FDDEE}"
EndProject
Project("{2150E333-8FDC-42A3-9474-1A3956D46DE8}") = "1.Views", "1.Views", "{D7C91E04-4A7E-47E0-922A-4355CC09F9E5}"
EndProject
Project("{2150E333-8FDC-42A3-9474-1A3956D46DE8}") = "2.ViewModels", "2.ViewModels", "{BC581BF3-DC27-4987-A782-AC10C084475F}"
EndProject
Project("{2150E333-8FDC-42A3-9474-1A3956D46DE8}") = "4.Platforms", "4.Platforms", "{7394AEA0-435F-40A3-8D9A-5F5613C8E077}"
EndProject
Project("{9A19103F-16F7-4668-BE54-9A1E7A4F7556}") = "BlueMonkey.Views", "BlueMonkey.Views\BlueMonkey.Views.csproj", "{69C02C88-ECBF-43ED-935B-CD36C60223AC}"
EndProject
Project("{9A19103F-16F7-4668-BE54-9A1E7A4F7556}") = "BlueMonkey", "BlueMonkey\BlueMonkey.csproj", "{14FF9942-4CB3-4686-9F99-0BF0C0C0E0CD}"
EndProject
Project("{9A19103F-16F7-4668-BE54-9A1E7A4F7556}") = "BlueMonkey.Transaction", "BlueMonkey.Transaction\BlueMonkey.Transaction.csproj", "{97B5D6AB-AE4D-446E-AEB7-87FBF4698E25}"
EndProject
Project("{9A19103F-16F7-4668-BE54-9A1E7A4F7556}") = "BlueMonkey.Transaction.Unity", "BlueMonkey.Transaction.Unity\BlueMonkey.Transaction.Unity.csproj", "{60660A55-490F-441C-83DA-7C7BE961DC9A}"
EndProject
Project("{FAE04EC0-301F-11D3-BF4B-00C04F79EFBC}") = "BlueMonkey.Transaction.Unity.Tests", "BlueMonkey.Transaction.Unity.Tests\BlueMonkey.Transaction.Unity.Tests.csproj", "{F01021F9-7391-4E79-A091-F9F28690A067}"
EndProject
Project("{2150E333-8FDC-42A3-9474-1A3956D46DE8}") = "3.Models", "3.Models", "{EF377E3D-2EA7-476C-8710-AA2D03F396B7}"
EndProject
Project("{2150E333-8FDC-42A3-9474-1A3956D46DE8}") = "1.Usecases", "1.Usecases", "{4742382E-734B-48D7-B132-44239C563204}"
EndProject
Project("{2150E333-8FDC-42A3-9474-1A3956D46DE8}") = "2.Services", "2.Services", "{3F49782D-9777-46A0-8C2D-66F08FD80576}"
EndProject
Project("{9A19103F-16F7-4668-BE54-9A1E7A4F7556}") = "BlueMonkey.Usecases", "BlueMonkey.Usecases\BlueMonkey.Usecases.csproj", "{E15EB742-D35B-435E-89B4-F5AA620FBA5E}"
EndProject
Project("{9A19103F-16F7-4668-BE54-9A1E7A4F7556}") = "BlueMonkey.TimeService", "BlueMonkey.TimeService\BlueMonkey.TimeService.csproj", "{E1169BB5-5DA1-4BFC-9F2E-313538178A73}"
EndProject
Project("{FAE04EC0-301F-11D3-BF4B-00C04F79EFBC}") = "BlueMonkey.TimeService.Tests", "BlueMonkey.TimeService.Tests\BlueMonkey.TimeService.Tests.csproj", "{38CD9749-54EB-4C6E-BB44-A212BECAA2D0}"
EndProject
Project("{9A19103F-16F7-4668-BE54-9A1E7A4F7556}") = "BlueMonkey.MediaServices", "BlueMonkey.MediaServices\BlueMonkey.MediaServices.csproj", "{A942A1B1-D1A0-4447-ADDC-D683E733C3E5}"
EndProject
Project("{FAE04EC0-301F-11D3-BF4B-00C04F79EFBC}") = "BlueMonkey.MediaServices.Tests", "BlueMonkey.MediaServices.Tests\BlueMonkey.MediaServices.Tests.csproj", "{420C052B-634B-4600-AAAF-B7BB5EBC7D62}"
EndProject
Project("{9A19103F-16F7-4668-BE54-9A1E7A4F7556}") = "BlueMonkey.LoginService", "BlueMonkey.LoginService\BlueMonkey.LoginService.csproj", "{A520B2FC-527F-477A-950B-5C49AD87BF39}"
EndProject
Project("{FAE04EC0-301F-11D3-BF4B-00C04F79EFBC}") = "BlueMonkey.LoginService.Azure.Droid", "BlueMonkey.LoginService.Azure.Droid\BlueMonkey.LoginService.Azure.Droid.csproj", "{C1123965-0FC6-4BDF-A401-312387CDCB5A}"
EndProject
Project("{FAE04EC0-301F-11D3-BF4B-00C04F79EFBC}") = "BlueMonkey.LoginService.Azure.iOS", "BlueMonkey.LoginService.Azure.iOS\BlueMonkey.LoginService.Azure.iOS.csproj", "{429D5642-B8E9-4354-8C55-D38F942084B8}"
EndProject
Project("{9A19103F-16F7-4668-BE54-9A1E7A4F7556}") = "BlueMonkey.ExpenseServices", "BlueMonkey.ExpenseServices\BlueMonkey.ExpenseServices.csproj", "{BBB973B0-F7B7-4248-940F-5E35CFE0CB0B}"
EndProject
Project("{9A19103F-16F7-4668-BE54-9A1E7A4F7556}") = "BlueMonkey.ExpenseServices.Local", "BlueMonkey.ExpenseServices.Local\BlueMonkey.ExpenseServices.Local.csproj", "{65AA5C18-5C96-4F92-AD56-127B4A5C1073}"
EndProject
Project("{FAE04EC0-301F-11D3-BF4B-00C04F79EFBC}") = "BlueMonkey.Android", "BlueMonkey.Android\BlueMonkey.Android.csproj", "{D8BBC9D4-77A8-428F-A77C-AE9D0CB9E748}"
EndProject
Project("{FAE04EC0-301F-11D3-BF4B-00C04F79EFBC}") = "BlueMonkey.Usecases.Tests", "BlueMonkey.Usecases.Tests\BlueMonkey.Usecases.Tests.csproj", "{E10583BD-F557-4C77-908F-61960C2A16FF}"
EndProject
Project("{FAE04EC0-301F-11D3-BF4B-00C04F79EFBC}") = "BlueMonkey.ViewModels.Tests", "BlueMonkey.ViewModels.Tests\BlueMonkey.ViewModels.Tests.csproj", "{1EDB5795-CA6D-410A-BBFF-72E1B64C0821}"
EndProject
Global
	GlobalSection(SolutionConfigurationPlatforms) = preSolution
		Ad-Hoc|Any CPU = Ad-Hoc|Any CPU
		Ad-Hoc|ARM = Ad-Hoc|ARM
		Ad-Hoc|iPhone = Ad-Hoc|iPhone
		Ad-Hoc|iPhoneSimulator = Ad-Hoc|iPhoneSimulator
		Ad-Hoc|x64 = Ad-Hoc|x64
		Ad-Hoc|x86 = Ad-Hoc|x86
		AppStore|Any CPU = AppStore|Any CPU
		AppStore|ARM = AppStore|ARM
		AppStore|iPhone = AppStore|iPhone
		AppStore|iPhoneSimulator = AppStore|iPhoneSimulator
		AppStore|x64 = AppStore|x64
		AppStore|x86 = AppStore|x86
		Debug|Any CPU = Debug|Any CPU
		Debug|ARM = Debug|ARM
		Debug|iPhone = Debug|iPhone
		Debug|iPhoneSimulator = Debug|iPhoneSimulator
		Debug|x64 = Debug|x64
		Debug|x86 = Debug|x86
		Release|Any CPU = Release|Any CPU
		Release|ARM = Release|ARM
		Release|iPhone = Release|iPhone
		Release|iPhoneSimulator = Release|iPhoneSimulator
		Release|x64 = Release|x64
		Release|x86 = Release|x86
	EndGlobalSection
	GlobalSection(ProjectConfigurationPlatforms) = postSolution
		{C0477BA2-9B12-4D23-9FF4-E9B06FFD706D}.Ad-Hoc|Any CPU.ActiveCfg = Ad-Hoc|iPhone
		{C0477BA2-9B12-4D23-9FF4-E9B06FFD706D}.Ad-Hoc|ARM.ActiveCfg = Ad-Hoc|iPhone
		{C0477BA2-9B12-4D23-9FF4-E9B06FFD706D}.Ad-Hoc|iPhone.ActiveCfg = Ad-Hoc|iPhone
		{C0477BA2-9B12-4D23-9FF4-E9B06FFD706D}.Ad-Hoc|iPhone.Build.0 = Ad-Hoc|iPhone
		{C0477BA2-9B12-4D23-9FF4-E9B06FFD706D}.Ad-Hoc|iPhoneSimulator.ActiveCfg = Ad-Hoc|iPhoneSimulator
		{C0477BA2-9B12-4D23-9FF4-E9B06FFD706D}.Ad-Hoc|iPhoneSimulator.Build.0 = Ad-Hoc|iPhoneSimulator
		{C0477BA2-9B12-4D23-9FF4-E9B06FFD706D}.Ad-Hoc|x64.ActiveCfg = Ad-Hoc|iPhone
		{C0477BA2-9B12-4D23-9FF4-E9B06FFD706D}.Ad-Hoc|x86.ActiveCfg = Ad-Hoc|iPhone
		{C0477BA2-9B12-4D23-9FF4-E9B06FFD706D}.AppStore|Any CPU.ActiveCfg = AppStore|iPhone
		{C0477BA2-9B12-4D23-9FF4-E9B06FFD706D}.AppStore|ARM.ActiveCfg = AppStore|iPhone
		{C0477BA2-9B12-4D23-9FF4-E9B06FFD706D}.AppStore|iPhone.ActiveCfg = AppStore|iPhone
		{C0477BA2-9B12-4D23-9FF4-E9B06FFD706D}.AppStore|iPhone.Build.0 = AppStore|iPhone
		{C0477BA2-9B12-4D23-9FF4-E9B06FFD706D}.AppStore|iPhoneSimulator.ActiveCfg = AppStore|iPhoneSimulator
		{C0477BA2-9B12-4D23-9FF4-E9B06FFD706D}.AppStore|iPhoneSimulator.Build.0 = AppStore|iPhoneSimulator
		{C0477BA2-9B12-4D23-9FF4-E9B06FFD706D}.AppStore|x64.ActiveCfg = AppStore|iPhone
		{C0477BA2-9B12-4D23-9FF4-E9B06FFD706D}.AppStore|x86.ActiveCfg = AppStore|iPhone
		{C0477BA2-9B12-4D23-9FF4-E9B06FFD706D}.Debug|Any CPU.ActiveCfg = Debug|iPhone
		{C0477BA2-9B12-4D23-9FF4-E9B06FFD706D}.Debug|ARM.ActiveCfg = Debug|iPhone
		{C0477BA2-9B12-4D23-9FF4-E9B06FFD706D}.Debug|iPhone.ActiveCfg = Debug|iPhone
		{C0477BA2-9B12-4D23-9FF4-E9B06FFD706D}.Debug|iPhone.Build.0 = Debug|iPhone
		{C0477BA2-9B12-4D23-9FF4-E9B06FFD706D}.Debug|iPhoneSimulator.ActiveCfg = Debug|iPhoneSimulator
		{C0477BA2-9B12-4D23-9FF4-E9B06FFD706D}.Debug|iPhoneSimulator.Build.0 = Debug|iPhoneSimulator
		{C0477BA2-9B12-4D23-9FF4-E9B06FFD706D}.Debug|x64.ActiveCfg = Debug|iPhone
		{C0477BA2-9B12-4D23-9FF4-E9B06FFD706D}.Debug|x86.ActiveCfg = Debug|iPhone
		{C0477BA2-9B12-4D23-9FF4-E9B06FFD706D}.Release|Any CPU.ActiveCfg = Release|iPhone
		{C0477BA2-9B12-4D23-9FF4-E9B06FFD706D}.Release|ARM.ActiveCfg = Release|iPhone
		{C0477BA2-9B12-4D23-9FF4-E9B06FFD706D}.Release|iPhone.ActiveCfg = Release|iPhone
		{C0477BA2-9B12-4D23-9FF4-E9B06FFD706D}.Release|iPhone.Build.0 = Release|iPhone
		{C0477BA2-9B12-4D23-9FF4-E9B06FFD706D}.Release|iPhoneSimulator.ActiveCfg = Release|iPhoneSimulator
		{C0477BA2-9B12-4D23-9FF4-E9B06FFD706D}.Release|iPhoneSimulator.Build.0 = Release|iPhoneSimulator
		{C0477BA2-9B12-4D23-9FF4-E9B06FFD706D}.Release|x64.ActiveCfg = Release|iPhone
		{C0477BA2-9B12-4D23-9FF4-E9B06FFD706D}.Release|x86.ActiveCfg = Release|iPhone
		{6446AC5E-FE0D-44CE-AFD2-AD745431E40C}.Ad-Hoc|Any CPU.ActiveCfg = Release|x86
		{6446AC5E-FE0D-44CE-AFD2-AD745431E40C}.Ad-Hoc|Any CPU.Build.0 = Release|x86
		{6446AC5E-FE0D-44CE-AFD2-AD745431E40C}.Ad-Hoc|Any CPU.Deploy.0 = Release|x86
		{6446AC5E-FE0D-44CE-AFD2-AD745431E40C}.Ad-Hoc|ARM.ActiveCfg = Release|ARM
		{6446AC5E-FE0D-44CE-AFD2-AD745431E40C}.Ad-Hoc|ARM.Build.0 = Release|ARM
		{6446AC5E-FE0D-44CE-AFD2-AD745431E40C}.Ad-Hoc|ARM.Deploy.0 = Release|ARM
		{6446AC5E-FE0D-44CE-AFD2-AD745431E40C}.Ad-Hoc|iPhone.ActiveCfg = Release|x86
		{6446AC5E-FE0D-44CE-AFD2-AD745431E40C}.Ad-Hoc|iPhone.Build.0 = Release|x86
		{6446AC5E-FE0D-44CE-AFD2-AD745431E40C}.Ad-Hoc|iPhone.Deploy.0 = Release|x86
		{6446AC5E-FE0D-44CE-AFD2-AD745431E40C}.Ad-Hoc|iPhoneSimulator.ActiveCfg = Release|x86
		{6446AC5E-FE0D-44CE-AFD2-AD745431E40C}.Ad-Hoc|iPhoneSimulator.Build.0 = Release|x86
		{6446AC5E-FE0D-44CE-AFD2-AD745431E40C}.Ad-Hoc|iPhoneSimulator.Deploy.0 = Release|x86
		{6446AC5E-FE0D-44CE-AFD2-AD745431E40C}.Ad-Hoc|x64.ActiveCfg = Release|x64
		{6446AC5E-FE0D-44CE-AFD2-AD745431E40C}.Ad-Hoc|x64.Build.0 = Release|x64
		{6446AC5E-FE0D-44CE-AFD2-AD745431E40C}.Ad-Hoc|x64.Deploy.0 = Release|x64
		{6446AC5E-FE0D-44CE-AFD2-AD745431E40C}.Ad-Hoc|x86.ActiveCfg = Release|x86
		{6446AC5E-FE0D-44CE-AFD2-AD745431E40C}.Ad-Hoc|x86.Build.0 = Release|x86
		{6446AC5E-FE0D-44CE-AFD2-AD745431E40C}.Ad-Hoc|x86.Deploy.0 = Release|x86
		{6446AC5E-FE0D-44CE-AFD2-AD745431E40C}.AppStore|Any CPU.ActiveCfg = Release|x86
		{6446AC5E-FE0D-44CE-AFD2-AD745431E40C}.AppStore|Any CPU.Build.0 = Release|x86
		{6446AC5E-FE0D-44CE-AFD2-AD745431E40C}.AppStore|Any CPU.Deploy.0 = Release|x86
		{6446AC5E-FE0D-44CE-AFD2-AD745431E40C}.AppStore|ARM.ActiveCfg = Release|ARM
		{6446AC5E-FE0D-44CE-AFD2-AD745431E40C}.AppStore|ARM.Build.0 = Release|ARM
		{6446AC5E-FE0D-44CE-AFD2-AD745431E40C}.AppStore|ARM.Deploy.0 = Release|ARM
		{6446AC5E-FE0D-44CE-AFD2-AD745431E40C}.AppStore|iPhone.ActiveCfg = Release|x86
		{6446AC5E-FE0D-44CE-AFD2-AD745431E40C}.AppStore|iPhone.Build.0 = Release|x86
		{6446AC5E-FE0D-44CE-AFD2-AD745431E40C}.AppStore|iPhone.Deploy.0 = Release|x86
		{6446AC5E-FE0D-44CE-AFD2-AD745431E40C}.AppStore|iPhoneSimulator.ActiveCfg = Release|x86
		{6446AC5E-FE0D-44CE-AFD2-AD745431E40C}.AppStore|iPhoneSimulator.Build.0 = Release|x86
		{6446AC5E-FE0D-44CE-AFD2-AD745431E40C}.AppStore|iPhoneSimulator.Deploy.0 = Release|x86
		{6446AC5E-FE0D-44CE-AFD2-AD745431E40C}.AppStore|x64.ActiveCfg = Release|x64
		{6446AC5E-FE0D-44CE-AFD2-AD745431E40C}.AppStore|x64.Build.0 = Release|x64
		{6446AC5E-FE0D-44CE-AFD2-AD745431E40C}.AppStore|x64.Deploy.0 = Release|x64
		{6446AC5E-FE0D-44CE-AFD2-AD745431E40C}.AppStore|x86.ActiveCfg = Release|x86
		{6446AC5E-FE0D-44CE-AFD2-AD745431E40C}.AppStore|x86.Build.0 = Release|x86
		{6446AC5E-FE0D-44CE-AFD2-AD745431E40C}.AppStore|x86.Deploy.0 = Release|x86
		{6446AC5E-FE0D-44CE-AFD2-AD745431E40C}.Debug|Any CPU.ActiveCfg = Debug|x86
		{6446AC5E-FE0D-44CE-AFD2-AD745431E40C}.Debug|ARM.ActiveCfg = Debug|ARM
		{6446AC5E-FE0D-44CE-AFD2-AD745431E40C}.Debug|ARM.Build.0 = Debug|ARM
		{6446AC5E-FE0D-44CE-AFD2-AD745431E40C}.Debug|ARM.Deploy.0 = Debug|ARM
		{6446AC5E-FE0D-44CE-AFD2-AD745431E40C}.Debug|iPhone.ActiveCfg = Debug|x86
		{6446AC5E-FE0D-44CE-AFD2-AD745431E40C}.Debug|iPhoneSimulator.ActiveCfg = Debug|x86
		{6446AC5E-FE0D-44CE-AFD2-AD745431E40C}.Debug|x64.ActiveCfg = Debug|x64
		{6446AC5E-FE0D-44CE-AFD2-AD745431E40C}.Debug|x64.Build.0 = Debug|x64
		{6446AC5E-FE0D-44CE-AFD2-AD745431E40C}.Debug|x64.Deploy.0 = Debug|x64
		{6446AC5E-FE0D-44CE-AFD2-AD745431E40C}.Debug|x86.ActiveCfg = Debug|x86
		{6446AC5E-FE0D-44CE-AFD2-AD745431E40C}.Debug|x86.Build.0 = Debug|x86
		{6446AC5E-FE0D-44CE-AFD2-AD745431E40C}.Debug|x86.Deploy.0 = Debug|x86
		{6446AC5E-FE0D-44CE-AFD2-AD745431E40C}.Release|Any CPU.ActiveCfg = Release|x86
		{6446AC5E-FE0D-44CE-AFD2-AD745431E40C}.Release|ARM.ActiveCfg = Release|ARM
		{6446AC5E-FE0D-44CE-AFD2-AD745431E40C}.Release|ARM.Build.0 = Release|ARM
		{6446AC5E-FE0D-44CE-AFD2-AD745431E40C}.Release|ARM.Deploy.0 = Release|ARM
		{6446AC5E-FE0D-44CE-AFD2-AD745431E40C}.Release|iPhone.ActiveCfg = Release|x86
		{6446AC5E-FE0D-44CE-AFD2-AD745431E40C}.Release|iPhoneSimulator.ActiveCfg = Release|x86
		{6446AC5E-FE0D-44CE-AFD2-AD745431E40C}.Release|x64.ActiveCfg = Release|x64
		{6446AC5E-FE0D-44CE-AFD2-AD745431E40C}.Release|x64.Build.0 = Release|x64
		{6446AC5E-FE0D-44CE-AFD2-AD745431E40C}.Release|x64.Deploy.0 = Release|x64
		{6446AC5E-FE0D-44CE-AFD2-AD745431E40C}.Release|x86.ActiveCfg = Release|x86
		{6446AC5E-FE0D-44CE-AFD2-AD745431E40C}.Release|x86.Build.0 = Release|x86
		{6446AC5E-FE0D-44CE-AFD2-AD745431E40C}.Release|x86.Deploy.0 = Release|x86
		{68FF6952-3334-470C-9F8A-52A7280FDDEE}.Ad-Hoc|Any CPU.ActiveCfg = Debug|Any CPU
		{68FF6952-3334-470C-9F8A-52A7280FDDEE}.Ad-Hoc|Any CPU.Build.0 = Debug|Any CPU
		{68FF6952-3334-470C-9F8A-52A7280FDDEE}.Ad-Hoc|ARM.ActiveCfg = Debug|Any CPU
		{68FF6952-3334-470C-9F8A-52A7280FDDEE}.Ad-Hoc|ARM.Build.0 = Debug|Any CPU
		{68FF6952-3334-470C-9F8A-52A7280FDDEE}.Ad-Hoc|iPhone.ActiveCfg = Debug|Any CPU
		{68FF6952-3334-470C-9F8A-52A7280FDDEE}.Ad-Hoc|iPhone.Build.0 = Debug|Any CPU
		{68FF6952-3334-470C-9F8A-52A7280FDDEE}.Ad-Hoc|iPhoneSimulator.ActiveCfg = Debug|Any CPU
		{68FF6952-3334-470C-9F8A-52A7280FDDEE}.Ad-Hoc|iPhoneSimulator.Build.0 = Debug|Any CPU
		{68FF6952-3334-470C-9F8A-52A7280FDDEE}.Ad-Hoc|x64.ActiveCfg = Debug|Any CPU
		{68FF6952-3334-470C-9F8A-52A7280FDDEE}.Ad-Hoc|x64.Build.0 = Debug|Any CPU
		{68FF6952-3334-470C-9F8A-52A7280FDDEE}.Ad-Hoc|x86.ActiveCfg = Debug|Any CPU
		{68FF6952-3334-470C-9F8A-52A7280FDDEE}.Ad-Hoc|x86.Build.0 = Debug|Any CPU
		{68FF6952-3334-470C-9F8A-52A7280FDDEE}.AppStore|Any CPU.ActiveCfg = Debug|Any CPU
		{68FF6952-3334-470C-9F8A-52A7280FDDEE}.AppStore|Any CPU.Build.0 = Debug|Any CPU
		{68FF6952-3334-470C-9F8A-52A7280FDDEE}.AppStore|ARM.ActiveCfg = Debug|Any CPU
		{68FF6952-3334-470C-9F8A-52A7280FDDEE}.AppStore|ARM.Build.0 = Debug|Any CPU
		{68FF6952-3334-470C-9F8A-52A7280FDDEE}.AppStore|iPhone.ActiveCfg = Debug|Any CPU
		{68FF6952-3334-470C-9F8A-52A7280FDDEE}.AppStore|iPhone.Build.0 = Debug|Any CPU
		{68FF6952-3334-470C-9F8A-52A7280FDDEE}.AppStore|iPhoneSimulator.ActiveCfg = Debug|Any CPU
		{68FF6952-3334-470C-9F8A-52A7280FDDEE}.AppStore|iPhoneSimulator.Build.0 = Debug|Any CPU
		{68FF6952-3334-470C-9F8A-52A7280FDDEE}.AppStore|x64.ActiveCfg = Debug|Any CPU
		{68FF6952-3334-470C-9F8A-52A7280FDDEE}.AppStore|x64.Build.0 = Debug|Any CPU
		{68FF6952-3334-470C-9F8A-52A7280FDDEE}.AppStore|x86.ActiveCfg = Debug|Any CPU
		{68FF6952-3334-470C-9F8A-52A7280FDDEE}.AppStore|x86.Build.0 = Debug|Any CPU
		{68FF6952-3334-470C-9F8A-52A7280FDDEE}.Debug|Any CPU.ActiveCfg = Debug|Any CPU
		{68FF6952-3334-470C-9F8A-52A7280FDDEE}.Debug|Any CPU.Build.0 = Debug|Any CPU
		{68FF6952-3334-470C-9F8A-52A7280FDDEE}.Debug|ARM.ActiveCfg = Debug|Any CPU
		{68FF6952-3334-470C-9F8A-52A7280FDDEE}.Debug|ARM.Build.0 = Debug|Any CPU
		{68FF6952-3334-470C-9F8A-52A7280FDDEE}.Debug|iPhone.ActiveCfg = Debug|Any CPU
		{68FF6952-3334-470C-9F8A-52A7280FDDEE}.Debug|iPhone.Build.0 = Debug|Any CPU
		{68FF6952-3334-470C-9F8A-52A7280FDDEE}.Debug|iPhoneSimulator.ActiveCfg = Debug|Any CPU
		{68FF6952-3334-470C-9F8A-52A7280FDDEE}.Debug|iPhoneSimulator.Build.0 = Debug|Any CPU
		{68FF6952-3334-470C-9F8A-52A7280FDDEE}.Debug|x64.ActiveCfg = Debug|Any CPU
		{68FF6952-3334-470C-9F8A-52A7280FDDEE}.Debug|x64.Build.0 = Debug|Any CPU
		{68FF6952-3334-470C-9F8A-52A7280FDDEE}.Debug|x86.ActiveCfg = Debug|Any CPU
		{68FF6952-3334-470C-9F8A-52A7280FDDEE}.Debug|x86.Build.0 = Debug|Any CPU
		{68FF6952-3334-470C-9F8A-52A7280FDDEE}.Release|Any CPU.ActiveCfg = Release|Any CPU
		{68FF6952-3334-470C-9F8A-52A7280FDDEE}.Release|Any CPU.Build.0 = Release|Any CPU
		{68FF6952-3334-470C-9F8A-52A7280FDDEE}.Release|ARM.ActiveCfg = Release|Any CPU
		{68FF6952-3334-470C-9F8A-52A7280FDDEE}.Release|ARM.Build.0 = Release|Any CPU
		{68FF6952-3334-470C-9F8A-52A7280FDDEE}.Release|iPhone.ActiveCfg = Release|Any CPU
		{68FF6952-3334-470C-9F8A-52A7280FDDEE}.Release|iPhone.Build.0 = Release|Any CPU
		{68FF6952-3334-470C-9F8A-52A7280FDDEE}.Release|iPhoneSimulator.ActiveCfg = Release|Any CPU
		{68FF6952-3334-470C-9F8A-52A7280FDDEE}.Release|iPhoneSimulator.Build.0 = Release|Any CPU
		{68FF6952-3334-470C-9F8A-52A7280FDDEE}.Release|x64.ActiveCfg = Release|Any CPU
		{68FF6952-3334-470C-9F8A-52A7280FDDEE}.Release|x64.Build.0 = Release|Any CPU
		{68FF6952-3334-470C-9F8A-52A7280FDDEE}.Release|x86.ActiveCfg = Release|Any CPU
		{68FF6952-3334-470C-9F8A-52A7280FDDEE}.Release|x86.Build.0 = Release|Any CPU
		{69C02C88-ECBF-43ED-935B-CD36C60223AC}.Ad-Hoc|Any CPU.ActiveCfg = Debug|Any CPU
		{69C02C88-ECBF-43ED-935B-CD36C60223AC}.Ad-Hoc|Any CPU.Build.0 = Debug|Any CPU
		{69C02C88-ECBF-43ED-935B-CD36C60223AC}.Ad-Hoc|ARM.ActiveCfg = Debug|Any CPU
		{69C02C88-ECBF-43ED-935B-CD36C60223AC}.Ad-Hoc|ARM.Build.0 = Debug|Any CPU
		{69C02C88-ECBF-43ED-935B-CD36C60223AC}.Ad-Hoc|iPhone.ActiveCfg = Debug|Any CPU
		{69C02C88-ECBF-43ED-935B-CD36C60223AC}.Ad-Hoc|iPhone.Build.0 = Debug|Any CPU
		{69C02C88-ECBF-43ED-935B-CD36C60223AC}.Ad-Hoc|iPhoneSimulator.ActiveCfg = Debug|Any CPU
		{69C02C88-ECBF-43ED-935B-CD36C60223AC}.Ad-Hoc|iPhoneSimulator.Build.0 = Debug|Any CPU
		{69C02C88-ECBF-43ED-935B-CD36C60223AC}.Ad-Hoc|x64.ActiveCfg = Debug|Any CPU
		{69C02C88-ECBF-43ED-935B-CD36C60223AC}.Ad-Hoc|x64.Build.0 = Debug|Any CPU
		{69C02C88-ECBF-43ED-935B-CD36C60223AC}.Ad-Hoc|x86.ActiveCfg = Debug|Any CPU
		{69C02C88-ECBF-43ED-935B-CD36C60223AC}.Ad-Hoc|x86.Build.0 = Debug|Any CPU
		{69C02C88-ECBF-43ED-935B-CD36C60223AC}.AppStore|Any CPU.ActiveCfg = Debug|Any CPU
		{69C02C88-ECBF-43ED-935B-CD36C60223AC}.AppStore|Any CPU.Build.0 = Debug|Any CPU
		{69C02C88-ECBF-43ED-935B-CD36C60223AC}.AppStore|ARM.ActiveCfg = Debug|Any CPU
		{69C02C88-ECBF-43ED-935B-CD36C60223AC}.AppStore|ARM.Build.0 = Debug|Any CPU
		{69C02C88-ECBF-43ED-935B-CD36C60223AC}.AppStore|iPhone.ActiveCfg = Debug|Any CPU
		{69C02C88-ECBF-43ED-935B-CD36C60223AC}.AppStore|iPhone.Build.0 = Debug|Any CPU
		{69C02C88-ECBF-43ED-935B-CD36C60223AC}.AppStore|iPhoneSimulator.ActiveCfg = Debug|Any CPU
		{69C02C88-ECBF-43ED-935B-CD36C60223AC}.AppStore|iPhoneSimulator.Build.0 = Debug|Any CPU
		{69C02C88-ECBF-43ED-935B-CD36C60223AC}.AppStore|x64.ActiveCfg = Debug|Any CPU
		{69C02C88-ECBF-43ED-935B-CD36C60223AC}.AppStore|x64.Build.0 = Debug|Any CPU
		{69C02C88-ECBF-43ED-935B-CD36C60223AC}.AppStore|x86.ActiveCfg = Debug|Any CPU
		{69C02C88-ECBF-43ED-935B-CD36C60223AC}.AppStore|x86.Build.0 = Debug|Any CPU
		{69C02C88-ECBF-43ED-935B-CD36C60223AC}.Debug|Any CPU.ActiveCfg = Debug|Any CPU
		{69C02C88-ECBF-43ED-935B-CD36C60223AC}.Debug|Any CPU.Build.0 = Debug|Any CPU
		{69C02C88-ECBF-43ED-935B-CD36C60223AC}.Debug|ARM.ActiveCfg = Debug|Any CPU
		{69C02C88-ECBF-43ED-935B-CD36C60223AC}.Debug|ARM.Build.0 = Debug|Any CPU
		{69C02C88-ECBF-43ED-935B-CD36C60223AC}.Debug|iPhone.ActiveCfg = Debug|Any CPU
		{69C02C88-ECBF-43ED-935B-CD36C60223AC}.Debug|iPhone.Build.0 = Debug|Any CPU
		{69C02C88-ECBF-43ED-935B-CD36C60223AC}.Debug|iPhoneSimulator.ActiveCfg = Debug|Any CPU
		{69C02C88-ECBF-43ED-935B-CD36C60223AC}.Debug|iPhoneSimulator.Build.0 = Debug|Any CPU
		{69C02C88-ECBF-43ED-935B-CD36C60223AC}.Debug|x64.ActiveCfg = Debug|Any CPU
		{69C02C88-ECBF-43ED-935B-CD36C60223AC}.Debug|x64.Build.0 = Debug|Any CPU
		{69C02C88-ECBF-43ED-935B-CD36C60223AC}.Debug|x86.ActiveCfg = Debug|Any CPU
		{69C02C88-ECBF-43ED-935B-CD36C60223AC}.Debug|x86.Build.0 = Debug|Any CPU
		{69C02C88-ECBF-43ED-935B-CD36C60223AC}.Release|Any CPU.ActiveCfg = Release|Any CPU
		{69C02C88-ECBF-43ED-935B-CD36C60223AC}.Release|Any CPU.Build.0 = Release|Any CPU
		{69C02C88-ECBF-43ED-935B-CD36C60223AC}.Release|ARM.ActiveCfg = Release|Any CPU
		{69C02C88-ECBF-43ED-935B-CD36C60223AC}.Release|ARM.Build.0 = Release|Any CPU
		{69C02C88-ECBF-43ED-935B-CD36C60223AC}.Release|iPhone.ActiveCfg = Release|Any CPU
		{69C02C88-ECBF-43ED-935B-CD36C60223AC}.Release|iPhone.Build.0 = Release|Any CPU
		{69C02C88-ECBF-43ED-935B-CD36C60223AC}.Release|iPhoneSimulator.ActiveCfg = Release|Any CPU
		{69C02C88-ECBF-43ED-935B-CD36C60223AC}.Release|iPhoneSimulator.Build.0 = Release|Any CPU
		{69C02C88-ECBF-43ED-935B-CD36C60223AC}.Release|x64.ActiveCfg = Release|Any CPU
		{69C02C88-ECBF-43ED-935B-CD36C60223AC}.Release|x64.Build.0 = Release|Any CPU
		{69C02C88-ECBF-43ED-935B-CD36C60223AC}.Release|x86.ActiveCfg = Release|Any CPU
		{69C02C88-ECBF-43ED-935B-CD36C60223AC}.Release|x86.Build.0 = Release|Any CPU
		{14FF9942-4CB3-4686-9F99-0BF0C0C0E0CD}.Ad-Hoc|Any CPU.ActiveCfg = Debug|Any CPU
		{14FF9942-4CB3-4686-9F99-0BF0C0C0E0CD}.Ad-Hoc|Any CPU.Build.0 = Debug|Any CPU
		{14FF9942-4CB3-4686-9F99-0BF0C0C0E0CD}.Ad-Hoc|ARM.ActiveCfg = Debug|Any CPU
		{14FF9942-4CB3-4686-9F99-0BF0C0C0E0CD}.Ad-Hoc|ARM.Build.0 = Debug|Any CPU
		{14FF9942-4CB3-4686-9F99-0BF0C0C0E0CD}.Ad-Hoc|iPhone.ActiveCfg = Debug|Any CPU
		{14FF9942-4CB3-4686-9F99-0BF0C0C0E0CD}.Ad-Hoc|iPhone.Build.0 = Debug|Any CPU
		{14FF9942-4CB3-4686-9F99-0BF0C0C0E0CD}.Ad-Hoc|iPhoneSimulator.ActiveCfg = Debug|Any CPU
		{14FF9942-4CB3-4686-9F99-0BF0C0C0E0CD}.Ad-Hoc|iPhoneSimulator.Build.0 = Debug|Any CPU
		{14FF9942-4CB3-4686-9F99-0BF0C0C0E0CD}.Ad-Hoc|x64.ActiveCfg = Debug|Any CPU
		{14FF9942-4CB3-4686-9F99-0BF0C0C0E0CD}.Ad-Hoc|x64.Build.0 = Debug|Any CPU
		{14FF9942-4CB3-4686-9F99-0BF0C0C0E0CD}.Ad-Hoc|x86.ActiveCfg = Debug|Any CPU
		{14FF9942-4CB3-4686-9F99-0BF0C0C0E0CD}.Ad-Hoc|x86.Build.0 = Debug|Any CPU
		{14FF9942-4CB3-4686-9F99-0BF0C0C0E0CD}.AppStore|Any CPU.ActiveCfg = Debug|Any CPU
		{14FF9942-4CB3-4686-9F99-0BF0C0C0E0CD}.AppStore|Any CPU.Build.0 = Debug|Any CPU
		{14FF9942-4CB3-4686-9F99-0BF0C0C0E0CD}.AppStore|ARM.ActiveCfg = Debug|Any CPU
		{14FF9942-4CB3-4686-9F99-0BF0C0C0E0CD}.AppStore|ARM.Build.0 = Debug|Any CPU
		{14FF9942-4CB3-4686-9F99-0BF0C0C0E0CD}.AppStore|iPhone.ActiveCfg = Debug|Any CPU
		{14FF9942-4CB3-4686-9F99-0BF0C0C0E0CD}.AppStore|iPhone.Build.0 = Debug|Any CPU
		{14FF9942-4CB3-4686-9F99-0BF0C0C0E0CD}.AppStore|iPhoneSimulator.ActiveCfg = Debug|Any CPU
		{14FF9942-4CB3-4686-9F99-0BF0C0C0E0CD}.AppStore|iPhoneSimulator.Build.0 = Debug|Any CPU
		{14FF9942-4CB3-4686-9F99-0BF0C0C0E0CD}.AppStore|x64.ActiveCfg = Debug|Any CPU
		{14FF9942-4CB3-4686-9F99-0BF0C0C0E0CD}.AppStore|x64.Build.0 = Debug|Any CPU
		{14FF9942-4CB3-4686-9F99-0BF0C0C0E0CD}.AppStore|x86.ActiveCfg = Debug|Any CPU
		{14FF9942-4CB3-4686-9F99-0BF0C0C0E0CD}.AppStore|x86.Build.0 = Debug|Any CPU
		{14FF9942-4CB3-4686-9F99-0BF0C0C0E0CD}.Debug|Any CPU.ActiveCfg = Debug|Any CPU
		{14FF9942-4CB3-4686-9F99-0BF0C0C0E0CD}.Debug|Any CPU.Build.0 = Debug|Any CPU
		{14FF9942-4CB3-4686-9F99-0BF0C0C0E0CD}.Debug|ARM.ActiveCfg = Debug|Any CPU
		{14FF9942-4CB3-4686-9F99-0BF0C0C0E0CD}.Debug|ARM.Build.0 = Debug|Any CPU
		{14FF9942-4CB3-4686-9F99-0BF0C0C0E0CD}.Debug|iPhone.ActiveCfg = Debug|Any CPU
		{14FF9942-4CB3-4686-9F99-0BF0C0C0E0CD}.Debug|iPhone.Build.0 = Debug|Any CPU
		{14FF9942-4CB3-4686-9F99-0BF0C0C0E0CD}.Debug|iPhoneSimulator.ActiveCfg = Debug|Any CPU
		{14FF9942-4CB3-4686-9F99-0BF0C0C0E0CD}.Debug|iPhoneSimulator.Build.0 = Debug|Any CPU
		{14FF9942-4CB3-4686-9F99-0BF0C0C0E0CD}.Debug|x64.ActiveCfg = Debug|Any CPU
		{14FF9942-4CB3-4686-9F99-0BF0C0C0E0CD}.Debug|x64.Build.0 = Debug|Any CPU
		{14FF9942-4CB3-4686-9F99-0BF0C0C0E0CD}.Debug|x86.ActiveCfg = Debug|Any CPU
		{14FF9942-4CB3-4686-9F99-0BF0C0C0E0CD}.Debug|x86.Build.0 = Debug|Any CPU
		{14FF9942-4CB3-4686-9F99-0BF0C0C0E0CD}.Release|Any CPU.ActiveCfg = Release|Any CPU
		{14FF9942-4CB3-4686-9F99-0BF0C0C0E0CD}.Release|Any CPU.Build.0 = Release|Any CPU
		{14FF9942-4CB3-4686-9F99-0BF0C0C0E0CD}.Release|ARM.ActiveCfg = Release|Any CPU
		{14FF9942-4CB3-4686-9F99-0BF0C0C0E0CD}.Release|ARM.Build.0 = Release|Any CPU
		{14FF9942-4CB3-4686-9F99-0BF0C0C0E0CD}.Release|iPhone.ActiveCfg = Release|Any CPU
		{14FF9942-4CB3-4686-9F99-0BF0C0C0E0CD}.Release|iPhone.Build.0 = Release|Any CPU
		{14FF9942-4CB3-4686-9F99-0BF0C0C0E0CD}.Release|iPhoneSimulator.ActiveCfg = Release|Any CPU
		{14FF9942-4CB3-4686-9F99-0BF0C0C0E0CD}.Release|iPhoneSimulator.Build.0 = Release|Any CPU
		{14FF9942-4CB3-4686-9F99-0BF0C0C0E0CD}.Release|x64.ActiveCfg = Release|Any CPU
		{14FF9942-4CB3-4686-9F99-0BF0C0C0E0CD}.Release|x64.Build.0 = Release|Any CPU
		{14FF9942-4CB3-4686-9F99-0BF0C0C0E0CD}.Release|x86.ActiveCfg = Release|Any CPU
		{14FF9942-4CB3-4686-9F99-0BF0C0C0E0CD}.Release|x86.Build.0 = Release|Any CPU
		{97B5D6AB-AE4D-446E-AEB7-87FBF4698E25}.Ad-Hoc|Any CPU.ActiveCfg = Debug|Any CPU
		{97B5D6AB-AE4D-446E-AEB7-87FBF4698E25}.Ad-Hoc|Any CPU.Build.0 = Debug|Any CPU
		{97B5D6AB-AE4D-446E-AEB7-87FBF4698E25}.Ad-Hoc|ARM.ActiveCfg = Debug|Any CPU
		{97B5D6AB-AE4D-446E-AEB7-87FBF4698E25}.Ad-Hoc|ARM.Build.0 = Debug|Any CPU
		{97B5D6AB-AE4D-446E-AEB7-87FBF4698E25}.Ad-Hoc|iPhone.ActiveCfg = Debug|Any CPU
		{97B5D6AB-AE4D-446E-AEB7-87FBF4698E25}.Ad-Hoc|iPhone.Build.0 = Debug|Any CPU
		{97B5D6AB-AE4D-446E-AEB7-87FBF4698E25}.Ad-Hoc|iPhoneSimulator.ActiveCfg = Debug|Any CPU
		{97B5D6AB-AE4D-446E-AEB7-87FBF4698E25}.Ad-Hoc|iPhoneSimulator.Build.0 = Debug|Any CPU
		{97B5D6AB-AE4D-446E-AEB7-87FBF4698E25}.Ad-Hoc|x64.ActiveCfg = Debug|Any CPU
		{97B5D6AB-AE4D-446E-AEB7-87FBF4698E25}.Ad-Hoc|x64.Build.0 = Debug|Any CPU
		{97B5D6AB-AE4D-446E-AEB7-87FBF4698E25}.Ad-Hoc|x86.ActiveCfg = Debug|Any CPU
		{97B5D6AB-AE4D-446E-AEB7-87FBF4698E25}.Ad-Hoc|x86.Build.0 = Debug|Any CPU
		{97B5D6AB-AE4D-446E-AEB7-87FBF4698E25}.AppStore|Any CPU.ActiveCfg = Debug|Any CPU
		{97B5D6AB-AE4D-446E-AEB7-87FBF4698E25}.AppStore|Any CPU.Build.0 = Debug|Any CPU
		{97B5D6AB-AE4D-446E-AEB7-87FBF4698E25}.AppStore|ARM.ActiveCfg = Debug|Any CPU
		{97B5D6AB-AE4D-446E-AEB7-87FBF4698E25}.AppStore|ARM.Build.0 = Debug|Any CPU
		{97B5D6AB-AE4D-446E-AEB7-87FBF4698E25}.AppStore|iPhone.ActiveCfg = Debug|Any CPU
		{97B5D6AB-AE4D-446E-AEB7-87FBF4698E25}.AppStore|iPhone.Build.0 = Debug|Any CPU
		{97B5D6AB-AE4D-446E-AEB7-87FBF4698E25}.AppStore|iPhoneSimulator.ActiveCfg = Debug|Any CPU
		{97B5D6AB-AE4D-446E-AEB7-87FBF4698E25}.AppStore|iPhoneSimulator.Build.0 = Debug|Any CPU
		{97B5D6AB-AE4D-446E-AEB7-87FBF4698E25}.AppStore|x64.ActiveCfg = Debug|Any CPU
		{97B5D6AB-AE4D-446E-AEB7-87FBF4698E25}.AppStore|x64.Build.0 = Debug|Any CPU
		{97B5D6AB-AE4D-446E-AEB7-87FBF4698E25}.AppStore|x86.ActiveCfg = Debug|Any CPU
		{97B5D6AB-AE4D-446E-AEB7-87FBF4698E25}.AppStore|x86.Build.0 = Debug|Any CPU
		{97B5D6AB-AE4D-446E-AEB7-87FBF4698E25}.Debug|Any CPU.ActiveCfg = Debug|Any CPU
		{97B5D6AB-AE4D-446E-AEB7-87FBF4698E25}.Debug|Any CPU.Build.0 = Debug|Any CPU
		{97B5D6AB-AE4D-446E-AEB7-87FBF4698E25}.Debug|ARM.ActiveCfg = Debug|Any CPU
		{97B5D6AB-AE4D-446E-AEB7-87FBF4698E25}.Debug|ARM.Build.0 = Debug|Any CPU
		{97B5D6AB-AE4D-446E-AEB7-87FBF4698E25}.Debug|iPhone.ActiveCfg = Debug|Any CPU
		{97B5D6AB-AE4D-446E-AEB7-87FBF4698E25}.Debug|iPhone.Build.0 = Debug|Any CPU
		{97B5D6AB-AE4D-446E-AEB7-87FBF4698E25}.Debug|iPhoneSimulator.ActiveCfg = Debug|Any CPU
		{97B5D6AB-AE4D-446E-AEB7-87FBF4698E25}.Debug|iPhoneSimulator.Build.0 = Debug|Any CPU
		{97B5D6AB-AE4D-446E-AEB7-87FBF4698E25}.Debug|x64.ActiveCfg = Debug|Any CPU
		{97B5D6AB-AE4D-446E-AEB7-87FBF4698E25}.Debug|x64.Build.0 = Debug|Any CPU
		{97B5D6AB-AE4D-446E-AEB7-87FBF4698E25}.Debug|x86.ActiveCfg = Debug|Any CPU
		{97B5D6AB-AE4D-446E-AEB7-87FBF4698E25}.Debug|x86.Build.0 = Debug|Any CPU
		{97B5D6AB-AE4D-446E-AEB7-87FBF4698E25}.Release|Any CPU.ActiveCfg = Release|Any CPU
		{97B5D6AB-AE4D-446E-AEB7-87FBF4698E25}.Release|Any CPU.Build.0 = Release|Any CPU
		{97B5D6AB-AE4D-446E-AEB7-87FBF4698E25}.Release|ARM.ActiveCfg = Release|Any CPU
		{97B5D6AB-AE4D-446E-AEB7-87FBF4698E25}.Release|ARM.Build.0 = Release|Any CPU
		{97B5D6AB-AE4D-446E-AEB7-87FBF4698E25}.Release|iPhone.ActiveCfg = Release|Any CPU
		{97B5D6AB-AE4D-446E-AEB7-87FBF4698E25}.Release|iPhone.Build.0 = Release|Any CPU
		{97B5D6AB-AE4D-446E-AEB7-87FBF4698E25}.Release|iPhoneSimulator.ActiveCfg = Release|Any CPU
		{97B5D6AB-AE4D-446E-AEB7-87FBF4698E25}.Release|iPhoneSimulator.Build.0 = Release|Any CPU
		{97B5D6AB-AE4D-446E-AEB7-87FBF4698E25}.Release|x64.ActiveCfg = Release|Any CPU
		{97B5D6AB-AE4D-446E-AEB7-87FBF4698E25}.Release|x64.Build.0 = Release|Any CPU
		{97B5D6AB-AE4D-446E-AEB7-87FBF4698E25}.Release|x86.ActiveCfg = Release|Any CPU
		{97B5D6AB-AE4D-446E-AEB7-87FBF4698E25}.Release|x86.Build.0 = Release|Any CPU
		{60660A55-490F-441C-83DA-7C7BE961DC9A}.Ad-Hoc|Any CPU.ActiveCfg = Debug|Any CPU
		{60660A55-490F-441C-83DA-7C7BE961DC9A}.Ad-Hoc|Any CPU.Build.0 = Debug|Any CPU
		{60660A55-490F-441C-83DA-7C7BE961DC9A}.Ad-Hoc|ARM.ActiveCfg = Debug|Any CPU
		{60660A55-490F-441C-83DA-7C7BE961DC9A}.Ad-Hoc|ARM.Build.0 = Debug|Any CPU
		{60660A55-490F-441C-83DA-7C7BE961DC9A}.Ad-Hoc|iPhone.ActiveCfg = Debug|Any CPU
		{60660A55-490F-441C-83DA-7C7BE961DC9A}.Ad-Hoc|iPhone.Build.0 = Debug|Any CPU
		{60660A55-490F-441C-83DA-7C7BE961DC9A}.Ad-Hoc|iPhoneSimulator.ActiveCfg = Debug|Any CPU
		{60660A55-490F-441C-83DA-7C7BE961DC9A}.Ad-Hoc|iPhoneSimulator.Build.0 = Debug|Any CPU
		{60660A55-490F-441C-83DA-7C7BE961DC9A}.Ad-Hoc|x64.ActiveCfg = Debug|Any CPU
		{60660A55-490F-441C-83DA-7C7BE961DC9A}.Ad-Hoc|x64.Build.0 = Debug|Any CPU
		{60660A55-490F-441C-83DA-7C7BE961DC9A}.Ad-Hoc|x86.ActiveCfg = Debug|Any CPU
		{60660A55-490F-441C-83DA-7C7BE961DC9A}.Ad-Hoc|x86.Build.0 = Debug|Any CPU
		{60660A55-490F-441C-83DA-7C7BE961DC9A}.AppStore|Any CPU.ActiveCfg = Debug|Any CPU
		{60660A55-490F-441C-83DA-7C7BE961DC9A}.AppStore|Any CPU.Build.0 = Debug|Any CPU
		{60660A55-490F-441C-83DA-7C7BE961DC9A}.AppStore|ARM.ActiveCfg = Debug|Any CPU
		{60660A55-490F-441C-83DA-7C7BE961DC9A}.AppStore|ARM.Build.0 = Debug|Any CPU
		{60660A55-490F-441C-83DA-7C7BE961DC9A}.AppStore|iPhone.ActiveCfg = Debug|Any CPU
		{60660A55-490F-441C-83DA-7C7BE961DC9A}.AppStore|iPhone.Build.0 = Debug|Any CPU
		{60660A55-490F-441C-83DA-7C7BE961DC9A}.AppStore|iPhoneSimulator.ActiveCfg = Debug|Any CPU
		{60660A55-490F-441C-83DA-7C7BE961DC9A}.AppStore|iPhoneSimulator.Build.0 = Debug|Any CPU
		{60660A55-490F-441C-83DA-7C7BE961DC9A}.AppStore|x64.ActiveCfg = Debug|Any CPU
		{60660A55-490F-441C-83DA-7C7BE961DC9A}.AppStore|x64.Build.0 = Debug|Any CPU
		{60660A55-490F-441C-83DA-7C7BE961DC9A}.AppStore|x86.ActiveCfg = Debug|Any CPU
		{60660A55-490F-441C-83DA-7C7BE961DC9A}.AppStore|x86.Build.0 = Debug|Any CPU
		{60660A55-490F-441C-83DA-7C7BE961DC9A}.Debug|Any CPU.ActiveCfg = Debug|Any CPU
		{60660A55-490F-441C-83DA-7C7BE961DC9A}.Debug|Any CPU.Build.0 = Debug|Any CPU
		{60660A55-490F-441C-83DA-7C7BE961DC9A}.Debug|ARM.ActiveCfg = Debug|Any CPU
		{60660A55-490F-441C-83DA-7C7BE961DC9A}.Debug|ARM.Build.0 = Debug|Any CPU
		{60660A55-490F-441C-83DA-7C7BE961DC9A}.Debug|iPhone.ActiveCfg = Debug|Any CPU
		{60660A55-490F-441C-83DA-7C7BE961DC9A}.Debug|iPhone.Build.0 = Debug|Any CPU
		{60660A55-490F-441C-83DA-7C7BE961DC9A}.Debug|iPhoneSimulator.ActiveCfg = Debug|Any CPU
		{60660A55-490F-441C-83DA-7C7BE961DC9A}.Debug|iPhoneSimulator.Build.0 = Debug|Any CPU
		{60660A55-490F-441C-83DA-7C7BE961DC9A}.Debug|x64.ActiveCfg = Debug|Any CPU
		{60660A55-490F-441C-83DA-7C7BE961DC9A}.Debug|x64.Build.0 = Debug|Any CPU
		{60660A55-490F-441C-83DA-7C7BE961DC9A}.Debug|x86.ActiveCfg = Debug|Any CPU
		{60660A55-490F-441C-83DA-7C7BE961DC9A}.Debug|x86.Build.0 = Debug|Any CPU
		{60660A55-490F-441C-83DA-7C7BE961DC9A}.Release|Any CPU.ActiveCfg = Release|Any CPU
		{60660A55-490F-441C-83DA-7C7BE961DC9A}.Release|Any CPU.Build.0 = Release|Any CPU
		{60660A55-490F-441C-83DA-7C7BE961DC9A}.Release|ARM.ActiveCfg = Release|Any CPU
		{60660A55-490F-441C-83DA-7C7BE961DC9A}.Release|ARM.Build.0 = Release|Any CPU
		{60660A55-490F-441C-83DA-7C7BE961DC9A}.Release|iPhone.ActiveCfg = Release|Any CPU
		{60660A55-490F-441C-83DA-7C7BE961DC9A}.Release|iPhone.Build.0 = Release|Any CPU
		{60660A55-490F-441C-83DA-7C7BE961DC9A}.Release|iPhoneSimulator.ActiveCfg = Release|Any CPU
		{60660A55-490F-441C-83DA-7C7BE961DC9A}.Release|iPhoneSimulator.Build.0 = Release|Any CPU
		{60660A55-490F-441C-83DA-7C7BE961DC9A}.Release|x64.ActiveCfg = Release|Any CPU
		{60660A55-490F-441C-83DA-7C7BE961DC9A}.Release|x64.Build.0 = Release|Any CPU
		{60660A55-490F-441C-83DA-7C7BE961DC9A}.Release|x86.ActiveCfg = Release|Any CPU
		{60660A55-490F-441C-83DA-7C7BE961DC9A}.Release|x86.Build.0 = Release|Any CPU
		{F01021F9-7391-4E79-A091-F9F28690A067}.Ad-Hoc|Any CPU.ActiveCfg = Release|Any CPU
		{F01021F9-7391-4E79-A091-F9F28690A067}.Ad-Hoc|Any CPU.Build.0 = Release|Any CPU
		{F01021F9-7391-4E79-A091-F9F28690A067}.Ad-Hoc|ARM.ActiveCfg = Release|Any CPU
		{F01021F9-7391-4E79-A091-F9F28690A067}.Ad-Hoc|ARM.Build.0 = Release|Any CPU
		{F01021F9-7391-4E79-A091-F9F28690A067}.Ad-Hoc|iPhone.ActiveCfg = Release|Any CPU
		{F01021F9-7391-4E79-A091-F9F28690A067}.Ad-Hoc|iPhone.Build.0 = Release|Any CPU
		{F01021F9-7391-4E79-A091-F9F28690A067}.Ad-Hoc|iPhoneSimulator.ActiveCfg = Release|Any CPU
		{F01021F9-7391-4E79-A091-F9F28690A067}.Ad-Hoc|iPhoneSimulator.Build.0 = Release|Any CPU
		{F01021F9-7391-4E79-A091-F9F28690A067}.Ad-Hoc|x64.ActiveCfg = Release|Any CPU
		{F01021F9-7391-4E79-A091-F9F28690A067}.Ad-Hoc|x64.Build.0 = Release|Any CPU
		{F01021F9-7391-4E79-A091-F9F28690A067}.Ad-Hoc|x86.ActiveCfg = Release|Any CPU
		{F01021F9-7391-4E79-A091-F9F28690A067}.Ad-Hoc|x86.Build.0 = Release|Any CPU
		{F01021F9-7391-4E79-A091-F9F28690A067}.AppStore|Any CPU.ActiveCfg = Release|Any CPU
		{F01021F9-7391-4E79-A091-F9F28690A067}.AppStore|Any CPU.Build.0 = Release|Any CPU
		{F01021F9-7391-4E79-A091-F9F28690A067}.AppStore|ARM.ActiveCfg = Release|Any CPU
		{F01021F9-7391-4E79-A091-F9F28690A067}.AppStore|ARM.Build.0 = Release|Any CPU
		{F01021F9-7391-4E79-A091-F9F28690A067}.AppStore|iPhone.ActiveCfg = Release|Any CPU
		{F01021F9-7391-4E79-A091-F9F28690A067}.AppStore|iPhone.Build.0 = Release|Any CPU
		{F01021F9-7391-4E79-A091-F9F28690A067}.AppStore|iPhoneSimulator.ActiveCfg = Release|Any CPU
		{F01021F9-7391-4E79-A091-F9F28690A067}.AppStore|iPhoneSimulator.Build.0 = Release|Any CPU
		{F01021F9-7391-4E79-A091-F9F28690A067}.AppStore|x64.ActiveCfg = Release|Any CPU
		{F01021F9-7391-4E79-A091-F9F28690A067}.AppStore|x64.Build.0 = Release|Any CPU
		{F01021F9-7391-4E79-A091-F9F28690A067}.AppStore|x86.ActiveCfg = Release|Any CPU
		{F01021F9-7391-4E79-A091-F9F28690A067}.AppStore|x86.Build.0 = Release|Any CPU
		{F01021F9-7391-4E79-A091-F9F28690A067}.Debug|Any CPU.ActiveCfg = Debug|Any CPU
		{F01021F9-7391-4E79-A091-F9F28690A067}.Debug|Any CPU.Build.0 = Debug|Any CPU
		{F01021F9-7391-4E79-A091-F9F28690A067}.Debug|ARM.ActiveCfg = Debug|Any CPU
		{F01021F9-7391-4E79-A091-F9F28690A067}.Debug|ARM.Build.0 = Debug|Any CPU
		{F01021F9-7391-4E79-A091-F9F28690A067}.Debug|iPhone.ActiveCfg = Debug|Any CPU
		{F01021F9-7391-4E79-A091-F9F28690A067}.Debug|iPhone.Build.0 = Debug|Any CPU
		{F01021F9-7391-4E79-A091-F9F28690A067}.Debug|iPhoneSimulator.ActiveCfg = Debug|Any CPU
		{F01021F9-7391-4E79-A091-F9F28690A067}.Debug|iPhoneSimulator.Build.0 = Debug|Any CPU
		{F01021F9-7391-4E79-A091-F9F28690A067}.Debug|x64.ActiveCfg = Debug|Any CPU
		{F01021F9-7391-4E79-A091-F9F28690A067}.Debug|x64.Build.0 = Debug|Any CPU
		{F01021F9-7391-4E79-A091-F9F28690A067}.Debug|x86.ActiveCfg = Debug|Any CPU
		{F01021F9-7391-4E79-A091-F9F28690A067}.Debug|x86.Build.0 = Debug|Any CPU
		{F01021F9-7391-4E79-A091-F9F28690A067}.Release|Any CPU.ActiveCfg = Release|Any CPU
		{F01021F9-7391-4E79-A091-F9F28690A067}.Release|Any CPU.Build.0 = Release|Any CPU
		{F01021F9-7391-4E79-A091-F9F28690A067}.Release|ARM.ActiveCfg = Release|Any CPU
		{F01021F9-7391-4E79-A091-F9F28690A067}.Release|ARM.Build.0 = Release|Any CPU
		{F01021F9-7391-4E79-A091-F9F28690A067}.Release|iPhone.ActiveCfg = Release|Any CPU
		{F01021F9-7391-4E79-A091-F9F28690A067}.Release|iPhone.Build.0 = Release|Any CPU
		{F01021F9-7391-4E79-A091-F9F28690A067}.Release|iPhoneSimulator.ActiveCfg = Release|Any CPU
		{F01021F9-7391-4E79-A091-F9F28690A067}.Release|iPhoneSimulator.Build.0 = Release|Any CPU
		{F01021F9-7391-4E79-A091-F9F28690A067}.Release|x64.ActiveCfg = Release|Any CPU
		{F01021F9-7391-4E79-A091-F9F28690A067}.Release|x64.Build.0 = Release|Any CPU
		{F01021F9-7391-4E79-A091-F9F28690A067}.Release|x86.ActiveCfg = Release|Any CPU
		{F01021F9-7391-4E79-A091-F9F28690A067}.Release|x86.Build.0 = Release|Any CPU
		{E15EB742-D35B-435E-89B4-F5AA620FBA5E}.Ad-Hoc|Any CPU.ActiveCfg = Debug|Any CPU
		{E15EB742-D35B-435E-89B4-F5AA620FBA5E}.Ad-Hoc|Any CPU.Build.0 = Debug|Any CPU
		{E15EB742-D35B-435E-89B4-F5AA620FBA5E}.Ad-Hoc|ARM.ActiveCfg = Debug|Any CPU
		{E15EB742-D35B-435E-89B4-F5AA620FBA5E}.Ad-Hoc|ARM.Build.0 = Debug|Any CPU
		{E15EB742-D35B-435E-89B4-F5AA620FBA5E}.Ad-Hoc|iPhone.ActiveCfg = Debug|Any CPU
		{E15EB742-D35B-435E-89B4-F5AA620FBA5E}.Ad-Hoc|iPhone.Build.0 = Debug|Any CPU
		{E15EB742-D35B-435E-89B4-F5AA620FBA5E}.Ad-Hoc|iPhoneSimulator.ActiveCfg = Debug|Any CPU
		{E15EB742-D35B-435E-89B4-F5AA620FBA5E}.Ad-Hoc|iPhoneSimulator.Build.0 = Debug|Any CPU
		{E15EB742-D35B-435E-89B4-F5AA620FBA5E}.Ad-Hoc|x64.ActiveCfg = Debug|Any CPU
		{E15EB742-D35B-435E-89B4-F5AA620FBA5E}.Ad-Hoc|x64.Build.0 = Debug|Any CPU
		{E15EB742-D35B-435E-89B4-F5AA620FBA5E}.Ad-Hoc|x86.ActiveCfg = Debug|Any CPU
		{E15EB742-D35B-435E-89B4-F5AA620FBA5E}.Ad-Hoc|x86.Build.0 = Debug|Any CPU
		{E15EB742-D35B-435E-89B4-F5AA620FBA5E}.AppStore|Any CPU.ActiveCfg = Debug|Any CPU
		{E15EB742-D35B-435E-89B4-F5AA620FBA5E}.AppStore|Any CPU.Build.0 = Debug|Any CPU
		{E15EB742-D35B-435E-89B4-F5AA620FBA5E}.AppStore|ARM.ActiveCfg = Debug|Any CPU
		{E15EB742-D35B-435E-89B4-F5AA620FBA5E}.AppStore|ARM.Build.0 = Debug|Any CPU
		{E15EB742-D35B-435E-89B4-F5AA620FBA5E}.AppStore|iPhone.ActiveCfg = Debug|Any CPU
		{E15EB742-D35B-435E-89B4-F5AA620FBA5E}.AppStore|iPhone.Build.0 = Debug|Any CPU
		{E15EB742-D35B-435E-89B4-F5AA620FBA5E}.AppStore|iPhoneSimulator.ActiveCfg = Debug|Any CPU
		{E15EB742-D35B-435E-89B4-F5AA620FBA5E}.AppStore|iPhoneSimulator.Build.0 = Debug|Any CPU
		{E15EB742-D35B-435E-89B4-F5AA620FBA5E}.AppStore|x64.ActiveCfg = Debug|Any CPU
		{E15EB742-D35B-435E-89B4-F5AA620FBA5E}.AppStore|x64.Build.0 = Debug|Any CPU
		{E15EB742-D35B-435E-89B4-F5AA620FBA5E}.AppStore|x86.ActiveCfg = Debug|Any CPU
		{E15EB742-D35B-435E-89B4-F5AA620FBA5E}.AppStore|x86.Build.0 = Debug|Any CPU
		{E15EB742-D35B-435E-89B4-F5AA620FBA5E}.Debug|Any CPU.ActiveCfg = Debug|Any CPU
		{E15EB742-D35B-435E-89B4-F5AA620FBA5E}.Debug|Any CPU.Build.0 = Debug|Any CPU
		{E15EB742-D35B-435E-89B4-F5AA620FBA5E}.Debug|ARM.ActiveCfg = Debug|Any CPU
		{E15EB742-D35B-435E-89B4-F5AA620FBA5E}.Debug|ARM.Build.0 = Debug|Any CPU
		{E15EB742-D35B-435E-89B4-F5AA620FBA5E}.Debug|iPhone.ActiveCfg = Debug|Any CPU
		{E15EB742-D35B-435E-89B4-F5AA620FBA5E}.Debug|iPhone.Build.0 = Debug|Any CPU
		{E15EB742-D35B-435E-89B4-F5AA620FBA5E}.Debug|iPhoneSimulator.ActiveCfg = Debug|Any CPU
		{E15EB742-D35B-435E-89B4-F5AA620FBA5E}.Debug|iPhoneSimulator.Build.0 = Debug|Any CPU
		{E15EB742-D35B-435E-89B4-F5AA620FBA5E}.Debug|x64.ActiveCfg = Debug|Any CPU
		{E15EB742-D35B-435E-89B4-F5AA620FBA5E}.Debug|x64.Build.0 = Debug|Any CPU
		{E15EB742-D35B-435E-89B4-F5AA620FBA5E}.Debug|x86.ActiveCfg = Debug|Any CPU
		{E15EB742-D35B-435E-89B4-F5AA620FBA5E}.Debug|x86.Build.0 = Debug|Any CPU
		{E15EB742-D35B-435E-89B4-F5AA620FBA5E}.Release|Any CPU.ActiveCfg = Release|Any CPU
		{E15EB742-D35B-435E-89B4-F5AA620FBA5E}.Release|Any CPU.Build.0 = Release|Any CPU
		{E15EB742-D35B-435E-89B4-F5AA620FBA5E}.Release|ARM.ActiveCfg = Release|Any CPU
		{E15EB742-D35B-435E-89B4-F5AA620FBA5E}.Release|ARM.Build.0 = Release|Any CPU
		{E15EB742-D35B-435E-89B4-F5AA620FBA5E}.Release|iPhone.ActiveCfg = Release|Any CPU
		{E15EB742-D35B-435E-89B4-F5AA620FBA5E}.Release|iPhone.Build.0 = Release|Any CPU
		{E15EB742-D35B-435E-89B4-F5AA620FBA5E}.Release|iPhoneSimulator.ActiveCfg = Release|Any CPU
		{E15EB742-D35B-435E-89B4-F5AA620FBA5E}.Release|iPhoneSimulator.Build.0 = Release|Any CPU
		{E15EB742-D35B-435E-89B4-F5AA620FBA5E}.Release|x64.ActiveCfg = Release|Any CPU
		{E15EB742-D35B-435E-89B4-F5AA620FBA5E}.Release|x64.Build.0 = Release|Any CPU
		{E15EB742-D35B-435E-89B4-F5AA620FBA5E}.Release|x86.ActiveCfg = Release|Any CPU
		{E15EB742-D35B-435E-89B4-F5AA620FBA5E}.Release|x86.Build.0 = Release|Any CPU
		{E1169BB5-5DA1-4BFC-9F2E-313538178A73}.Ad-Hoc|Any CPU.ActiveCfg = Debug|Any CPU
		{E1169BB5-5DA1-4BFC-9F2E-313538178A73}.Ad-Hoc|Any CPU.Build.0 = Debug|Any CPU
		{E1169BB5-5DA1-4BFC-9F2E-313538178A73}.Ad-Hoc|ARM.ActiveCfg = Debug|Any CPU
		{E1169BB5-5DA1-4BFC-9F2E-313538178A73}.Ad-Hoc|ARM.Build.0 = Debug|Any CPU
		{E1169BB5-5DA1-4BFC-9F2E-313538178A73}.Ad-Hoc|iPhone.ActiveCfg = Debug|Any CPU
		{E1169BB5-5DA1-4BFC-9F2E-313538178A73}.Ad-Hoc|iPhone.Build.0 = Debug|Any CPU
		{E1169BB5-5DA1-4BFC-9F2E-313538178A73}.Ad-Hoc|iPhoneSimulator.ActiveCfg = Debug|Any CPU
		{E1169BB5-5DA1-4BFC-9F2E-313538178A73}.Ad-Hoc|iPhoneSimulator.Build.0 = Debug|Any CPU
		{E1169BB5-5DA1-4BFC-9F2E-313538178A73}.Ad-Hoc|x64.ActiveCfg = Debug|Any CPU
		{E1169BB5-5DA1-4BFC-9F2E-313538178A73}.Ad-Hoc|x64.Build.0 = Debug|Any CPU
		{E1169BB5-5DA1-4BFC-9F2E-313538178A73}.Ad-Hoc|x86.ActiveCfg = Debug|Any CPU
		{E1169BB5-5DA1-4BFC-9F2E-313538178A73}.Ad-Hoc|x86.Build.0 = Debug|Any CPU
		{E1169BB5-5DA1-4BFC-9F2E-313538178A73}.AppStore|Any CPU.ActiveCfg = Debug|Any CPU
		{E1169BB5-5DA1-4BFC-9F2E-313538178A73}.AppStore|Any CPU.Build.0 = Debug|Any CPU
		{E1169BB5-5DA1-4BFC-9F2E-313538178A73}.AppStore|ARM.ActiveCfg = Debug|Any CPU
		{E1169BB5-5DA1-4BFC-9F2E-313538178A73}.AppStore|ARM.Build.0 = Debug|Any CPU
		{E1169BB5-5DA1-4BFC-9F2E-313538178A73}.AppStore|iPhone.ActiveCfg = Debug|Any CPU
		{E1169BB5-5DA1-4BFC-9F2E-313538178A73}.AppStore|iPhone.Build.0 = Debug|Any CPU
		{E1169BB5-5DA1-4BFC-9F2E-313538178A73}.AppStore|iPhoneSimulator.ActiveCfg = Debug|Any CPU
		{E1169BB5-5DA1-4BFC-9F2E-313538178A73}.AppStore|iPhoneSimulator.Build.0 = Debug|Any CPU
		{E1169BB5-5DA1-4BFC-9F2E-313538178A73}.AppStore|x64.ActiveCfg = Debug|Any CPU
		{E1169BB5-5DA1-4BFC-9F2E-313538178A73}.AppStore|x64.Build.0 = Debug|Any CPU
		{E1169BB5-5DA1-4BFC-9F2E-313538178A73}.AppStore|x86.ActiveCfg = Debug|Any CPU
		{E1169BB5-5DA1-4BFC-9F2E-313538178A73}.AppStore|x86.Build.0 = Debug|Any CPU
		{E1169BB5-5DA1-4BFC-9F2E-313538178A73}.Debug|Any CPU.ActiveCfg = Debug|Any CPU
		{E1169BB5-5DA1-4BFC-9F2E-313538178A73}.Debug|Any CPU.Build.0 = Debug|Any CPU
		{E1169BB5-5DA1-4BFC-9F2E-313538178A73}.Debug|ARM.ActiveCfg = Debug|Any CPU
		{E1169BB5-5DA1-4BFC-9F2E-313538178A73}.Debug|ARM.Build.0 = Debug|Any CPU
		{E1169BB5-5DA1-4BFC-9F2E-313538178A73}.Debug|iPhone.ActiveCfg = Debug|Any CPU
		{E1169BB5-5DA1-4BFC-9F2E-313538178A73}.Debug|iPhone.Build.0 = Debug|Any CPU
		{E1169BB5-5DA1-4BFC-9F2E-313538178A73}.Debug|iPhoneSimulator.ActiveCfg = Debug|Any CPU
		{E1169BB5-5DA1-4BFC-9F2E-313538178A73}.Debug|iPhoneSimulator.Build.0 = Debug|Any CPU
		{E1169BB5-5DA1-4BFC-9F2E-313538178A73}.Debug|x64.ActiveCfg = Debug|Any CPU
		{E1169BB5-5DA1-4BFC-9F2E-313538178A73}.Debug|x64.Build.0 = Debug|Any CPU
		{E1169BB5-5DA1-4BFC-9F2E-313538178A73}.Debug|x86.ActiveCfg = Debug|Any CPU
		{E1169BB5-5DA1-4BFC-9F2E-313538178A73}.Debug|x86.Build.0 = Debug|Any CPU
		{E1169BB5-5DA1-4BFC-9F2E-313538178A73}.Release|Any CPU.ActiveCfg = Release|Any CPU
		{E1169BB5-5DA1-4BFC-9F2E-313538178A73}.Release|Any CPU.Build.0 = Release|Any CPU
		{E1169BB5-5DA1-4BFC-9F2E-313538178A73}.Release|ARM.ActiveCfg = Release|Any CPU
		{E1169BB5-5DA1-4BFC-9F2E-313538178A73}.Release|ARM.Build.0 = Release|Any CPU
		{E1169BB5-5DA1-4BFC-9F2E-313538178A73}.Release|iPhone.ActiveCfg = Release|Any CPU
		{E1169BB5-5DA1-4BFC-9F2E-313538178A73}.Release|iPhone.Build.0 = Release|Any CPU
		{E1169BB5-5DA1-4BFC-9F2E-313538178A73}.Release|iPhoneSimulator.ActiveCfg = Release|Any CPU
		{E1169BB5-5DA1-4BFC-9F2E-313538178A73}.Release|iPhoneSimulator.Build.0 = Release|Any CPU
		{E1169BB5-5DA1-4BFC-9F2E-313538178A73}.Release|x64.ActiveCfg = Release|Any CPU
		{E1169BB5-5DA1-4BFC-9F2E-313538178A73}.Release|x64.Build.0 = Release|Any CPU
		{E1169BB5-5DA1-4BFC-9F2E-313538178A73}.Release|x86.ActiveCfg = Release|Any CPU
		{E1169BB5-5DA1-4BFC-9F2E-313538178A73}.Release|x86.Build.0 = Release|Any CPU
		{38CD9749-54EB-4C6E-BB44-A212BECAA2D0}.Ad-Hoc|Any CPU.ActiveCfg = Release|Any CPU
		{38CD9749-54EB-4C6E-BB44-A212BECAA2D0}.Ad-Hoc|Any CPU.Build.0 = Release|Any CPU
		{38CD9749-54EB-4C6E-BB44-A212BECAA2D0}.Ad-Hoc|ARM.ActiveCfg = Release|Any CPU
		{38CD9749-54EB-4C6E-BB44-A212BECAA2D0}.Ad-Hoc|ARM.Build.0 = Release|Any CPU
		{38CD9749-54EB-4C6E-BB44-A212BECAA2D0}.Ad-Hoc|iPhone.ActiveCfg = Release|Any CPU
		{38CD9749-54EB-4C6E-BB44-A212BECAA2D0}.Ad-Hoc|iPhone.Build.0 = Release|Any CPU
		{38CD9749-54EB-4C6E-BB44-A212BECAA2D0}.Ad-Hoc|iPhoneSimulator.ActiveCfg = Release|Any CPU
		{38CD9749-54EB-4C6E-BB44-A212BECAA2D0}.Ad-Hoc|iPhoneSimulator.Build.0 = Release|Any CPU
		{38CD9749-54EB-4C6E-BB44-A212BECAA2D0}.Ad-Hoc|x64.ActiveCfg = Release|Any CPU
		{38CD9749-54EB-4C6E-BB44-A212BECAA2D0}.Ad-Hoc|x64.Build.0 = Release|Any CPU
		{38CD9749-54EB-4C6E-BB44-A212BECAA2D0}.Ad-Hoc|x86.ActiveCfg = Release|Any CPU
		{38CD9749-54EB-4C6E-BB44-A212BECAA2D0}.Ad-Hoc|x86.Build.0 = Release|Any CPU
		{38CD9749-54EB-4C6E-BB44-A212BECAA2D0}.AppStore|Any CPU.ActiveCfg = Release|Any CPU
		{38CD9749-54EB-4C6E-BB44-A212BECAA2D0}.AppStore|Any CPU.Build.0 = Release|Any CPU
		{38CD9749-54EB-4C6E-BB44-A212BECAA2D0}.AppStore|ARM.ActiveCfg = Release|Any CPU
		{38CD9749-54EB-4C6E-BB44-A212BECAA2D0}.AppStore|ARM.Build.0 = Release|Any CPU
		{38CD9749-54EB-4C6E-BB44-A212BECAA2D0}.AppStore|iPhone.ActiveCfg = Release|Any CPU
		{38CD9749-54EB-4C6E-BB44-A212BECAA2D0}.AppStore|iPhone.Build.0 = Release|Any CPU
		{38CD9749-54EB-4C6E-BB44-A212BECAA2D0}.AppStore|iPhoneSimulator.ActiveCfg = Release|Any CPU
		{38CD9749-54EB-4C6E-BB44-A212BECAA2D0}.AppStore|iPhoneSimulator.Build.0 = Release|Any CPU
		{38CD9749-54EB-4C6E-BB44-A212BECAA2D0}.AppStore|x64.ActiveCfg = Release|Any CPU
		{38CD9749-54EB-4C6E-BB44-A212BECAA2D0}.AppStore|x64.Build.0 = Release|Any CPU
		{38CD9749-54EB-4C6E-BB44-A212BECAA2D0}.AppStore|x86.ActiveCfg = Release|Any CPU
		{38CD9749-54EB-4C6E-BB44-A212BECAA2D0}.AppStore|x86.Build.0 = Release|Any CPU
		{38CD9749-54EB-4C6E-BB44-A212BECAA2D0}.Debug|Any CPU.ActiveCfg = Debug|Any CPU
		{38CD9749-54EB-4C6E-BB44-A212BECAA2D0}.Debug|Any CPU.Build.0 = Debug|Any CPU
		{38CD9749-54EB-4C6E-BB44-A212BECAA2D0}.Debug|ARM.ActiveCfg = Debug|Any CPU
		{38CD9749-54EB-4C6E-BB44-A212BECAA2D0}.Debug|ARM.Build.0 = Debug|Any CPU
		{38CD9749-54EB-4C6E-BB44-A212BECAA2D0}.Debug|iPhone.ActiveCfg = Debug|Any CPU
		{38CD9749-54EB-4C6E-BB44-A212BECAA2D0}.Debug|iPhone.Build.0 = Debug|Any CPU
		{38CD9749-54EB-4C6E-BB44-A212BECAA2D0}.Debug|iPhoneSimulator.ActiveCfg = Debug|Any CPU
		{38CD9749-54EB-4C6E-BB44-A212BECAA2D0}.Debug|iPhoneSimulator.Build.0 = Debug|Any CPU
		{38CD9749-54EB-4C6E-BB44-A212BECAA2D0}.Debug|x64.ActiveCfg = Debug|Any CPU
		{38CD9749-54EB-4C6E-BB44-A212BECAA2D0}.Debug|x64.Build.0 = Debug|Any CPU
		{38CD9749-54EB-4C6E-BB44-A212BECAA2D0}.Debug|x86.ActiveCfg = Debug|Any CPU
		{38CD9749-54EB-4C6E-BB44-A212BECAA2D0}.Debug|x86.Build.0 = Debug|Any CPU
		{38CD9749-54EB-4C6E-BB44-A212BECAA2D0}.Release|Any CPU.ActiveCfg = Release|Any CPU
		{38CD9749-54EB-4C6E-BB44-A212BECAA2D0}.Release|Any CPU.Build.0 = Release|Any CPU
		{38CD9749-54EB-4C6E-BB44-A212BECAA2D0}.Release|ARM.ActiveCfg = Release|Any CPU
		{38CD9749-54EB-4C6E-BB44-A212BECAA2D0}.Release|ARM.Build.0 = Release|Any CPU
		{38CD9749-54EB-4C6E-BB44-A212BECAA2D0}.Release|iPhone.ActiveCfg = Release|Any CPU
		{38CD9749-54EB-4C6E-BB44-A212BECAA2D0}.Release|iPhone.Build.0 = Release|Any CPU
		{38CD9749-54EB-4C6E-BB44-A212BECAA2D0}.Release|iPhoneSimulator.ActiveCfg = Release|Any CPU
		{38CD9749-54EB-4C6E-BB44-A212BECAA2D0}.Release|iPhoneSimulator.Build.0 = Release|Any CPU
		{38CD9749-54EB-4C6E-BB44-A212BECAA2D0}.Release|x64.ActiveCfg = Release|Any CPU
		{38CD9749-54EB-4C6E-BB44-A212BECAA2D0}.Release|x64.Build.0 = Release|Any CPU
		{38CD9749-54EB-4C6E-BB44-A212BECAA2D0}.Release|x86.ActiveCfg = Release|Any CPU
		{38CD9749-54EB-4C6E-BB44-A212BECAA2D0}.Release|x86.Build.0 = Release|Any CPU
		{A942A1B1-D1A0-4447-ADDC-D683E733C3E5}.Ad-Hoc|Any CPU.ActiveCfg = Debug|Any CPU
		{A942A1B1-D1A0-4447-ADDC-D683E733C3E5}.Ad-Hoc|Any CPU.Build.0 = Debug|Any CPU
		{A942A1B1-D1A0-4447-ADDC-D683E733C3E5}.Ad-Hoc|ARM.ActiveCfg = Debug|Any CPU
		{A942A1B1-D1A0-4447-ADDC-D683E733C3E5}.Ad-Hoc|ARM.Build.0 = Debug|Any CPU
		{A942A1B1-D1A0-4447-ADDC-D683E733C3E5}.Ad-Hoc|iPhone.ActiveCfg = Debug|Any CPU
		{A942A1B1-D1A0-4447-ADDC-D683E733C3E5}.Ad-Hoc|iPhone.Build.0 = Debug|Any CPU
		{A942A1B1-D1A0-4447-ADDC-D683E733C3E5}.Ad-Hoc|iPhoneSimulator.ActiveCfg = Debug|Any CPU
		{A942A1B1-D1A0-4447-ADDC-D683E733C3E5}.Ad-Hoc|iPhoneSimulator.Build.0 = Debug|Any CPU
		{A942A1B1-D1A0-4447-ADDC-D683E733C3E5}.Ad-Hoc|x64.ActiveCfg = Debug|Any CPU
		{A942A1B1-D1A0-4447-ADDC-D683E733C3E5}.Ad-Hoc|x64.Build.0 = Debug|Any CPU
		{A942A1B1-D1A0-4447-ADDC-D683E733C3E5}.Ad-Hoc|x86.ActiveCfg = Debug|Any CPU
		{A942A1B1-D1A0-4447-ADDC-D683E733C3E5}.Ad-Hoc|x86.Build.0 = Debug|Any CPU
		{A942A1B1-D1A0-4447-ADDC-D683E733C3E5}.AppStore|Any CPU.ActiveCfg = Debug|Any CPU
		{A942A1B1-D1A0-4447-ADDC-D683E733C3E5}.AppStore|Any CPU.Build.0 = Debug|Any CPU
		{A942A1B1-D1A0-4447-ADDC-D683E733C3E5}.AppStore|ARM.ActiveCfg = Debug|Any CPU
		{A942A1B1-D1A0-4447-ADDC-D683E733C3E5}.AppStore|ARM.Build.0 = Debug|Any CPU
		{A942A1B1-D1A0-4447-ADDC-D683E733C3E5}.AppStore|iPhone.ActiveCfg = Debug|Any CPU
		{A942A1B1-D1A0-4447-ADDC-D683E733C3E5}.AppStore|iPhone.Build.0 = Debug|Any CPU
		{A942A1B1-D1A0-4447-ADDC-D683E733C3E5}.AppStore|iPhoneSimulator.ActiveCfg = Debug|Any CPU
		{A942A1B1-D1A0-4447-ADDC-D683E733C3E5}.AppStore|iPhoneSimulator.Build.0 = Debug|Any CPU
		{A942A1B1-D1A0-4447-ADDC-D683E733C3E5}.AppStore|x64.ActiveCfg = Debug|Any CPU
		{A942A1B1-D1A0-4447-ADDC-D683E733C3E5}.AppStore|x64.Build.0 = Debug|Any CPU
		{A942A1B1-D1A0-4447-ADDC-D683E733C3E5}.AppStore|x86.ActiveCfg = Debug|Any CPU
		{A942A1B1-D1A0-4447-ADDC-D683E733C3E5}.AppStore|x86.Build.0 = Debug|Any CPU
		{A942A1B1-D1A0-4447-ADDC-D683E733C3E5}.Debug|Any CPU.ActiveCfg = Debug|Any CPU
		{A942A1B1-D1A0-4447-ADDC-D683E733C3E5}.Debug|Any CPU.Build.0 = Debug|Any CPU
		{A942A1B1-D1A0-4447-ADDC-D683E733C3E5}.Debug|ARM.ActiveCfg = Debug|Any CPU
		{A942A1B1-D1A0-4447-ADDC-D683E733C3E5}.Debug|ARM.Build.0 = Debug|Any CPU
		{A942A1B1-D1A0-4447-ADDC-D683E733C3E5}.Debug|iPhone.ActiveCfg = Debug|Any CPU
		{A942A1B1-D1A0-4447-ADDC-D683E733C3E5}.Debug|iPhone.Build.0 = Debug|Any CPU
		{A942A1B1-D1A0-4447-ADDC-D683E733C3E5}.Debug|iPhoneSimulator.ActiveCfg = Debug|Any CPU
		{A942A1B1-D1A0-4447-ADDC-D683E733C3E5}.Debug|iPhoneSimulator.Build.0 = Debug|Any CPU
		{A942A1B1-D1A0-4447-ADDC-D683E733C3E5}.Debug|x64.ActiveCfg = Debug|Any CPU
		{A942A1B1-D1A0-4447-ADDC-D683E733C3E5}.Debug|x64.Build.0 = Debug|Any CPU
		{A942A1B1-D1A0-4447-ADDC-D683E733C3E5}.Debug|x86.ActiveCfg = Debug|Any CPU
		{A942A1B1-D1A0-4447-ADDC-D683E733C3E5}.Debug|x86.Build.0 = Debug|Any CPU
		{A942A1B1-D1A0-4447-ADDC-D683E733C3E5}.Release|Any CPU.ActiveCfg = Release|Any CPU
		{A942A1B1-D1A0-4447-ADDC-D683E733C3E5}.Release|Any CPU.Build.0 = Release|Any CPU
		{A942A1B1-D1A0-4447-ADDC-D683E733C3E5}.Release|ARM.ActiveCfg = Release|Any CPU
		{A942A1B1-D1A0-4447-ADDC-D683E733C3E5}.Release|ARM.Build.0 = Release|Any CPU
		{A942A1B1-D1A0-4447-ADDC-D683E733C3E5}.Release|iPhone.ActiveCfg = Release|Any CPU
		{A942A1B1-D1A0-4447-ADDC-D683E733C3E5}.Release|iPhone.Build.0 = Release|Any CPU
		{A942A1B1-D1A0-4447-ADDC-D683E733C3E5}.Release|iPhoneSimulator.ActiveCfg = Release|Any CPU
		{A942A1B1-D1A0-4447-ADDC-D683E733C3E5}.Release|iPhoneSimulator.Build.0 = Release|Any CPU
		{A942A1B1-D1A0-4447-ADDC-D683E733C3E5}.Release|x64.ActiveCfg = Release|Any CPU
		{A942A1B1-D1A0-4447-ADDC-D683E733C3E5}.Release|x64.Build.0 = Release|Any CPU
		{A942A1B1-D1A0-4447-ADDC-D683E733C3E5}.Release|x86.ActiveCfg = Release|Any CPU
		{A942A1B1-D1A0-4447-ADDC-D683E733C3E5}.Release|x86.Build.0 = Release|Any CPU
		{420C052B-634B-4600-AAAF-B7BB5EBC7D62}.Ad-Hoc|Any CPU.ActiveCfg = Release|Any CPU
		{420C052B-634B-4600-AAAF-B7BB5EBC7D62}.Ad-Hoc|Any CPU.Build.0 = Release|Any CPU
		{420C052B-634B-4600-AAAF-B7BB5EBC7D62}.Ad-Hoc|ARM.ActiveCfg = Release|Any CPU
		{420C052B-634B-4600-AAAF-B7BB5EBC7D62}.Ad-Hoc|ARM.Build.0 = Release|Any CPU
		{420C052B-634B-4600-AAAF-B7BB5EBC7D62}.Ad-Hoc|iPhone.ActiveCfg = Release|Any CPU
		{420C052B-634B-4600-AAAF-B7BB5EBC7D62}.Ad-Hoc|iPhone.Build.0 = Release|Any CPU
		{420C052B-634B-4600-AAAF-B7BB5EBC7D62}.Ad-Hoc|iPhoneSimulator.ActiveCfg = Release|Any CPU
		{420C052B-634B-4600-AAAF-B7BB5EBC7D62}.Ad-Hoc|iPhoneSimulator.Build.0 = Release|Any CPU
		{420C052B-634B-4600-AAAF-B7BB5EBC7D62}.Ad-Hoc|x64.ActiveCfg = Release|Any CPU
		{420C052B-634B-4600-AAAF-B7BB5EBC7D62}.Ad-Hoc|x64.Build.0 = Release|Any CPU
		{420C052B-634B-4600-AAAF-B7BB5EBC7D62}.Ad-Hoc|x86.ActiveCfg = Release|Any CPU
		{420C052B-634B-4600-AAAF-B7BB5EBC7D62}.Ad-Hoc|x86.Build.0 = Release|Any CPU
		{420C052B-634B-4600-AAAF-B7BB5EBC7D62}.AppStore|Any CPU.ActiveCfg = Release|Any CPU
		{420C052B-634B-4600-AAAF-B7BB5EBC7D62}.AppStore|Any CPU.Build.0 = Release|Any CPU
		{420C052B-634B-4600-AAAF-B7BB5EBC7D62}.AppStore|ARM.ActiveCfg = Release|Any CPU
		{420C052B-634B-4600-AAAF-B7BB5EBC7D62}.AppStore|ARM.Build.0 = Release|Any CPU
		{420C052B-634B-4600-AAAF-B7BB5EBC7D62}.AppStore|iPhone.ActiveCfg = Release|Any CPU
		{420C052B-634B-4600-AAAF-B7BB5EBC7D62}.AppStore|iPhone.Build.0 = Release|Any CPU
		{420C052B-634B-4600-AAAF-B7BB5EBC7D62}.AppStore|iPhoneSimulator.ActiveCfg = Release|Any CPU
		{420C052B-634B-4600-AAAF-B7BB5EBC7D62}.AppStore|iPhoneSimulator.Build.0 = Release|Any CPU
		{420C052B-634B-4600-AAAF-B7BB5EBC7D62}.AppStore|x64.ActiveCfg = Release|Any CPU
		{420C052B-634B-4600-AAAF-B7BB5EBC7D62}.AppStore|x64.Build.0 = Release|Any CPU
		{420C052B-634B-4600-AAAF-B7BB5EBC7D62}.AppStore|x86.ActiveCfg = Release|Any CPU
		{420C052B-634B-4600-AAAF-B7BB5EBC7D62}.AppStore|x86.Build.0 = Release|Any CPU
		{420C052B-634B-4600-AAAF-B7BB5EBC7D62}.Debug|Any CPU.ActiveCfg = Debug|Any CPU
		{420C052B-634B-4600-AAAF-B7BB5EBC7D62}.Debug|Any CPU.Build.0 = Debug|Any CPU
		{420C052B-634B-4600-AAAF-B7BB5EBC7D62}.Debug|ARM.ActiveCfg = Debug|Any CPU
		{420C052B-634B-4600-AAAF-B7BB5EBC7D62}.Debug|ARM.Build.0 = Debug|Any CPU
		{420C052B-634B-4600-AAAF-B7BB5EBC7D62}.Debug|iPhone.ActiveCfg = Debug|Any CPU
		{420C052B-634B-4600-AAAF-B7BB5EBC7D62}.Debug|iPhone.Build.0 = Debug|Any CPU
		{420C052B-634B-4600-AAAF-B7BB5EBC7D62}.Debug|iPhoneSimulator.ActiveCfg = Debug|Any CPU
		{420C052B-634B-4600-AAAF-B7BB5EBC7D62}.Debug|iPhoneSimulator.Build.0 = Debug|Any CPU
		{420C052B-634B-4600-AAAF-B7BB5EBC7D62}.Debug|x64.ActiveCfg = Debug|Any CPU
		{420C052B-634B-4600-AAAF-B7BB5EBC7D62}.Debug|x64.Build.0 = Debug|Any CPU
		{420C052B-634B-4600-AAAF-B7BB5EBC7D62}.Debug|x86.ActiveCfg = Debug|Any CPU
		{420C052B-634B-4600-AAAF-B7BB5EBC7D62}.Debug|x86.Build.0 = Debug|Any CPU
		{420C052B-634B-4600-AAAF-B7BB5EBC7D62}.Release|Any CPU.ActiveCfg = Release|Any CPU
		{420C052B-634B-4600-AAAF-B7BB5EBC7D62}.Release|Any CPU.Build.0 = Release|Any CPU
		{420C052B-634B-4600-AAAF-B7BB5EBC7D62}.Release|ARM.ActiveCfg = Release|Any CPU
		{420C052B-634B-4600-AAAF-B7BB5EBC7D62}.Release|ARM.Build.0 = Release|Any CPU
		{420C052B-634B-4600-AAAF-B7BB5EBC7D62}.Release|iPhone.ActiveCfg = Release|Any CPU
		{420C052B-634B-4600-AAAF-B7BB5EBC7D62}.Release|iPhone.Build.0 = Release|Any CPU
		{420C052B-634B-4600-AAAF-B7BB5EBC7D62}.Release|iPhoneSimulator.ActiveCfg = Release|Any CPU
		{420C052B-634B-4600-AAAF-B7BB5EBC7D62}.Release|iPhoneSimulator.Build.0 = Release|Any CPU
		{420C052B-634B-4600-AAAF-B7BB5EBC7D62}.Release|x64.ActiveCfg = Release|Any CPU
		{420C052B-634B-4600-AAAF-B7BB5EBC7D62}.Release|x64.Build.0 = Release|Any CPU
		{420C052B-634B-4600-AAAF-B7BB5EBC7D62}.Release|x86.ActiveCfg = Release|Any CPU
		{420C052B-634B-4600-AAAF-B7BB5EBC7D62}.Release|x86.Build.0 = Release|Any CPU
		{A520B2FC-527F-477A-950B-5C49AD87BF39}.Ad-Hoc|Any CPU.ActiveCfg = Debug|Any CPU
		{A520B2FC-527F-477A-950B-5C49AD87BF39}.Ad-Hoc|Any CPU.Build.0 = Debug|Any CPU
		{A520B2FC-527F-477A-950B-5C49AD87BF39}.Ad-Hoc|ARM.ActiveCfg = Debug|Any CPU
		{A520B2FC-527F-477A-950B-5C49AD87BF39}.Ad-Hoc|ARM.Build.0 = Debug|Any CPU
		{A520B2FC-527F-477A-950B-5C49AD87BF39}.Ad-Hoc|iPhone.ActiveCfg = Debug|Any CPU
		{A520B2FC-527F-477A-950B-5C49AD87BF39}.Ad-Hoc|iPhone.Build.0 = Debug|Any CPU
		{A520B2FC-527F-477A-950B-5C49AD87BF39}.Ad-Hoc|iPhoneSimulator.ActiveCfg = Debug|Any CPU
		{A520B2FC-527F-477A-950B-5C49AD87BF39}.Ad-Hoc|iPhoneSimulator.Build.0 = Debug|Any CPU
		{A520B2FC-527F-477A-950B-5C49AD87BF39}.Ad-Hoc|x64.ActiveCfg = Debug|Any CPU
		{A520B2FC-527F-477A-950B-5C49AD87BF39}.Ad-Hoc|x64.Build.0 = Debug|Any CPU
		{A520B2FC-527F-477A-950B-5C49AD87BF39}.Ad-Hoc|x86.ActiveCfg = Debug|Any CPU
		{A520B2FC-527F-477A-950B-5C49AD87BF39}.Ad-Hoc|x86.Build.0 = Debug|Any CPU
		{A520B2FC-527F-477A-950B-5C49AD87BF39}.AppStore|Any CPU.ActiveCfg = Debug|Any CPU
		{A520B2FC-527F-477A-950B-5C49AD87BF39}.AppStore|Any CPU.Build.0 = Debug|Any CPU
		{A520B2FC-527F-477A-950B-5C49AD87BF39}.AppStore|ARM.ActiveCfg = Debug|Any CPU
		{A520B2FC-527F-477A-950B-5C49AD87BF39}.AppStore|ARM.Build.0 = Debug|Any CPU
		{A520B2FC-527F-477A-950B-5C49AD87BF39}.AppStore|iPhone.ActiveCfg = Debug|Any CPU
		{A520B2FC-527F-477A-950B-5C49AD87BF39}.AppStore|iPhone.Build.0 = Debug|Any CPU
		{A520B2FC-527F-477A-950B-5C49AD87BF39}.AppStore|iPhoneSimulator.ActiveCfg = Debug|Any CPU
		{A520B2FC-527F-477A-950B-5C49AD87BF39}.AppStore|iPhoneSimulator.Build.0 = Debug|Any CPU
		{A520B2FC-527F-477A-950B-5C49AD87BF39}.AppStore|x64.ActiveCfg = Debug|Any CPU
		{A520B2FC-527F-477A-950B-5C49AD87BF39}.AppStore|x64.Build.0 = Debug|Any CPU
		{A520B2FC-527F-477A-950B-5C49AD87BF39}.AppStore|x86.ActiveCfg = Debug|Any CPU
		{A520B2FC-527F-477A-950B-5C49AD87BF39}.AppStore|x86.Build.0 = Debug|Any CPU
		{A520B2FC-527F-477A-950B-5C49AD87BF39}.Debug|Any CPU.ActiveCfg = Debug|Any CPU
		{A520B2FC-527F-477A-950B-5C49AD87BF39}.Debug|Any CPU.Build.0 = Debug|Any CPU
		{A520B2FC-527F-477A-950B-5C49AD87BF39}.Debug|ARM.ActiveCfg = Debug|Any CPU
		{A520B2FC-527F-477A-950B-5C49AD87BF39}.Debug|ARM.Build.0 = Debug|Any CPU
		{A520B2FC-527F-477A-950B-5C49AD87BF39}.Debug|iPhone.ActiveCfg = Debug|Any CPU
		{A520B2FC-527F-477A-950B-5C49AD87BF39}.Debug|iPhone.Build.0 = Debug|Any CPU
		{A520B2FC-527F-477A-950B-5C49AD87BF39}.Debug|iPhoneSimulator.ActiveCfg = Debug|Any CPU
		{A520B2FC-527F-477A-950B-5C49AD87BF39}.Debug|iPhoneSimulator.Build.0 = Debug|Any CPU
		{A520B2FC-527F-477A-950B-5C49AD87BF39}.Debug|x64.ActiveCfg = Debug|Any CPU
		{A520B2FC-527F-477A-950B-5C49AD87BF39}.Debug|x64.Build.0 = Debug|Any CPU
		{A520B2FC-527F-477A-950B-5C49AD87BF39}.Debug|x86.ActiveCfg = Debug|Any CPU
		{A520B2FC-527F-477A-950B-5C49AD87BF39}.Debug|x86.Build.0 = Debug|Any CPU
		{A520B2FC-527F-477A-950B-5C49AD87BF39}.Release|Any CPU.ActiveCfg = Release|Any CPU
		{A520B2FC-527F-477A-950B-5C49AD87BF39}.Release|Any CPU.Build.0 = Release|Any CPU
		{A520B2FC-527F-477A-950B-5C49AD87BF39}.Release|ARM.ActiveCfg = Release|Any CPU
		{A520B2FC-527F-477A-950B-5C49AD87BF39}.Release|ARM.Build.0 = Release|Any CPU
		{A520B2FC-527F-477A-950B-5C49AD87BF39}.Release|iPhone.ActiveCfg = Release|Any CPU
		{A520B2FC-527F-477A-950B-5C49AD87BF39}.Release|iPhone.Build.0 = Release|Any CPU
		{A520B2FC-527F-477A-950B-5C49AD87BF39}.Release|iPhoneSimulator.ActiveCfg = Release|Any CPU
		{A520B2FC-527F-477A-950B-5C49AD87BF39}.Release|iPhoneSimulator.Build.0 = Release|Any CPU
		{A520B2FC-527F-477A-950B-5C49AD87BF39}.Release|x64.ActiveCfg = Release|Any CPU
		{A520B2FC-527F-477A-950B-5C49AD87BF39}.Release|x64.Build.0 = Release|Any CPU
		{A520B2FC-527F-477A-950B-5C49AD87BF39}.Release|x86.ActiveCfg = Release|Any CPU
		{A520B2FC-527F-477A-950B-5C49AD87BF39}.Release|x86.Build.0 = Release|Any CPU
		{C1123965-0FC6-4BDF-A401-312387CDCB5A}.Ad-Hoc|Any CPU.ActiveCfg = Release|Any CPU
		{C1123965-0FC6-4BDF-A401-312387CDCB5A}.Ad-Hoc|Any CPU.Build.0 = Release|Any CPU
		{C1123965-0FC6-4BDF-A401-312387CDCB5A}.Ad-Hoc|ARM.ActiveCfg = Release|Any CPU
		{C1123965-0FC6-4BDF-A401-312387CDCB5A}.Ad-Hoc|ARM.Build.0 = Release|Any CPU
		{C1123965-0FC6-4BDF-A401-312387CDCB5A}.Ad-Hoc|iPhone.ActiveCfg = Release|Any CPU
		{C1123965-0FC6-4BDF-A401-312387CDCB5A}.Ad-Hoc|iPhone.Build.0 = Release|Any CPU
		{C1123965-0FC6-4BDF-A401-312387CDCB5A}.Ad-Hoc|iPhoneSimulator.ActiveCfg = Release|Any CPU
		{C1123965-0FC6-4BDF-A401-312387CDCB5A}.Ad-Hoc|iPhoneSimulator.Build.0 = Release|Any CPU
		{C1123965-0FC6-4BDF-A401-312387CDCB5A}.Ad-Hoc|x64.ActiveCfg = Release|Any CPU
		{C1123965-0FC6-4BDF-A401-312387CDCB5A}.Ad-Hoc|x64.Build.0 = Release|Any CPU
		{C1123965-0FC6-4BDF-A401-312387CDCB5A}.Ad-Hoc|x86.ActiveCfg = Release|Any CPU
		{C1123965-0FC6-4BDF-A401-312387CDCB5A}.Ad-Hoc|x86.Build.0 = Release|Any CPU
		{C1123965-0FC6-4BDF-A401-312387CDCB5A}.AppStore|Any CPU.ActiveCfg = Release|Any CPU
		{C1123965-0FC6-4BDF-A401-312387CDCB5A}.AppStore|Any CPU.Build.0 = Release|Any CPU
		{C1123965-0FC6-4BDF-A401-312387CDCB5A}.AppStore|ARM.ActiveCfg = Release|Any CPU
		{C1123965-0FC6-4BDF-A401-312387CDCB5A}.AppStore|ARM.Build.0 = Release|Any CPU
		{C1123965-0FC6-4BDF-A401-312387CDCB5A}.AppStore|iPhone.ActiveCfg = Release|Any CPU
		{C1123965-0FC6-4BDF-A401-312387CDCB5A}.AppStore|iPhone.Build.0 = Release|Any CPU
		{C1123965-0FC6-4BDF-A401-312387CDCB5A}.AppStore|iPhoneSimulator.ActiveCfg = Release|Any CPU
		{C1123965-0FC6-4BDF-A401-312387CDCB5A}.AppStore|iPhoneSimulator.Build.0 = Release|Any CPU
		{C1123965-0FC6-4BDF-A401-312387CDCB5A}.AppStore|x64.ActiveCfg = Release|Any CPU
		{C1123965-0FC6-4BDF-A401-312387CDCB5A}.AppStore|x64.Build.0 = Release|Any CPU
		{C1123965-0FC6-4BDF-A401-312387CDCB5A}.AppStore|x86.ActiveCfg = Release|Any CPU
		{C1123965-0FC6-4BDF-A401-312387CDCB5A}.AppStore|x86.Build.0 = Release|Any CPU
		{C1123965-0FC6-4BDF-A401-312387CDCB5A}.Debug|Any CPU.ActiveCfg = Debug|Any CPU
		{C1123965-0FC6-4BDF-A401-312387CDCB5A}.Debug|Any CPU.Build.0 = Debug|Any CPU
		{C1123965-0FC6-4BDF-A401-312387CDCB5A}.Debug|ARM.ActiveCfg = Debug|Any CPU
		{C1123965-0FC6-4BDF-A401-312387CDCB5A}.Debug|ARM.Build.0 = Debug|Any CPU
		{C1123965-0FC6-4BDF-A401-312387CDCB5A}.Debug|iPhone.ActiveCfg = Debug|Any CPU
		{C1123965-0FC6-4BDF-A401-312387CDCB5A}.Debug|iPhone.Build.0 = Debug|Any CPU
		{C1123965-0FC6-4BDF-A401-312387CDCB5A}.Debug|iPhoneSimulator.ActiveCfg = Debug|Any CPU
		{C1123965-0FC6-4BDF-A401-312387CDCB5A}.Debug|iPhoneSimulator.Build.0 = Debug|Any CPU
		{C1123965-0FC6-4BDF-A401-312387CDCB5A}.Debug|x64.ActiveCfg = Debug|Any CPU
		{C1123965-0FC6-4BDF-A401-312387CDCB5A}.Debug|x64.Build.0 = Debug|Any CPU
		{C1123965-0FC6-4BDF-A401-312387CDCB5A}.Debug|x86.ActiveCfg = Debug|Any CPU
		{C1123965-0FC6-4BDF-A401-312387CDCB5A}.Debug|x86.Build.0 = Debug|Any CPU
		{C1123965-0FC6-4BDF-A401-312387CDCB5A}.Release|Any CPU.ActiveCfg = Release|Any CPU
		{C1123965-0FC6-4BDF-A401-312387CDCB5A}.Release|Any CPU.Build.0 = Release|Any CPU
		{C1123965-0FC6-4BDF-A401-312387CDCB5A}.Release|ARM.ActiveCfg = Release|Any CPU
		{C1123965-0FC6-4BDF-A401-312387CDCB5A}.Release|ARM.Build.0 = Release|Any CPU
		{C1123965-0FC6-4BDF-A401-312387CDCB5A}.Release|iPhone.ActiveCfg = Release|Any CPU
		{C1123965-0FC6-4BDF-A401-312387CDCB5A}.Release|iPhone.Build.0 = Release|Any CPU
		{C1123965-0FC6-4BDF-A401-312387CDCB5A}.Release|iPhoneSimulator.ActiveCfg = Release|Any CPU
		{C1123965-0FC6-4BDF-A401-312387CDCB5A}.Release|iPhoneSimulator.Build.0 = Release|Any CPU
		{C1123965-0FC6-4BDF-A401-312387CDCB5A}.Release|x64.ActiveCfg = Release|Any CPU
		{C1123965-0FC6-4BDF-A401-312387CDCB5A}.Release|x64.Build.0 = Release|Any CPU
		{C1123965-0FC6-4BDF-A401-312387CDCB5A}.Release|x86.ActiveCfg = Release|Any CPU
		{C1123965-0FC6-4BDF-A401-312387CDCB5A}.Release|x86.Build.0 = Release|Any CPU
		{429D5642-B8E9-4354-8C55-D38F942084B8}.Ad-Hoc|Any CPU.ActiveCfg = Release|Any CPU
		{429D5642-B8E9-4354-8C55-D38F942084B8}.Ad-Hoc|Any CPU.Build.0 = Release|Any CPU
		{429D5642-B8E9-4354-8C55-D38F942084B8}.Ad-Hoc|ARM.ActiveCfg = Release|Any CPU
		{429D5642-B8E9-4354-8C55-D38F942084B8}.Ad-Hoc|ARM.Build.0 = Release|Any CPU
		{429D5642-B8E9-4354-8C55-D38F942084B8}.Ad-Hoc|iPhone.ActiveCfg = Release|Any CPU
		{429D5642-B8E9-4354-8C55-D38F942084B8}.Ad-Hoc|iPhone.Build.0 = Release|Any CPU
		{429D5642-B8E9-4354-8C55-D38F942084B8}.Ad-Hoc|iPhoneSimulator.ActiveCfg = Release|Any CPU
		{429D5642-B8E9-4354-8C55-D38F942084B8}.Ad-Hoc|iPhoneSimulator.Build.0 = Release|Any CPU
		{429D5642-B8E9-4354-8C55-D38F942084B8}.Ad-Hoc|x64.ActiveCfg = Release|Any CPU
		{429D5642-B8E9-4354-8C55-D38F942084B8}.Ad-Hoc|x64.Build.0 = Release|Any CPU
		{429D5642-B8E9-4354-8C55-D38F942084B8}.Ad-Hoc|x86.ActiveCfg = Release|Any CPU
		{429D5642-B8E9-4354-8C55-D38F942084B8}.Ad-Hoc|x86.Build.0 = Release|Any CPU
		{429D5642-B8E9-4354-8C55-D38F942084B8}.AppStore|Any CPU.ActiveCfg = Release|Any CPU
		{429D5642-B8E9-4354-8C55-D38F942084B8}.AppStore|Any CPU.Build.0 = Release|Any CPU
		{429D5642-B8E9-4354-8C55-D38F942084B8}.AppStore|ARM.ActiveCfg = Release|Any CPU
		{429D5642-B8E9-4354-8C55-D38F942084B8}.AppStore|ARM.Build.0 = Release|Any CPU
		{429D5642-B8E9-4354-8C55-D38F942084B8}.AppStore|iPhone.ActiveCfg = Release|Any CPU
		{429D5642-B8E9-4354-8C55-D38F942084B8}.AppStore|iPhone.Build.0 = Release|Any CPU
		{429D5642-B8E9-4354-8C55-D38F942084B8}.AppStore|iPhoneSimulator.ActiveCfg = Release|Any CPU
		{429D5642-B8E9-4354-8C55-D38F942084B8}.AppStore|iPhoneSimulator.Build.0 = Release|Any CPU
		{429D5642-B8E9-4354-8C55-D38F942084B8}.AppStore|x64.ActiveCfg = Release|Any CPU
		{429D5642-B8E9-4354-8C55-D38F942084B8}.AppStore|x64.Build.0 = Release|Any CPU
		{429D5642-B8E9-4354-8C55-D38F942084B8}.AppStore|x86.ActiveCfg = Release|Any CPU
		{429D5642-B8E9-4354-8C55-D38F942084B8}.AppStore|x86.Build.0 = Release|Any CPU
		{429D5642-B8E9-4354-8C55-D38F942084B8}.Debug|Any CPU.ActiveCfg = Debug|Any CPU
		{429D5642-B8E9-4354-8C55-D38F942084B8}.Debug|Any CPU.Build.0 = Debug|Any CPU
		{429D5642-B8E9-4354-8C55-D38F942084B8}.Debug|ARM.ActiveCfg = Debug|Any CPU
		{429D5642-B8E9-4354-8C55-D38F942084B8}.Debug|ARM.Build.0 = Debug|Any CPU
		{429D5642-B8E9-4354-8C55-D38F942084B8}.Debug|iPhone.ActiveCfg = Debug|Any CPU
		{429D5642-B8E9-4354-8C55-D38F942084B8}.Debug|iPhone.Build.0 = Debug|Any CPU
		{429D5642-B8E9-4354-8C55-D38F942084B8}.Debug|iPhoneSimulator.ActiveCfg = Debug|Any CPU
		{429D5642-B8E9-4354-8C55-D38F942084B8}.Debug|iPhoneSimulator.Build.0 = Debug|Any CPU
		{429D5642-B8E9-4354-8C55-D38F942084B8}.Debug|x64.ActiveCfg = Debug|Any CPU
		{429D5642-B8E9-4354-8C55-D38F942084B8}.Debug|x64.Build.0 = Debug|Any CPU
		{429D5642-B8E9-4354-8C55-D38F942084B8}.Debug|x86.ActiveCfg = Debug|Any CPU
		{429D5642-B8E9-4354-8C55-D38F942084B8}.Debug|x86.Build.0 = Debug|Any CPU
		{429D5642-B8E9-4354-8C55-D38F942084B8}.Release|Any CPU.ActiveCfg = Release|Any CPU
		{429D5642-B8E9-4354-8C55-D38F942084B8}.Release|Any CPU.Build.0 = Release|Any CPU
		{429D5642-B8E9-4354-8C55-D38F942084B8}.Release|ARM.ActiveCfg = Release|Any CPU
		{429D5642-B8E9-4354-8C55-D38F942084B8}.Release|ARM.Build.0 = Release|Any CPU
		{429D5642-B8E9-4354-8C55-D38F942084B8}.Release|iPhone.ActiveCfg = Release|Any CPU
		{429D5642-B8E9-4354-8C55-D38F942084B8}.Release|iPhone.Build.0 = Release|Any CPU
		{429D5642-B8E9-4354-8C55-D38F942084B8}.Release|iPhoneSimulator.ActiveCfg = Release|Any CPU
		{429D5642-B8E9-4354-8C55-D38F942084B8}.Release|iPhoneSimulator.Build.0 = Release|Any CPU
		{429D5642-B8E9-4354-8C55-D38F942084B8}.Release|x64.ActiveCfg = Release|Any CPU
		{429D5642-B8E9-4354-8C55-D38F942084B8}.Release|x64.Build.0 = Release|Any CPU
		{429D5642-B8E9-4354-8C55-D38F942084B8}.Release|x86.ActiveCfg = Release|Any CPU
		{429D5642-B8E9-4354-8C55-D38F942084B8}.Release|x86.Build.0 = Release|Any CPU
		{BBB973B0-F7B7-4248-940F-5E35CFE0CB0B}.Ad-Hoc|Any CPU.ActiveCfg = Debug|Any CPU
		{BBB973B0-F7B7-4248-940F-5E35CFE0CB0B}.Ad-Hoc|Any CPU.Build.0 = Debug|Any CPU
		{BBB973B0-F7B7-4248-940F-5E35CFE0CB0B}.Ad-Hoc|ARM.ActiveCfg = Debug|Any CPU
		{BBB973B0-F7B7-4248-940F-5E35CFE0CB0B}.Ad-Hoc|ARM.Build.0 = Debug|Any CPU
		{BBB973B0-F7B7-4248-940F-5E35CFE0CB0B}.Ad-Hoc|iPhone.ActiveCfg = Debug|Any CPU
		{BBB973B0-F7B7-4248-940F-5E35CFE0CB0B}.Ad-Hoc|iPhone.Build.0 = Debug|Any CPU
		{BBB973B0-F7B7-4248-940F-5E35CFE0CB0B}.Ad-Hoc|iPhoneSimulator.ActiveCfg = Debug|Any CPU
		{BBB973B0-F7B7-4248-940F-5E35CFE0CB0B}.Ad-Hoc|iPhoneSimulator.Build.0 = Debug|Any CPU
		{BBB973B0-F7B7-4248-940F-5E35CFE0CB0B}.Ad-Hoc|x64.ActiveCfg = Debug|Any CPU
		{BBB973B0-F7B7-4248-940F-5E35CFE0CB0B}.Ad-Hoc|x64.Build.0 = Debug|Any CPU
		{BBB973B0-F7B7-4248-940F-5E35CFE0CB0B}.Ad-Hoc|x86.ActiveCfg = Debug|Any CPU
		{BBB973B0-F7B7-4248-940F-5E35CFE0CB0B}.Ad-Hoc|x86.Build.0 = Debug|Any CPU
		{BBB973B0-F7B7-4248-940F-5E35CFE0CB0B}.AppStore|Any CPU.ActiveCfg = Debug|Any CPU
		{BBB973B0-F7B7-4248-940F-5E35CFE0CB0B}.AppStore|Any CPU.Build.0 = Debug|Any CPU
		{BBB973B0-F7B7-4248-940F-5E35CFE0CB0B}.AppStore|ARM.ActiveCfg = Debug|Any CPU
		{BBB973B0-F7B7-4248-940F-5E35CFE0CB0B}.AppStore|ARM.Build.0 = Debug|Any CPU
		{BBB973B0-F7B7-4248-940F-5E35CFE0CB0B}.AppStore|iPhone.ActiveCfg = Debug|Any CPU
		{BBB973B0-F7B7-4248-940F-5E35CFE0CB0B}.AppStore|iPhone.Build.0 = Debug|Any CPU
		{BBB973B0-F7B7-4248-940F-5E35CFE0CB0B}.AppStore|iPhoneSimulator.ActiveCfg = Debug|Any CPU
		{BBB973B0-F7B7-4248-940F-5E35CFE0CB0B}.AppStore|iPhoneSimulator.Build.0 = Debug|Any CPU
		{BBB973B0-F7B7-4248-940F-5E35CFE0CB0B}.AppStore|x64.ActiveCfg = Debug|Any CPU
		{BBB973B0-F7B7-4248-940F-5E35CFE0CB0B}.AppStore|x64.Build.0 = Debug|Any CPU
		{BBB973B0-F7B7-4248-940F-5E35CFE0CB0B}.AppStore|x86.ActiveCfg = Debug|Any CPU
		{BBB973B0-F7B7-4248-940F-5E35CFE0CB0B}.AppStore|x86.Build.0 = Debug|Any CPU
		{BBB973B0-F7B7-4248-940F-5E35CFE0CB0B}.Debug|Any CPU.ActiveCfg = Debug|Any CPU
		{BBB973B0-F7B7-4248-940F-5E35CFE0CB0B}.Debug|Any CPU.Build.0 = Debug|Any CPU
		{BBB973B0-F7B7-4248-940F-5E35CFE0CB0B}.Debug|ARM.ActiveCfg = Debug|Any CPU
		{BBB973B0-F7B7-4248-940F-5E35CFE0CB0B}.Debug|ARM.Build.0 = Debug|Any CPU
		{BBB973B0-F7B7-4248-940F-5E35CFE0CB0B}.Debug|iPhone.ActiveCfg = Debug|Any CPU
		{BBB973B0-F7B7-4248-940F-5E35CFE0CB0B}.Debug|iPhone.Build.0 = Debug|Any CPU
		{BBB973B0-F7B7-4248-940F-5E35CFE0CB0B}.Debug|iPhoneSimulator.ActiveCfg = Debug|Any CPU
		{BBB973B0-F7B7-4248-940F-5E35CFE0CB0B}.Debug|iPhoneSimulator.Build.0 = Debug|Any CPU
		{BBB973B0-F7B7-4248-940F-5E35CFE0CB0B}.Debug|x64.ActiveCfg = Debug|Any CPU
		{BBB973B0-F7B7-4248-940F-5E35CFE0CB0B}.Debug|x64.Build.0 = Debug|Any CPU
		{BBB973B0-F7B7-4248-940F-5E35CFE0CB0B}.Debug|x86.ActiveCfg = Debug|Any CPU
		{BBB973B0-F7B7-4248-940F-5E35CFE0CB0B}.Debug|x86.Build.0 = Debug|Any CPU
		{BBB973B0-F7B7-4248-940F-5E35CFE0CB0B}.Release|Any CPU.ActiveCfg = Release|Any CPU
		{BBB973B0-F7B7-4248-940F-5E35CFE0CB0B}.Release|Any CPU.Build.0 = Release|Any CPU
		{BBB973B0-F7B7-4248-940F-5E35CFE0CB0B}.Release|ARM.ActiveCfg = Release|Any CPU
		{BBB973B0-F7B7-4248-940F-5E35CFE0CB0B}.Release|ARM.Build.0 = Release|Any CPU
		{BBB973B0-F7B7-4248-940F-5E35CFE0CB0B}.Release|iPhone.ActiveCfg = Release|Any CPU
		{BBB973B0-F7B7-4248-940F-5E35CFE0CB0B}.Release|iPhone.Build.0 = Release|Any CPU
		{BBB973B0-F7B7-4248-940F-5E35CFE0CB0B}.Release|iPhoneSimulator.ActiveCfg = Release|Any CPU
		{BBB973B0-F7B7-4248-940F-5E35CFE0CB0B}.Release|iPhoneSimulator.Build.0 = Release|Any CPU
		{BBB973B0-F7B7-4248-940F-5E35CFE0CB0B}.Release|x64.ActiveCfg = Release|Any CPU
		{BBB973B0-F7B7-4248-940F-5E35CFE0CB0B}.Release|x64.Build.0 = Release|Any CPU
		{BBB973B0-F7B7-4248-940F-5E35CFE0CB0B}.Release|x86.ActiveCfg = Release|Any CPU
		{BBB973B0-F7B7-4248-940F-5E35CFE0CB0B}.Release|x86.Build.0 = Release|Any CPU
		{65AA5C18-5C96-4F92-AD56-127B4A5C1073}.Ad-Hoc|Any CPU.ActiveCfg = Debug|Any CPU
		{65AA5C18-5C96-4F92-AD56-127B4A5C1073}.Ad-Hoc|Any CPU.Build.0 = Debug|Any CPU
		{65AA5C18-5C96-4F92-AD56-127B4A5C1073}.Ad-Hoc|ARM.ActiveCfg = Debug|Any CPU
		{65AA5C18-5C96-4F92-AD56-127B4A5C1073}.Ad-Hoc|ARM.Build.0 = Debug|Any CPU
		{65AA5C18-5C96-4F92-AD56-127B4A5C1073}.Ad-Hoc|iPhone.ActiveCfg = Debug|Any CPU
		{65AA5C18-5C96-4F92-AD56-127B4A5C1073}.Ad-Hoc|iPhone.Build.0 = Debug|Any CPU
		{65AA5C18-5C96-4F92-AD56-127B4A5C1073}.Ad-Hoc|iPhoneSimulator.ActiveCfg = Debug|Any CPU
		{65AA5C18-5C96-4F92-AD56-127B4A5C1073}.Ad-Hoc|iPhoneSimulator.Build.0 = Debug|Any CPU
		{65AA5C18-5C96-4F92-AD56-127B4A5C1073}.Ad-Hoc|x64.ActiveCfg = Debug|Any CPU
		{65AA5C18-5C96-4F92-AD56-127B4A5C1073}.Ad-Hoc|x64.Build.0 = Debug|Any CPU
		{65AA5C18-5C96-4F92-AD56-127B4A5C1073}.Ad-Hoc|x86.ActiveCfg = Debug|Any CPU
		{65AA5C18-5C96-4F92-AD56-127B4A5C1073}.Ad-Hoc|x86.Build.0 = Debug|Any CPU
		{65AA5C18-5C96-4F92-AD56-127B4A5C1073}.AppStore|Any CPU.ActiveCfg = Debug|Any CPU
		{65AA5C18-5C96-4F92-AD56-127B4A5C1073}.AppStore|Any CPU.Build.0 = Debug|Any CPU
		{65AA5C18-5C96-4F92-AD56-127B4A5C1073}.AppStore|ARM.ActiveCfg = Debug|Any CPU
		{65AA5C18-5C96-4F92-AD56-127B4A5C1073}.AppStore|ARM.Build.0 = Debug|Any CPU
		{65AA5C18-5C96-4F92-AD56-127B4A5C1073}.AppStore|iPhone.ActiveCfg = Debug|Any CPU
		{65AA5C18-5C96-4F92-AD56-127B4A5C1073}.AppStore|iPhone.Build.0 = Debug|Any CPU
		{65AA5C18-5C96-4F92-AD56-127B4A5C1073}.AppStore|iPhoneSimulator.ActiveCfg = Debug|Any CPU
		{65AA5C18-5C96-4F92-AD56-127B4A5C1073}.AppStore|iPhoneSimulator.Build.0 = Debug|Any CPU
		{65AA5C18-5C96-4F92-AD56-127B4A5C1073}.AppStore|x64.ActiveCfg = Debug|Any CPU
		{65AA5C18-5C96-4F92-AD56-127B4A5C1073}.AppStore|x64.Build.0 = Debug|Any CPU
		{65AA5C18-5C96-4F92-AD56-127B4A5C1073}.AppStore|x86.ActiveCfg = Debug|Any CPU
		{65AA5C18-5C96-4F92-AD56-127B4A5C1073}.AppStore|x86.Build.0 = Debug|Any CPU
		{65AA5C18-5C96-4F92-AD56-127B4A5C1073}.Debug|Any CPU.ActiveCfg = Debug|Any CPU
		{65AA5C18-5C96-4F92-AD56-127B4A5C1073}.Debug|Any CPU.Build.0 = Debug|Any CPU
		{65AA5C18-5C96-4F92-AD56-127B4A5C1073}.Debug|ARM.ActiveCfg = Debug|Any CPU
		{65AA5C18-5C96-4F92-AD56-127B4A5C1073}.Debug|ARM.Build.0 = Debug|Any CPU
		{65AA5C18-5C96-4F92-AD56-127B4A5C1073}.Debug|iPhone.ActiveCfg = Debug|Any CPU
		{65AA5C18-5C96-4F92-AD56-127B4A5C1073}.Debug|iPhone.Build.0 = Debug|Any CPU
		{65AA5C18-5C96-4F92-AD56-127B4A5C1073}.Debug|iPhoneSimulator.ActiveCfg = Debug|Any CPU
		{65AA5C18-5C96-4F92-AD56-127B4A5C1073}.Debug|iPhoneSimulator.Build.0 = Debug|Any CPU
		{65AA5C18-5C96-4F92-AD56-127B4A5C1073}.Debug|x64.ActiveCfg = Debug|Any CPU
		{65AA5C18-5C96-4F92-AD56-127B4A5C1073}.Debug|x64.Build.0 = Debug|Any CPU
		{65AA5C18-5C96-4F92-AD56-127B4A5C1073}.Debug|x86.ActiveCfg = Debug|Any CPU
		{65AA5C18-5C96-4F92-AD56-127B4A5C1073}.Debug|x86.Build.0 = Debug|Any CPU
		{65AA5C18-5C96-4F92-AD56-127B4A5C1073}.Release|Any CPU.ActiveCfg = Release|Any CPU
		{65AA5C18-5C96-4F92-AD56-127B4A5C1073}.Release|Any CPU.Build.0 = Release|Any CPU
		{65AA5C18-5C96-4F92-AD56-127B4A5C1073}.Release|ARM.ActiveCfg = Release|Any CPU
		{65AA5C18-5C96-4F92-AD56-127B4A5C1073}.Release|ARM.Build.0 = Release|Any CPU
		{65AA5C18-5C96-4F92-AD56-127B4A5C1073}.Release|iPhone.ActiveCfg = Release|Any CPU
		{65AA5C18-5C96-4F92-AD56-127B4A5C1073}.Release|iPhone.Build.0 = Release|Any CPU
		{65AA5C18-5C96-4F92-AD56-127B4A5C1073}.Release|iPhoneSimulator.ActiveCfg = Release|Any CPU
		{65AA5C18-5C96-4F92-AD56-127B4A5C1073}.Release|iPhoneSimulator.Build.0 = Release|Any CPU
		{65AA5C18-5C96-4F92-AD56-127B4A5C1073}.Release|x64.ActiveCfg = Release|Any CPU
		{65AA5C18-5C96-4F92-AD56-127B4A5C1073}.Release|x64.Build.0 = Release|Any CPU
		{65AA5C18-5C96-4F92-AD56-127B4A5C1073}.Release|x86.ActiveCfg = Release|Any CPU
		{65AA5C18-5C96-4F92-AD56-127B4A5C1073}.Release|x86.Build.0 = Release|Any CPU
		{D8BBC9D4-77A8-428F-A77C-AE9D0CB9E748}.Ad-Hoc|Any CPU.ActiveCfg = Release|Any CPU
		{D8BBC9D4-77A8-428F-A77C-AE9D0CB9E748}.Ad-Hoc|Any CPU.Build.0 = Release|Any CPU
		{D8BBC9D4-77A8-428F-A77C-AE9D0CB9E748}.Ad-Hoc|Any CPU.Deploy.0 = Release|Any CPU
		{D8BBC9D4-77A8-428F-A77C-AE9D0CB9E748}.Ad-Hoc|ARM.ActiveCfg = Release|Any CPU
		{D8BBC9D4-77A8-428F-A77C-AE9D0CB9E748}.Ad-Hoc|ARM.Build.0 = Release|Any CPU
		{D8BBC9D4-77A8-428F-A77C-AE9D0CB9E748}.Ad-Hoc|ARM.Deploy.0 = Release|Any CPU
		{D8BBC9D4-77A8-428F-A77C-AE9D0CB9E748}.Ad-Hoc|iPhone.ActiveCfg = Release|Any CPU
		{D8BBC9D4-77A8-428F-A77C-AE9D0CB9E748}.Ad-Hoc|iPhone.Build.0 = Release|Any CPU
		{D8BBC9D4-77A8-428F-A77C-AE9D0CB9E748}.Ad-Hoc|iPhone.Deploy.0 = Release|Any CPU
		{D8BBC9D4-77A8-428F-A77C-AE9D0CB9E748}.Ad-Hoc|iPhoneSimulator.ActiveCfg = Release|Any CPU
		{D8BBC9D4-77A8-428F-A77C-AE9D0CB9E748}.Ad-Hoc|iPhoneSimulator.Build.0 = Release|Any CPU
		{D8BBC9D4-77A8-428F-A77C-AE9D0CB9E748}.Ad-Hoc|iPhoneSimulator.Deploy.0 = Release|Any CPU
		{D8BBC9D4-77A8-428F-A77C-AE9D0CB9E748}.Ad-Hoc|x64.ActiveCfg = Release|Any CPU
		{D8BBC9D4-77A8-428F-A77C-AE9D0CB9E748}.Ad-Hoc|x64.Build.0 = Release|Any CPU
		{D8BBC9D4-77A8-428F-A77C-AE9D0CB9E748}.Ad-Hoc|x64.Deploy.0 = Release|Any CPU
		{D8BBC9D4-77A8-428F-A77C-AE9D0CB9E748}.Ad-Hoc|x86.ActiveCfg = Release|Any CPU
		{D8BBC9D4-77A8-428F-A77C-AE9D0CB9E748}.Ad-Hoc|x86.Build.0 = Release|Any CPU
		{D8BBC9D4-77A8-428F-A77C-AE9D0CB9E748}.Ad-Hoc|x86.Deploy.0 = Release|Any CPU
		{D8BBC9D4-77A8-428F-A77C-AE9D0CB9E748}.AppStore|Any CPU.ActiveCfg = Release|Any CPU
		{D8BBC9D4-77A8-428F-A77C-AE9D0CB9E748}.AppStore|Any CPU.Build.0 = Release|Any CPU
		{D8BBC9D4-77A8-428F-A77C-AE9D0CB9E748}.AppStore|Any CPU.Deploy.0 = Release|Any CPU
		{D8BBC9D4-77A8-428F-A77C-AE9D0CB9E748}.AppStore|ARM.ActiveCfg = Release|Any CPU
		{D8BBC9D4-77A8-428F-A77C-AE9D0CB9E748}.AppStore|ARM.Build.0 = Release|Any CPU
		{D8BBC9D4-77A8-428F-A77C-AE9D0CB9E748}.AppStore|ARM.Deploy.0 = Release|Any CPU
		{D8BBC9D4-77A8-428F-A77C-AE9D0CB9E748}.AppStore|iPhone.ActiveCfg = Release|Any CPU
		{D8BBC9D4-77A8-428F-A77C-AE9D0CB9E748}.AppStore|iPhone.Build.0 = Release|Any CPU
		{D8BBC9D4-77A8-428F-A77C-AE9D0CB9E748}.AppStore|iPhone.Deploy.0 = Release|Any CPU
		{D8BBC9D4-77A8-428F-A77C-AE9D0CB9E748}.AppStore|iPhoneSimulator.ActiveCfg = Release|Any CPU
		{D8BBC9D4-77A8-428F-A77C-AE9D0CB9E748}.AppStore|iPhoneSimulator.Build.0 = Release|Any CPU
		{D8BBC9D4-77A8-428F-A77C-AE9D0CB9E748}.AppStore|iPhoneSimulator.Deploy.0 = Release|Any CPU
		{D8BBC9D4-77A8-428F-A77C-AE9D0CB9E748}.AppStore|x64.ActiveCfg = Release|Any CPU
		{D8BBC9D4-77A8-428F-A77C-AE9D0CB9E748}.AppStore|x64.Build.0 = Release|Any CPU
		{D8BBC9D4-77A8-428F-A77C-AE9D0CB9E748}.AppStore|x64.Deploy.0 = Release|Any CPU
		{D8BBC9D4-77A8-428F-A77C-AE9D0CB9E748}.AppStore|x86.ActiveCfg = Release|Any CPU
		{D8BBC9D4-77A8-428F-A77C-AE9D0CB9E748}.AppStore|x86.Build.0 = Release|Any CPU
		{D8BBC9D4-77A8-428F-A77C-AE9D0CB9E748}.AppStore|x86.Deploy.0 = Release|Any CPU
		{D8BBC9D4-77A8-428F-A77C-AE9D0CB9E748}.Debug|Any CPU.ActiveCfg = Debug|Any CPU
		{D8BBC9D4-77A8-428F-A77C-AE9D0CB9E748}.Debug|Any CPU.Build.0 = Debug|Any CPU
		{D8BBC9D4-77A8-428F-A77C-AE9D0CB9E748}.Debug|Any CPU.Deploy.0 = Debug|Any CPU
		{D8BBC9D4-77A8-428F-A77C-AE9D0CB9E748}.Debug|ARM.ActiveCfg = Debug|Any CPU
		{D8BBC9D4-77A8-428F-A77C-AE9D0CB9E748}.Debug|ARM.Build.0 = Debug|Any CPU
		{D8BBC9D4-77A8-428F-A77C-AE9D0CB9E748}.Debug|ARM.Deploy.0 = Debug|Any CPU
		{D8BBC9D4-77A8-428F-A77C-AE9D0CB9E748}.Debug|iPhone.ActiveCfg = Debug|Any CPU
		{D8BBC9D4-77A8-428F-A77C-AE9D0CB9E748}.Debug|iPhone.Build.0 = Debug|Any CPU
		{D8BBC9D4-77A8-428F-A77C-AE9D0CB9E748}.Debug|iPhone.Deploy.0 = Debug|Any CPU
		{D8BBC9D4-77A8-428F-A77C-AE9D0CB9E748}.Debug|iPhoneSimulator.ActiveCfg = Debug|Any CPU
		{D8BBC9D4-77A8-428F-A77C-AE9D0CB9E748}.Debug|iPhoneSimulator.Build.0 = Debug|Any CPU
		{D8BBC9D4-77A8-428F-A77C-AE9D0CB9E748}.Debug|iPhoneSimulator.Deploy.0 = Debug|Any CPU
		{D8BBC9D4-77A8-428F-A77C-AE9D0CB9E748}.Debug|x64.ActiveCfg = Debug|Any CPU
		{D8BBC9D4-77A8-428F-A77C-AE9D0CB9E748}.Debug|x64.Build.0 = Debug|Any CPU
		{D8BBC9D4-77A8-428F-A77C-AE9D0CB9E748}.Debug|x64.Deploy.0 = Debug|Any CPU
		{D8BBC9D4-77A8-428F-A77C-AE9D0CB9E748}.Debug|x86.ActiveCfg = Debug|Any CPU
		{D8BBC9D4-77A8-428F-A77C-AE9D0CB9E748}.Debug|x86.Build.0 = Debug|Any CPU
		{D8BBC9D4-77A8-428F-A77C-AE9D0CB9E748}.Debug|x86.Deploy.0 = Debug|Any CPU
		{D8BBC9D4-77A8-428F-A77C-AE9D0CB9E748}.Release|Any CPU.ActiveCfg = Release|Any CPU
		{D8BBC9D4-77A8-428F-A77C-AE9D0CB9E748}.Release|Any CPU.Build.0 = Release|Any CPU
		{D8BBC9D4-77A8-428F-A77C-AE9D0CB9E748}.Release|Any CPU.Deploy.0 = Release|Any CPU
		{D8BBC9D4-77A8-428F-A77C-AE9D0CB9E748}.Release|ARM.ActiveCfg = Release|Any CPU
		{D8BBC9D4-77A8-428F-A77C-AE9D0CB9E748}.Release|ARM.Build.0 = Release|Any CPU
		{D8BBC9D4-77A8-428F-A77C-AE9D0CB9E748}.Release|ARM.Deploy.0 = Release|Any CPU
		{D8BBC9D4-77A8-428F-A77C-AE9D0CB9E748}.Release|iPhone.ActiveCfg = Release|Any CPU
		{D8BBC9D4-77A8-428F-A77C-AE9D0CB9E748}.Release|iPhone.Build.0 = Release|Any CPU
		{D8BBC9D4-77A8-428F-A77C-AE9D0CB9E748}.Release|iPhone.Deploy.0 = Release|Any CPU
		{D8BBC9D4-77A8-428F-A77C-AE9D0CB9E748}.Release|iPhoneSimulator.ActiveCfg = Release|Any CPU
		{D8BBC9D4-77A8-428F-A77C-AE9D0CB9E748}.Release|iPhoneSimulator.Build.0 = Release|Any CPU
		{D8BBC9D4-77A8-428F-A77C-AE9D0CB9E748}.Release|iPhoneSimulator.Deploy.0 = Release|Any CPU
		{D8BBC9D4-77A8-428F-A77C-AE9D0CB9E748}.Release|x64.ActiveCfg = Release|Any CPU
		{D8BBC9D4-77A8-428F-A77C-AE9D0CB9E748}.Release|x64.Build.0 = Release|Any CPU
		{D8BBC9D4-77A8-428F-A77C-AE9D0CB9E748}.Release|x64.Deploy.0 = Release|Any CPU
		{D8BBC9D4-77A8-428F-A77C-AE9D0CB9E748}.Release|x86.ActiveCfg = Release|Any CPU
		{D8BBC9D4-77A8-428F-A77C-AE9D0CB9E748}.Release|x86.Build.0 = Release|Any CPU
		{D8BBC9D4-77A8-428F-A77C-AE9D0CB9E748}.Release|x86.Deploy.0 = Release|Any CPU
		{E10583BD-F557-4C77-908F-61960C2A16FF}.Ad-Hoc|Any CPU.ActiveCfg = Release|Any CPU
		{E10583BD-F557-4C77-908F-61960C2A16FF}.Ad-Hoc|Any CPU.Build.0 = Release|Any CPU
		{E10583BD-F557-4C77-908F-61960C2A16FF}.Ad-Hoc|ARM.ActiveCfg = Release|Any CPU
		{E10583BD-F557-4C77-908F-61960C2A16FF}.Ad-Hoc|ARM.Build.0 = Release|Any CPU
		{E10583BD-F557-4C77-908F-61960C2A16FF}.Ad-Hoc|iPhone.ActiveCfg = Release|Any CPU
		{E10583BD-F557-4C77-908F-61960C2A16FF}.Ad-Hoc|iPhone.Build.0 = Release|Any CPU
		{E10583BD-F557-4C77-908F-61960C2A16FF}.Ad-Hoc|iPhoneSimulator.ActiveCfg = Release|Any CPU
		{E10583BD-F557-4C77-908F-61960C2A16FF}.Ad-Hoc|iPhoneSimulator.Build.0 = Release|Any CPU
		{E10583BD-F557-4C77-908F-61960C2A16FF}.Ad-Hoc|x64.ActiveCfg = Release|Any CPU
		{E10583BD-F557-4C77-908F-61960C2A16FF}.Ad-Hoc|x64.Build.0 = Release|Any CPU
		{E10583BD-F557-4C77-908F-61960C2A16FF}.Ad-Hoc|x86.ActiveCfg = Release|Any CPU
		{E10583BD-F557-4C77-908F-61960C2A16FF}.Ad-Hoc|x86.Build.0 = Release|Any CPU
		{E10583BD-F557-4C77-908F-61960C2A16FF}.AppStore|Any CPU.ActiveCfg = Release|Any CPU
		{E10583BD-F557-4C77-908F-61960C2A16FF}.AppStore|Any CPU.Build.0 = Release|Any CPU
		{E10583BD-F557-4C77-908F-61960C2A16FF}.AppStore|ARM.ActiveCfg = Release|Any CPU
		{E10583BD-F557-4C77-908F-61960C2A16FF}.AppStore|ARM.Build.0 = Release|Any CPU
		{E10583BD-F557-4C77-908F-61960C2A16FF}.AppStore|iPhone.ActiveCfg = Release|Any CPU
		{E10583BD-F557-4C77-908F-61960C2A16FF}.AppStore|iPhone.Build.0 = Release|Any CPU
		{E10583BD-F557-4C77-908F-61960C2A16FF}.AppStore|iPhoneSimulator.ActiveCfg = Release|Any CPU
		{E10583BD-F557-4C77-908F-61960C2A16FF}.AppStore|iPhoneSimulator.Build.0 = Release|Any CPU
		{E10583BD-F557-4C77-908F-61960C2A16FF}.AppStore|x64.ActiveCfg = Release|Any CPU
		{E10583BD-F557-4C77-908F-61960C2A16FF}.AppStore|x64.Build.0 = Release|Any CPU
		{E10583BD-F557-4C77-908F-61960C2A16FF}.AppStore|x86.ActiveCfg = Release|Any CPU
		{E10583BD-F557-4C77-908F-61960C2A16FF}.AppStore|x86.Build.0 = Release|Any CPU
		{E10583BD-F557-4C77-908F-61960C2A16FF}.Debug|Any CPU.ActiveCfg = Debug|Any CPU
		{E10583BD-F557-4C77-908F-61960C2A16FF}.Debug|Any CPU.Build.0 = Debug|Any CPU
		{E10583BD-F557-4C77-908F-61960C2A16FF}.Debug|ARM.ActiveCfg = Debug|Any CPU
		{E10583BD-F557-4C77-908F-61960C2A16FF}.Debug|ARM.Build.0 = Debug|Any CPU
		{E10583BD-F557-4C77-908F-61960C2A16FF}.Debug|iPhone.ActiveCfg = Debug|Any CPU
		{E10583BD-F557-4C77-908F-61960C2A16FF}.Debug|iPhone.Build.0 = Debug|Any CPU
		{E10583BD-F557-4C77-908F-61960C2A16FF}.Debug|iPhoneSimulator.ActiveCfg = Debug|Any CPU
		{E10583BD-F557-4C77-908F-61960C2A16FF}.Debug|iPhoneSimulator.Build.0 = Debug|Any CPU
		{E10583BD-F557-4C77-908F-61960C2A16FF}.Debug|x64.ActiveCfg = Debug|Any CPU
		{E10583BD-F557-4C77-908F-61960C2A16FF}.Debug|x64.Build.0 = Debug|Any CPU
		{E10583BD-F557-4C77-908F-61960C2A16FF}.Debug|x86.ActiveCfg = Debug|Any CPU
		{E10583BD-F557-4C77-908F-61960C2A16FF}.Debug|x86.Build.0 = Debug|Any CPU
		{E10583BD-F557-4C77-908F-61960C2A16FF}.Release|Any CPU.ActiveCfg = Release|Any CPU
		{E10583BD-F557-4C77-908F-61960C2A16FF}.Release|Any CPU.Build.0 = Release|Any CPU
		{E10583BD-F557-4C77-908F-61960C2A16FF}.Release|ARM.ActiveCfg = Release|Any CPU
		{E10583BD-F557-4C77-908F-61960C2A16FF}.Release|ARM.Build.0 = Release|Any CPU
		{E10583BD-F557-4C77-908F-61960C2A16FF}.Release|iPhone.ActiveCfg = Release|Any CPU
		{E10583BD-F557-4C77-908F-61960C2A16FF}.Release|iPhone.Build.0 = Release|Any CPU
		{E10583BD-F557-4C77-908F-61960C2A16FF}.Release|iPhoneSimulator.ActiveCfg = Release|Any CPU
		{E10583BD-F557-4C77-908F-61960C2A16FF}.Release|iPhoneSimulator.Build.0 = Release|Any CPU
		{E10583BD-F557-4C77-908F-61960C2A16FF}.Release|x64.ActiveCfg = Release|Any CPU
		{E10583BD-F557-4C77-908F-61960C2A16FF}.Release|x64.Build.0 = Release|Any CPU
		{E10583BD-F557-4C77-908F-61960C2A16FF}.Release|x86.ActiveCfg = Release|Any CPU
		{E10583BD-F557-4C77-908F-61960C2A16FF}.Release|x86.Build.0 = Release|Any CPU
		{1EDB5795-CA6D-410A-BBFF-72E1B64C0821}.Ad-Hoc|Any CPU.ActiveCfg = Release|Any CPU
		{1EDB5795-CA6D-410A-BBFF-72E1B64C0821}.Ad-Hoc|Any CPU.Build.0 = Release|Any CPU
		{1EDB5795-CA6D-410A-BBFF-72E1B64C0821}.Ad-Hoc|ARM.ActiveCfg = Release|Any CPU
		{1EDB5795-CA6D-410A-BBFF-72E1B64C0821}.Ad-Hoc|ARM.Build.0 = Release|Any CPU
		{1EDB5795-CA6D-410A-BBFF-72E1B64C0821}.Ad-Hoc|iPhone.ActiveCfg = Release|Any CPU
		{1EDB5795-CA6D-410A-BBFF-72E1B64C0821}.Ad-Hoc|iPhone.Build.0 = Release|Any CPU
		{1EDB5795-CA6D-410A-BBFF-72E1B64C0821}.Ad-Hoc|iPhoneSimulator.ActiveCfg = Release|Any CPU
		{1EDB5795-CA6D-410A-BBFF-72E1B64C0821}.Ad-Hoc|iPhoneSimulator.Build.0 = Release|Any CPU
		{1EDB5795-CA6D-410A-BBFF-72E1B64C0821}.Ad-Hoc|x64.ActiveCfg = Release|Any CPU
		{1EDB5795-CA6D-410A-BBFF-72E1B64C0821}.Ad-Hoc|x64.Build.0 = Release|Any CPU
		{1EDB5795-CA6D-410A-BBFF-72E1B64C0821}.Ad-Hoc|x86.ActiveCfg = Release|Any CPU
		{1EDB5795-CA6D-410A-BBFF-72E1B64C0821}.Ad-Hoc|x86.Build.0 = Release|Any CPU
		{1EDB5795-CA6D-410A-BBFF-72E1B64C0821}.AppStore|Any CPU.ActiveCfg = Release|Any CPU
		{1EDB5795-CA6D-410A-BBFF-72E1B64C0821}.AppStore|Any CPU.Build.0 = Release|Any CPU
		{1EDB5795-CA6D-410A-BBFF-72E1B64C0821}.AppStore|ARM.ActiveCfg = Release|Any CPU
		{1EDB5795-CA6D-410A-BBFF-72E1B64C0821}.AppStore|ARM.Build.0 = Release|Any CPU
		{1EDB5795-CA6D-410A-BBFF-72E1B64C0821}.AppStore|iPhone.ActiveCfg = Release|Any CPU
		{1EDB5795-CA6D-410A-BBFF-72E1B64C0821}.AppStore|iPhone.Build.0 = Release|Any CPU
		{1EDB5795-CA6D-410A-BBFF-72E1B64C0821}.AppStore|iPhoneSimulator.ActiveCfg = Release|Any CPU
		{1EDB5795-CA6D-410A-BBFF-72E1B64C0821}.AppStore|iPhoneSimulator.Build.0 = Release|Any CPU
		{1EDB5795-CA6D-410A-BBFF-72E1B64C0821}.AppStore|x64.ActiveCfg = Release|Any CPU
		{1EDB5795-CA6D-410A-BBFF-72E1B64C0821}.AppStore|x64.Build.0 = Release|Any CPU
		{1EDB5795-CA6D-410A-BBFF-72E1B64C0821}.AppStore|x86.ActiveCfg = Release|Any CPU
		{1EDB5795-CA6D-410A-BBFF-72E1B64C0821}.AppStore|x86.Build.0 = Release|Any CPU
		{1EDB5795-CA6D-410A-BBFF-72E1B64C0821}.Debug|Any CPU.ActiveCfg = Debug|Any CPU
		{1EDB5795-CA6D-410A-BBFF-72E1B64C0821}.Debug|Any CPU.Build.0 = Debug|Any CPU
		{1EDB5795-CA6D-410A-BBFF-72E1B64C0821}.Debug|ARM.ActiveCfg = Debug|Any CPU
		{1EDB5795-CA6D-410A-BBFF-72E1B64C0821}.Debug|ARM.Build.0 = Debug|Any CPU
		{1EDB5795-CA6D-410A-BBFF-72E1B64C0821}.Debug|iPhone.ActiveCfg = Debug|Any CPU
		{1EDB5795-CA6D-410A-BBFF-72E1B64C0821}.Debug|iPhone.Build.0 = Debug|Any CPU
		{1EDB5795-CA6D-410A-BBFF-72E1B64C0821}.Debug|iPhoneSimulator.ActiveCfg = Debug|Any CPU
		{1EDB5795-CA6D-410A-BBFF-72E1B64C0821}.Debug|iPhoneSimulator.Build.0 = Debug|Any CPU
		{1EDB5795-CA6D-410A-BBFF-72E1B64C0821}.Debug|x64.ActiveCfg = Debug|Any CPU
		{1EDB5795-CA6D-410A-BBFF-72E1B64C0821}.Debug|x64.Build.0 = Debug|Any CPU
		{1EDB5795-CA6D-410A-BBFF-72E1B64C0821}.Debug|x86.ActiveCfg = Debug|Any CPU
		{1EDB5795-CA6D-410A-BBFF-72E1B64C0821}.Debug|x86.Build.0 = Debug|Any CPU
		{1EDB5795-CA6D-410A-BBFF-72E1B64C0821}.Release|Any CPU.ActiveCfg = Release|Any CPU
		{1EDB5795-CA6D-410A-BBFF-72E1B64C0821}.Release|Any CPU.Build.0 = Release|Any CPU
		{1EDB5795-CA6D-410A-BBFF-72E1B64C0821}.Release|ARM.ActiveCfg = Release|Any CPU
		{1EDB5795-CA6D-410A-BBFF-72E1B64C0821}.Release|ARM.Build.0 = Release|Any CPU
		{1EDB5795-CA6D-410A-BBFF-72E1B64C0821}.Release|iPhone.ActiveCfg = Release|Any CPU
		{1EDB5795-CA6D-410A-BBFF-72E1B64C0821}.Release|iPhone.Build.0 = Release|Any CPU
		{1EDB5795-CA6D-410A-BBFF-72E1B64C0821}.Release|iPhoneSimulator.ActiveCfg = Release|Any CPU
		{1EDB5795-CA6D-410A-BBFF-72E1B64C0821}.Release|iPhoneSimulator.Build.0 = Release|Any CPU
		{1EDB5795-CA6D-410A-BBFF-72E1B64C0821}.Release|x64.ActiveCfg = Release|Any CPU
		{1EDB5795-CA6D-410A-BBFF-72E1B64C0821}.Release|x64.Build.0 = Release|Any CPU
		{1EDB5795-CA6D-410A-BBFF-72E1B64C0821}.Release|x86.ActiveCfg = Release|Any CPU
		{1EDB5795-CA6D-410A-BBFF-72E1B64C0821}.Release|x86.Build.0 = Release|Any CPU
	EndGlobalSection
	GlobalSection(SolutionProperties) = preSolution
		HideSolutionNode = FALSE
	EndGlobalSection
	GlobalSection(NestedProjects) = preSolution
		{C0477BA2-9B12-4D23-9FF4-E9B06FFD706D} = {7394AEA0-435F-40A3-8D9A-5F5613C8E077}
		{6446AC5E-FE0D-44CE-AFD2-AD745431E40C} = {7394AEA0-435F-40A3-8D9A-5F5613C8E077}
		{68FF6952-3334-470C-9F8A-52A7280FDDEE} = {BC581BF3-DC27-4987-A782-AC10C084475F}
		{69C02C88-ECBF-43ED-935B-CD36C60223AC} = {D7C91E04-4A7E-47E0-922A-4355CC09F9E5}
		{4742382E-734B-48D7-B132-44239C563204} = {EF377E3D-2EA7-476C-8710-AA2D03F396B7}
		{3F49782D-9777-46A0-8C2D-66F08FD80576} = {EF377E3D-2EA7-476C-8710-AA2D03F396B7}
		{E15EB742-D35B-435E-89B4-F5AA620FBA5E} = {4742382E-734B-48D7-B132-44239C563204}
		{E1169BB5-5DA1-4BFC-9F2E-313538178A73} = {3F49782D-9777-46A0-8C2D-66F08FD80576}
		{38CD9749-54EB-4C6E-BB44-A212BECAA2D0} = {3F49782D-9777-46A0-8C2D-66F08FD80576}
		{A942A1B1-D1A0-4447-ADDC-D683E733C3E5} = {3F49782D-9777-46A0-8C2D-66F08FD80576}
		{420C052B-634B-4600-AAAF-B7BB5EBC7D62} = {3F49782D-9777-46A0-8C2D-66F08FD80576}
		{A520B2FC-527F-477A-950B-5C49AD87BF39} = {3F49782D-9777-46A0-8C2D-66F08FD80576}
		{C1123965-0FC6-4BDF-A401-312387CDCB5A} = {3F49782D-9777-46A0-8C2D-66F08FD80576}
		{429D5642-B8E9-4354-8C55-D38F942084B8} = {3F49782D-9777-46A0-8C2D-66F08FD80576}
		{BBB973B0-F7B7-4248-940F-5E35CFE0CB0B} = {3F49782D-9777-46A0-8C2D-66F08FD80576}
		{65AA5C18-5C96-4F92-AD56-127B4A5C1073} = {3F49782D-9777-46A0-8C2D-66F08FD80576}
		{D8BBC9D4-77A8-428F-A77C-AE9D0CB9E748} = {7394AEA0-435F-40A3-8D9A-5F5613C8E077}
		{E10583BD-F557-4C77-908F-61960C2A16FF} = {4742382E-734B-48D7-B132-44239C563204}
		{1EDB5795-CA6D-410A-BBFF-72E1B64C0821} = {BC581BF3-DC27-4987-A782-AC10C084475F}
	EndGlobalSection
	GlobalSection(ExtensibilityGlobals) = postSolution
		SolutionGuid = {8FA6583D-78A6-47CA-A623-FEA810A6AA72}
	EndGlobalSection
EndGlobal
